// !$*UTF8*$!
{
	archiveVersion = 1;
	classes = {
	};
	objectVersion = 46;
	objects = {

/* Begin PBXBuildFile section */
		21050A3819741B1900F26E43 /* PublicFunc.m in Sources */ = {isa = PBXBuildFile; fileRef = 21050A3719741B1900F26E43 /* PublicFunc.m */; };
		210564C519695FC1008D3A83 /* ContactListTableViewController.m in Sources */ = {isa = PBXBuildFile; fileRef = 2105646819695FC0008D3A83 /* ContactListTableViewController.m */; };
		210564C619695FC1008D3A83 /* ContactViewController.m in Sources */ = {isa = PBXBuildFile; fileRef = 2105646A19695FC0008D3A83 /* ContactViewController.m */; };
		210564C719695FC1008D3A83 /* ContactViewController.xib in Resources */ = {isa = PBXBuildFile; fileRef = 2105646B19695FC0008D3A83 /* ContactViewController.xib */; };
		210564C819695FC1008D3A83 /* CustomStatusViewController.m in Sources */ = {isa = PBXBuildFile; fileRef = 2105646D19695FC0008D3A83 /* CustomStatusViewController.m */; };
		210564C919695FC1008D3A83 /* CustomStatusViewController.xib in Resources */ = {isa = PBXBuildFile; fileRef = 2105646E19695FC0008D3A83 /* CustomStatusViewController.xib */; };
		210564CC19695FC1008D3A83 /* MessageListViewController.m in Sources */ = {isa = PBXBuildFile; fileRef = 2105647419695FC0008D3A83 /* MessageListViewController.m */; };
		210564CD19695FC1008D3A83 /* MessageViewController.m in Sources */ = {isa = PBXBuildFile; fileRef = 2105647619695FC0008D3A83 /* MessageViewController.m */; };
		210564CE19695FC1008D3A83 /* SettingViewController.m in Sources */ = {isa = PBXBuildFile; fileRef = 2105647819695FC0008D3A83 /* SettingViewController.m */; };
		210564CF19695FC1008D3A83 /* SettingViewController.xib in Resources */ = {isa = PBXBuildFile; fileRef = 2105647919695FC0008D3A83 /* SettingViewController.xib */; };
		210564D019695FC1008D3A83 /* JSBubbleMessageCell.m in Sources */ = {isa = PBXBuildFile; fileRef = 2105647D19695FC0008D3A83 /* JSBubbleMessageCell.m */; };
		210564D119695FC1008D3A83 /* JSBubbleView.m in Sources */ = {isa = PBXBuildFile; fileRef = 2105647F19695FC0008D3A83 /* JSBubbleView.m */; };
		210564D219695FC1008D3A83 /* JSDismissiveTextView.m in Sources */ = {isa = PBXBuildFile; fileRef = 2105648119695FC0008D3A83 /* JSDismissiveTextView.m */; };
		210564D319695FC1008D3A83 /* JSMessageInputView.m in Sources */ = {isa = PBXBuildFile; fileRef = 2105648319695FC0008D3A83 /* JSMessageInputView.m */; };
		210564D419695FC1008D3A83 /* JSMessageSoundEffect.m in Sources */ = {isa = PBXBuildFile; fileRef = 2105648519695FC0008D3A83 /* JSMessageSoundEffect.m */; };
		210564D619695FC1008D3A83 /* JSMessageTextView.m in Sources */ = {isa = PBXBuildFile; fileRef = 2105648919695FC0008D3A83 /* JSMessageTextView.m */; };
		210564D719695FC1008D3A83 /* NSString+JSMessagesView.m in Sources */ = {isa = PBXBuildFile; fileRef = 2105648B19695FC0008D3A83 /* NSString+JSMessagesView.m */; };
		210564F619695FC1008D3A83 /* bubble-typing.png in Resources */ = {isa = PBXBuildFile; fileRef = 210564AC19695FC1008D3A83 /* bubble-typing.png */; };
		210564F719695FC1008D3A83 /* bubble-typing@2x.png in Resources */ = {isa = PBXBuildFile; fileRef = 210564AD19695FC1008D3A83 /* bubble-typing@2x.png */; };
		210564F819695FC1008D3A83 /* input-bar-flat.png in Resources */ = {isa = PBXBuildFile; fileRef = 210564AE19695FC1008D3A83 /* input-bar-flat.png */; };
		210564F919695FC1008D3A83 /* input-bar-flat@2x.png in Resources */ = {isa = PBXBuildFile; fileRef = 210564AF19695FC1008D3A83 /* input-bar-flat@2x.png */; };
		210564FA19695FC1008D3A83 /* input-bar.png in Resources */ = {isa = PBXBuildFile; fileRef = 210564B019695FC1008D3A83 /* input-bar.png */; };
		210564FB19695FC1008D3A83 /* input-bar@2x.png in Resources */ = {isa = PBXBuildFile; fileRef = 210564B119695FC1008D3A83 /* input-bar@2x.png */; };
		210564FC19695FC1008D3A83 /* input-field.png in Resources */ = {isa = PBXBuildFile; fileRef = 210564B219695FC1008D3A83 /* input-field.png */; };
		210564FD19695FC1008D3A83 /* input-field@2x.png in Resources */ = {isa = PBXBuildFile; fileRef = 210564B319695FC1008D3A83 /* input-field@2x.png */; };
		210564FE19695FC1008D3A83 /* PhotoIcon.png in Resources */ = {isa = PBXBuildFile; fileRef = 210564B419695FC1008D3A83 /* PhotoIcon.png */; };
		210564FF19695FC1008D3A83 /* PhotoIcon@2x.png in Resources */ = {isa = PBXBuildFile; fileRef = 210564B519695FC1008D3A83 /* PhotoIcon@2x.png */; };
		2105650019695FC1008D3A83 /* send-highlighted.png in Resources */ = {isa = PBXBuildFile; fileRef = 210564B619695FC1008D3A83 /* send-highlighted.png */; };
		2105650119695FC1008D3A83 /* send-highlighted@2x.png in Resources */ = {isa = PBXBuildFile; fileRef = 210564B719695FC1008D3A83 /* send-highlighted@2x.png */; };
		2105650219695FC1008D3A83 /* send.png in Resources */ = {isa = PBXBuildFile; fileRef = 210564B819695FC1008D3A83 /* send.png */; };
		2105650319695FC1008D3A83 /* send@2x.png in Resources */ = {isa = PBXBuildFile; fileRef = 210564B919695FC1008D3A83 /* send@2x.png */; };
		2105650419695FC1008D3A83 /* messageReceived.aiff in Resources */ = {isa = PBXBuildFile; fileRef = 210564BB19695FC1008D3A83 /* messageReceived.aiff */; };
		2105650519695FC1008D3A83 /* messageSent.aiff in Resources */ = {isa = PBXBuildFile; fileRef = 210564BC19695FC1008D3A83 /* messageSent.aiff */; };
		2105650619695FC1008D3A83 /* UIButton+JSMessagesView.m in Sources */ = {isa = PBXBuildFile; fileRef = 210564BE19695FC1008D3A83 /* UIButton+JSMessagesView.m */; };
		2105650719695FC1008D3A83 /* UIColor+JSMessagesView.m in Sources */ = {isa = PBXBuildFile; fileRef = 210564C019695FC1008D3A83 /* UIColor+JSMessagesView.m */; };
		2105650819695FC1008D3A83 /* UIImage+JSMessagesView.m in Sources */ = {isa = PBXBuildFile; fileRef = 210564C219695FC1008D3A83 /* UIImage+JSMessagesView.m */; };
		2105650919695FC1008D3A83 /* UIView+AnimationOptionsForCurve.m in Sources */ = {isa = PBXBuildFile; fileRef = 210564C419695FC1008D3A83 /* UIView+AnimationOptionsForCurve.m */; };
		2105650E1969839F008D3A83 /* ConversationHeadButtonView.m in Sources */ = {isa = PBXBuildFile; fileRef = 2105650C1969839F008D3A83 /* ConversationHeadButtonView.m */; };
		2105650F1969839F008D3A83 /* ConversationHeadButtonView.xib in Resources */ = {isa = PBXBuildFile; fileRef = 2105650D1969839F008D3A83 /* ConversationHeadButtonView.xib */; };
		21150CA0196F78A5009DE9DE /* User.m in Sources */ = {isa = PBXBuildFile; fileRef = 21150C9B196F78A5009DE9DE /* User.m */; };
		21150CA1196F78A5009DE9DE /* UserDB.m in Sources */ = {isa = PBXBuildFile; fileRef = 21150C9D196F78A5009DE9DE /* UserDB.m */; };
		21150CA2196F78A5009DE9DE /* UserPresent.m in Sources */ = {isa = PBXBuildFile; fileRef = 21150C9F196F78A5009DE9DE /* UserPresent.m */; };
		21150CA5196F78C8009DE9DE /* PhoneNumber.m in Sources */ = {isa = PBXBuildFile; fileRef = 21150CA4196F78C8009DE9DE /* PhoneNumber.m */; };
		21150CAA196F7910009DE9DE /* Config.m in Sources */ = {isa = PBXBuildFile; fileRef = 21150CA7196F7910009DE9DE /* Config.m */; };
		21150CAB196F7910009DE9DE /* Token.m in Sources */ = {isa = PBXBuildFile; fileRef = 21150CA9196F7910009DE9DE /* Token.m */; };
		21150CAE196F79AA009DE9DE /* TAHttpOperation.m in Sources */ = {isa = PBXBuildFile; fileRef = 21150CAD196F79AA009DE9DE /* TAHttpOperation.m */; };
		2119FE731962AD7700E23B4F /* libsqlite3.0.dylib in Frameworks */ = {isa = PBXBuildFile; fileRef = 2119FE721962AD7700E23B4F /* libsqlite3.0.dylib */; };
		212F28FC197BF6420066A166 /* MessageTableSectionHeaderView.m in Sources */ = {isa = PBXBuildFile; fileRef = 212F28FA197BF6420066A166 /* MessageTableSectionHeaderView.m */; };
		212F28FD197BF6420066A166 /* MessageTableSectionHeaderView.xib in Resources */ = {isa = PBXBuildFile; fileRef = 212F28FB197BF6420066A166 /* MessageTableSectionHeaderView.xib */; };
		2142CB62196268860002E4A9 /* ABContact.m in Sources */ = {isa = PBXBuildFile; fileRef = 2142CB54196268860002E4A9 /* ABContact.m */; };
		2142CB69196268860002E4A9 /* pinyin.c in Sources */ = {isa = PBXBuildFile; fileRef = 2142CB60196268860002E4A9 /* pinyin.c */; };
		2157372919850AEE0071C2EF /* ContactHeaderView.m in Sources */ = {isa = PBXBuildFile; fileRef = 2157372819850AEE0071C2EF /* ContactHeaderView.m */; };
		2157372B19850B100071C2EF /* ContactHeaderView.xib in Resources */ = {isa = PBXBuildFile; fileRef = 2157372A19850B100071C2EF /* ContactHeaderView.xib */; };
		2157372F19850D550071C2EF /* ContactIMUserTableViewCell.m in Sources */ = {isa = PBXBuildFile; fileRef = 2157372D19850D550071C2EF /* ContactIMUserTableViewCell.m */; };
		2157373019850D550071C2EF /* ContactIMUserTableViewCell.xib in Resources */ = {isa = PBXBuildFile; fileRef = 2157372E19850D550071C2EF /* ContactIMUserTableViewCell.xib */; };
		21573734198531A40071C2EF /* ContactPhoneTableViewCell.m in Sources */ = {isa = PBXBuildFile; fileRef = 21573732198531A40071C2EF /* ContactPhoneTableViewCell.m */; };
		21573735198531A40071C2EF /* ContactPhoneTableViewCell.xib in Resources */ = {isa = PBXBuildFile; fileRef = 21573733198531A40071C2EF /* ContactPhoneTableViewCell.xib */; };
		217261981954155000F09E33 /* AddressBook.framework in Frameworks */ = {isa = PBXBuildFile; fileRef = 217261971954155000F09E33 /* AddressBook.framework */; };
		2172619A1954155500F09E33 /* AddressBookUI.framework in Frameworks */ = {isa = PBXBuildFile; fileRef = 217261991954155500F09E33 /* AddressBookUI.framework */; };
		217261AD1954173200F09E33 /* InfoPlist.strings in Resources */ = {isa = PBXBuildFile; fileRef = 217261AB1954173200F09E33 /* InfoPlist.strings */; };
		2173C0A319668C4800BC3BDF /* libxml2.2.dylib in Frameworks */ = {isa = PBXBuildFile; fileRef = 2173C09F19668B8800BC3BDF /* libxml2.2.dylib */; };
		2173C66119738745004A88A5 /* MKAnnotationView+WebCache.m in Sources */ = {isa = PBXBuildFile; fileRef = 2173C64519738745004A88A5 /* MKAnnotationView+WebCache.m */; };
		2173C66219738745004A88A5 /* NSData+GIF.m in Sources */ = {isa = PBXBuildFile; fileRef = 2173C64719738745004A88A5 /* NSData+GIF.m */; };
		2173C66319738745004A88A5 /* SDImageCache.m in Sources */ = {isa = PBXBuildFile; fileRef = 2173C64919738745004A88A5 /* SDImageCache.m */; };
		2173C66419738745004A88A5 /* SDWebImageCompat.m in Sources */ = {isa = PBXBuildFile; fileRef = 2173C64B19738745004A88A5 /* SDWebImageCompat.m */; };
		2173C66519738745004A88A5 /* SDWebImageDecoder.m in Sources */ = {isa = PBXBuildFile; fileRef = 2173C64D19738745004A88A5 /* SDWebImageDecoder.m */; };
		2173C66619738745004A88A5 /* SDWebImageDownloader.m in Sources */ = {isa = PBXBuildFile; fileRef = 2173C64F19738745004A88A5 /* SDWebImageDownloader.m */; };
		2173C66719738745004A88A5 /* SDWebImageDownloaderOperation.m in Sources */ = {isa = PBXBuildFile; fileRef = 2173C65119738745004A88A5 /* SDWebImageDownloaderOperation.m */; };
		2173C66819738745004A88A5 /* SDWebImageManager.m in Sources */ = {isa = PBXBuildFile; fileRef = 2173C65319738745004A88A5 /* SDWebImageManager.m */; };
		2173C66919738745004A88A5 /* SDWebImagePrefetcher.m in Sources */ = {isa = PBXBuildFile; fileRef = 2173C65619738745004A88A5 /* SDWebImagePrefetcher.m */; };
		2173C66A19738745004A88A5 /* UIButton+WebCache.m in Sources */ = {isa = PBXBuildFile; fileRef = 2173C65819738745004A88A5 /* UIButton+WebCache.m */; };
		2173C66B19738745004A88A5 /* UIImage+GIF.m in Sources */ = {isa = PBXBuildFile; fileRef = 2173C65A19738745004A88A5 /* UIImage+GIF.m */; };
		2173C66C19738745004A88A5 /* UIImage+MultiFormat.m in Sources */ = {isa = PBXBuildFile; fileRef = 2173C65C19738745004A88A5 /* UIImage+MultiFormat.m */; };
		2173C66D19738745004A88A5 /* UIImage+WebP.m in Sources */ = {isa = PBXBuildFile; fileRef = 2173C65E19738745004A88A5 /* UIImage+WebP.m */; };
		2173C66E19738745004A88A5 /* UIImageView+WebCache.m in Sources */ = {isa = PBXBuildFile; fileRef = 2173C66019738745004A88A5 /* UIImageView+WebCache.m */; };
		21798F97194E9C4600B67C1F /* Foundation.framework in Frameworks */ = {isa = PBXBuildFile; fileRef = 21798F96194E9C4600B67C1F /* Foundation.framework */; };
		21798F99194E9C4600B67C1F /* CoreGraphics.framework in Frameworks */ = {isa = PBXBuildFile; fileRef = 21798F98194E9C4600B67C1F /* CoreGraphics.framework */; };
		21798F9B194E9C4600B67C1F /* UIKit.framework in Frameworks */ = {isa = PBXBuildFile; fileRef = 21798F9A194E9C4600B67C1F /* UIKit.framework */; };
		21798FA1194E9C4600B67C1F /* InfoPlist.strings in Resources */ = {isa = PBXBuildFile; fileRef = 21798F9F194E9C4600B67C1F /* InfoPlist.strings */; };
		21798FA3194E9C4600B67C1F /* main.m in Sources */ = {isa = PBXBuildFile; fileRef = 21798FA2194E9C4600B67C1F /* main.m */; };
		21798FA7194E9C4600B67C1F /* AppDelegate.m in Sources */ = {isa = PBXBuildFile; fileRef = 21798FA6194E9C4600B67C1F /* AppDelegate.m */; };
		21798FA9194E9C4600B67C1F /* Images.xcassets in Resources */ = {isa = PBXBuildFile; fileRef = 21798FA8194E9C4600B67C1F /* Images.xcassets */; };
		21798FB0194E9C4600B67C1F /* XCTest.framework in Frameworks */ = {isa = PBXBuildFile; fileRef = 21798FAF194E9C4600B67C1F /* XCTest.framework */; };
		21798FB1194E9C4600B67C1F /* Foundation.framework in Frameworks */ = {isa = PBXBuildFile; fileRef = 21798F96194E9C4600B67C1F /* Foundation.framework */; };
		21798FB2194E9C4600B67C1F /* UIKit.framework in Frameworks */ = {isa = PBXBuildFile; fileRef = 21798F9A194E9C4600B67C1F /* UIKit.framework */; };
		21798FBA194E9C4600B67C1F /* InfoPlist.strings in Resources */ = {isa = PBXBuildFile; fileRef = 21798FB8194E9C4600B67C1F /* InfoPlist.strings */; };
		21798FBC194E9C4600B67C1F /* MessageTests.m in Sources */ = {isa = PBXBuildFile; fileRef = 21798FBB194E9C4600B67C1F /* MessageTests.m */; };
		217F2C30196D62680064F478 /* MessageShowThePotraitViewController.m in Sources */ = {isa = PBXBuildFile; fileRef = 217F2C2F196D62680064F478 /* MessageShowThePotraitViewController.m */; };
		21F419E01981493000934ACA /* customStatus.plist in Resources */ = {isa = PBXBuildFile; fileRef = 21F419DF1981493000934ACA /* customStatus.plist */; };
		21FCF22E1968659C00DFA0E5 /* ContactDB.m in Sources */ = {isa = PBXBuildFile; fileRef = 21FCF22D1968659C00DFA0E5 /* ContactDB.m */; };
		21FCF2381968E6A500DFA0E5 /* MessageConversationCell.m in Sources */ = {isa = PBXBuildFile; fileRef = 21FCF2361968E6A500DFA0E5 /* MessageConversationCell.m */; };
		21FCF2391968E6A500DFA0E5 /* MessageConversationCell.xib in Resources */ = {isa = PBXBuildFile; fileRef = 21FCF2371968E6A500DFA0E5 /* MessageConversationCell.xib */; };
		21FCF23D1968E6E600DFA0E5 /* MessageGroupConversationCell.m in Sources */ = {isa = PBXBuildFile; fileRef = 21FCF23B1968E6E600DFA0E5 /* MessageGroupConversationCell.m */; };
		21FCF23E1968E6E600DFA0E5 /* MessageGroupConversationCell.xib in Resources */ = {isa = PBXBuildFile; fileRef = 21FCF23C1968E6E600DFA0E5 /* MessageGroupConversationCell.xib */; };
		6D0D76821967B8AC0058DECF /* AsyncTCP.m in Sources */ = {isa = PBXBuildFile; fileRef = 6D0D76771967B8AC0058DECF /* AsyncTCP.m */; };
		6D0D76841967B8AC0058DECF /* IMService.m in Sources */ = {isa = PBXBuildFile; fileRef = 6D0D767B1967B8AC0058DECF /* IMService.m */; };
		6D0D76851967B8AC0058DECF /* Message.m in Sources */ = {isa = PBXBuildFile; fileRef = 6D0D767D1967B8AC0058DECF /* Message.m */; };
		6D0D76871967B8AC0058DECF /* util.c in Sources */ = {isa = PBXBuildFile; fileRef = 6D0D76801967B8AC0058DECF /* util.c */; };
		6D0D76A9196910130058DECF /* IMContact.m in Sources */ = {isa = PBXBuildFile; fileRef = 6D0D76A8196910130058DECF /* IMContact.m */; };
		6D11C72F19BB3D3F00E67389 /* APITests.m in Sources */ = {isa = PBXBuildFile; fileRef = 6D11C72E19BB3D3F00E67389 /* APITests.m */; };
		6D32393A19BD6482005A00B2 /* MessageInputView.m in Sources */ = {isa = PBXBuildFile; fileRef = 6D32393919BD6482005A00B2 /* MessageInputView.m */; };
		6D32393C19BD79C7005A00B2 /* AVFoundation.framework in Frameworks */ = {isa = PBXBuildFile; fileRef = 6D32393B19BD79C7005A00B2 /* AVFoundation.framework */; };
		6D32394019BD962C005A00B2 /* FileCache.m in Sources */ = {isa = PBXBuildFile; fileRef = 6D32393F19BD962C005A00B2 /* FileCache.m */; };
		6D762156197ECA9300B690D7 /* Group.m in Sources */ = {isa = PBXBuildFile; fileRef = 6D762145197ECA9300B690D7 /* Group.m */; };
		6D762157197ECA9300B690D7 /* GroupDB.m in Sources */ = {isa = PBXBuildFile; fileRef = 6D762147197ECA9300B690D7 /* GroupDB.m */; };
		6D762158197ECA9300B690D7 /* GroupMessageDB.m in Sources */ = {isa = PBXBuildFile; fileRef = 6D762149197ECA9300B690D7 /* GroupMessageDB.m */; };
		6D762159197ECA9300B690D7 /* GroupMessageHandler.m in Sources */ = {isa = PBXBuildFile; fileRef = 6D76214B197ECA9300B690D7 /* GroupMessageHandler.m */; };
		6D76215A197ECA9300B690D7 /* IMessage.m in Sources */ = {isa = PBXBuildFile; fileRef = 6D76214D197ECA9300B690D7 /* IMessage.m */; };
		6D76215B197ECA9300B690D7 /* LevelDB.mm in Sources */ = {isa = PBXBuildFile; fileRef = 6D76214F197ECA9300B690D7 /* LevelDB.mm */; };
		6D76215C197ECA9300B690D7 /* PeerMessageDB.m in Sources */ = {isa = PBXBuildFile; fileRef = 6D762151197ECA9300B690D7 /* PeerMessageDB.m */; };
		6D76215D197ECA9300B690D7 /* PeerMessageHandler.m in Sources */ = {isa = PBXBuildFile; fileRef = 6D762153197ECA9300B690D7 /* PeerMessageHandler.m */; };
		6D76215E197ECA9300B690D7 /* ReverseFile.m in Sources */ = {isa = PBXBuildFile; fileRef = 6D762155197ECA9300B690D7 /* ReverseFile.m */; };
		6D762161197ECAE800B690D7 /* MessageDB.m in Sources */ = {isa = PBXBuildFile; fileRef = 6D762160197ECAE800B690D7 /* MessageDB.m */; };
		6D7621651981626900B690D7 /* libleveldb.a in Frameworks */ = {isa = PBXBuildFile; fileRef = 6D7621641981626900B690D7 /* libleveldb.a */; };
		6D76216819834DA100B690D7 /* MBProgressHUD.m in Sources */ = {isa = PBXBuildFile; fileRef = 6D76216719834DA100B690D7 /* MBProgressHUD.m */; };
		6D76216B19835F1000B690D7 /* APIRequest.m in Sources */ = {isa = PBXBuildFile; fileRef = 6D76216A19835F1000B690D7 /* APIRequest.m */; };
		6D76216F198362DE00B690D7 /* LoginViewController.m in Sources */ = {isa = PBXBuildFile; fileRef = 6D76216D198362DE00B690D7 /* LoginViewController.m */; };
		6D762170198362DE00B690D7 /* LoginViewController.xib in Resources */ = {isa = PBXBuildFile; fileRef = 6D76216E198362DE00B690D7 /* LoginViewController.xib */; };
		6D776315197B6D6B0090D511 /* MainTabBarController.m in Sources */ = {isa = PBXBuildFile; fileRef = 6D776314197B6D6B0090D511 /* MainTabBarController.m */; };
/* End PBXBuildFile section */

/* Begin PBXContainerItemProxy section */
		21798FB3194E9C4600B67C1F /* PBXContainerItemProxy */ = {
			isa = PBXContainerItemProxy;
			containerPortal = 21798F8B194E9C4600B67C1F /* Project object */;
			proxyType = 1;
			remoteGlobalIDString = 21798F92194E9C4600B67C1F;
			remoteInfo = Message;
		};
/* End PBXContainerItemProxy section */

/* Begin PBXFileReference section */
		21050A3619741B1900F26E43 /* PublicFunc.h */ = {isa = PBXFileReference; fileEncoding = 4; lastKnownFileType = sourcecode.c.h; path = PublicFunc.h; sourceTree = "<group>"; };
		21050A3719741B1900F26E43 /* PublicFunc.m */ = {isa = PBXFileReference; fileEncoding = 4; lastKnownFileType = sourcecode.c.objc; path = PublicFunc.m; sourceTree = "<group>"; };
		2105646719695FC0008D3A83 /* ContactListTableViewController.h */ = {isa = PBXFileReference; fileEncoding = 4; lastKnownFileType = sourcecode.c.h; path = ContactListTableViewController.h; sourceTree = "<group>"; };
		2105646819695FC0008D3A83 /* ContactListTableViewController.m */ = {isa = PBXFileReference; fileEncoding = 4; lastKnownFileType = sourcecode.c.objc; path = ContactListTableViewController.m; sourceTree = "<group>"; };
		2105646919695FC0008D3A83 /* ContactViewController.h */ = {isa = PBXFileReference; fileEncoding = 4; lastKnownFileType = sourcecode.c.h; path = ContactViewController.h; sourceTree = "<group>"; };
		2105646A19695FC0008D3A83 /* ContactViewController.m */ = {isa = PBXFileReference; fileEncoding = 4; lastKnownFileType = sourcecode.c.objc; path = ContactViewController.m; sourceTree = "<group>"; };
		2105646B19695FC0008D3A83 /* ContactViewController.xib */ = {isa = PBXFileReference; fileEncoding = 4; lastKnownFileType = file.xib; path = ContactViewController.xib; sourceTree = "<group>"; };
		2105646C19695FC0008D3A83 /* CustomStatusViewController.h */ = {isa = PBXFileReference; fileEncoding = 4; lastKnownFileType = sourcecode.c.h; path = CustomStatusViewController.h; sourceTree = "<group>"; };
		2105646D19695FC0008D3A83 /* CustomStatusViewController.m */ = {isa = PBXFileReference; fileEncoding = 4; lastKnownFileType = sourcecode.c.objc; path = CustomStatusViewController.m; sourceTree = "<group>"; };
		2105646E19695FC0008D3A83 /* CustomStatusViewController.xib */ = {isa = PBXFileReference; fileEncoding = 4; lastKnownFileType = file.xib; path = CustomStatusViewController.xib; sourceTree = "<group>"; };
		2105647319695FC0008D3A83 /* MessageListViewController.h */ = {isa = PBXFileReference; fileEncoding = 4; lastKnownFileType = sourcecode.c.h; path = MessageListViewController.h; sourceTree = "<group>"; };
		2105647419695FC0008D3A83 /* MessageListViewController.m */ = {isa = PBXFileReference; fileEncoding = 4; lastKnownFileType = sourcecode.c.objc; path = MessageListViewController.m; sourceTree = "<group>"; };
		2105647519695FC0008D3A83 /* MessageViewController.h */ = {isa = PBXFileReference; fileEncoding = 4; lastKnownFileType = sourcecode.c.h; path = MessageViewController.h; sourceTree = "<group>"; };
		2105647619695FC0008D3A83 /* MessageViewController.m */ = {isa = PBXFileReference; fileEncoding = 4; lastKnownFileType = sourcecode.c.objc; path = MessageViewController.m; sourceTree = "<group>"; };
		2105647719695FC0008D3A83 /* SettingViewController.h */ = {isa = PBXFileReference; fileEncoding = 4; lastKnownFileType = sourcecode.c.h; path = SettingViewController.h; sourceTree = "<group>"; };
		2105647819695FC0008D3A83 /* SettingViewController.m */ = {isa = PBXFileReference; fileEncoding = 4; lastKnownFileType = sourcecode.c.objc; path = SettingViewController.m; sourceTree = "<group>"; };
		2105647919695FC0008D3A83 /* SettingViewController.xib */ = {isa = PBXFileReference; fileEncoding = 4; lastKnownFileType = file.xib; path = SettingViewController.xib; sourceTree = "<group>"; };
		2105647C19695FC0008D3A83 /* JSBubbleMessageCell.h */ = {isa = PBXFileReference; fileEncoding = 4; lastKnownFileType = sourcecode.c.h; path = JSBubbleMessageCell.h; sourceTree = "<group>"; };
		2105647D19695FC0008D3A83 /* JSBubbleMessageCell.m */ = {isa = PBXFileReference; fileEncoding = 4; lastKnownFileType = sourcecode.c.objc; path = JSBubbleMessageCell.m; sourceTree = "<group>"; };
		2105647E19695FC0008D3A83 /* JSBubbleView.h */ = {isa = PBXFileReference; fileEncoding = 4; lastKnownFileType = sourcecode.c.h; path = JSBubbleView.h; sourceTree = "<group>"; };
		2105647F19695FC0008D3A83 /* JSBubbleView.m */ = {isa = PBXFileReference; fileEncoding = 4; lastKnownFileType = sourcecode.c.objc; path = JSBubbleView.m; sourceTree = "<group>"; };
		2105648019695FC0008D3A83 /* JSDismissiveTextView.h */ = {isa = PBXFileReference; fileEncoding = 4; lastKnownFileType = sourcecode.c.h; path = JSDismissiveTextView.h; sourceTree = "<group>"; };
		2105648119695FC0008D3A83 /* JSDismissiveTextView.m */ = {isa = PBXFileReference; fileEncoding = 4; lastKnownFileType = sourcecode.c.objc; path = JSDismissiveTextView.m; sourceTree = "<group>"; };
		2105648219695FC0008D3A83 /* JSMessageInputView.h */ = {isa = PBXFileReference; fileEncoding = 4; lastKnownFileType = sourcecode.c.h; path = JSMessageInputView.h; sourceTree = "<group>"; };
		2105648319695FC0008D3A83 /* JSMessageInputView.m */ = {isa = PBXFileReference; fileEncoding = 4; lastKnownFileType = sourcecode.c.objc; path = JSMessageInputView.m; sourceTree = "<group>"; };
		2105648419695FC0008D3A83 /* JSMessageSoundEffect.h */ = {isa = PBXFileReference; fileEncoding = 4; lastKnownFileType = sourcecode.c.h; path = JSMessageSoundEffect.h; sourceTree = "<group>"; };
		2105648519695FC0008D3A83 /* JSMessageSoundEffect.m */ = {isa = PBXFileReference; fileEncoding = 4; lastKnownFileType = sourcecode.c.objc; path = JSMessageSoundEffect.m; sourceTree = "<group>"; };
		2105648819695FC0008D3A83 /* JSMessageTextView.h */ = {isa = PBXFileReference; fileEncoding = 4; lastKnownFileType = sourcecode.c.h; path = JSMessageTextView.h; sourceTree = "<group>"; };
		2105648919695FC0008D3A83 /* JSMessageTextView.m */ = {isa = PBXFileReference; fileEncoding = 4; lastKnownFileType = sourcecode.c.objc; path = JSMessageTextView.m; sourceTree = "<group>"; };
		2105648A19695FC0008D3A83 /* NSString+JSMessagesView.h */ = {isa = PBXFileReference; fileEncoding = 4; lastKnownFileType = sourcecode.c.h; path = "NSString+JSMessagesView.h"; sourceTree = "<group>"; };
		2105648B19695FC0008D3A83 /* NSString+JSMessagesView.m */ = {isa = PBXFileReference; fileEncoding = 4; lastKnownFileType = sourcecode.c.objc; path = "NSString+JSMessagesView.m"; sourceTree = "<group>"; };
		210564AC19695FC1008D3A83 /* bubble-typing.png */ = {isa = PBXFileReference; lastKnownFileType = image.png; path = "bubble-typing.png"; sourceTree = "<group>"; };
		210564AD19695FC1008D3A83 /* bubble-typing@2x.png */ = {isa = PBXFileReference; lastKnownFileType = image.png; path = "bubble-typing@2x.png"; sourceTree = "<group>"; };
		210564AE19695FC1008D3A83 /* input-bar-flat.png */ = {isa = PBXFileReference; lastKnownFileType = image.png; path = "input-bar-flat.png"; sourceTree = "<group>"; };
		210564AF19695FC1008D3A83 /* input-bar-flat@2x.png */ = {isa = PBXFileReference; lastKnownFileType = image.png; path = "input-bar-flat@2x.png"; sourceTree = "<group>"; };
		210564B019695FC1008D3A83 /* input-bar.png */ = {isa = PBXFileReference; lastKnownFileType = image.png; path = "input-bar.png"; sourceTree = "<group>"; };
		210564B119695FC1008D3A83 /* input-bar@2x.png */ = {isa = PBXFileReference; lastKnownFileType = image.png; path = "input-bar@2x.png"; sourceTree = "<group>"; };
		210564B219695FC1008D3A83 /* input-field.png */ = {isa = PBXFileReference; lastKnownFileType = image.png; path = "input-field.png"; sourceTree = "<group>"; };
		210564B319695FC1008D3A83 /* input-field@2x.png */ = {isa = PBXFileReference; lastKnownFileType = image.png; path = "input-field@2x.png"; sourceTree = "<group>"; };
		210564B419695FC1008D3A83 /* PhotoIcon.png */ = {isa = PBXFileReference; lastKnownFileType = image.png; path = PhotoIcon.png; sourceTree = "<group>"; };
		210564B519695FC1008D3A83 /* PhotoIcon@2x.png */ = {isa = PBXFileReference; lastKnownFileType = image.png; path = "PhotoIcon@2x.png"; sourceTree = "<group>"; };
		210564B619695FC1008D3A83 /* send-highlighted.png */ = {isa = PBXFileReference; lastKnownFileType = image.png; path = "send-highlighted.png"; sourceTree = "<group>"; };
		210564B719695FC1008D3A83 /* send-highlighted@2x.png */ = {isa = PBXFileReference; lastKnownFileType = image.png; path = "send-highlighted@2x.png"; sourceTree = "<group>"; };
		210564B819695FC1008D3A83 /* send.png */ = {isa = PBXFileReference; lastKnownFileType = image.png; path = send.png; sourceTree = "<group>"; };
		210564B919695FC1008D3A83 /* send@2x.png */ = {isa = PBXFileReference; lastKnownFileType = image.png; path = "send@2x.png"; sourceTree = "<group>"; };
		210564BB19695FC1008D3A83 /* messageReceived.aiff */ = {isa = PBXFileReference; lastKnownFileType = audio.aiff; path = messageReceived.aiff; sourceTree = "<group>"; };
		210564BC19695FC1008D3A83 /* messageSent.aiff */ = {isa = PBXFileReference; lastKnownFileType = audio.aiff; path = messageSent.aiff; sourceTree = "<group>"; };
		210564BD19695FC1008D3A83 /* UIButton+JSMessagesView.h */ = {isa = PBXFileReference; fileEncoding = 4; lastKnownFileType = sourcecode.c.h; path = "UIButton+JSMessagesView.h"; sourceTree = "<group>"; };
		210564BE19695FC1008D3A83 /* UIButton+JSMessagesView.m */ = {isa = PBXFileReference; fileEncoding = 4; lastKnownFileType = sourcecode.c.objc; path = "UIButton+JSMessagesView.m"; sourceTree = "<group>"; };
		210564BF19695FC1008D3A83 /* UIColor+JSMessagesView.h */ = {isa = PBXFileReference; fileEncoding = 4; lastKnownFileType = sourcecode.c.h; path = "UIColor+JSMessagesView.h"; sourceTree = "<group>"; };
		210564C019695FC1008D3A83 /* UIColor+JSMessagesView.m */ = {isa = PBXFileReference; fileEncoding = 4; lastKnownFileType = sourcecode.c.objc; path = "UIColor+JSMessagesView.m"; sourceTree = "<group>"; };
		210564C119695FC1008D3A83 /* UIImage+JSMessagesView.h */ = {isa = PBXFileReference; fileEncoding = 4; lastKnownFileType = sourcecode.c.h; path = "UIImage+JSMessagesView.h"; sourceTree = "<group>"; };
		210564C219695FC1008D3A83 /* UIImage+JSMessagesView.m */ = {isa = PBXFileReference; fileEncoding = 4; lastKnownFileType = sourcecode.c.objc; path = "UIImage+JSMessagesView.m"; sourceTree = "<group>"; };
		210564C319695FC1008D3A83 /* UIView+AnimationOptionsForCurve.h */ = {isa = PBXFileReference; fileEncoding = 4; lastKnownFileType = sourcecode.c.h; path = "UIView+AnimationOptionsForCurve.h"; sourceTree = "<group>"; };
		210564C419695FC1008D3A83 /* UIView+AnimationOptionsForCurve.m */ = {isa = PBXFileReference; fileEncoding = 4; lastKnownFileType = sourcecode.c.objc; path = "UIView+AnimationOptionsForCurve.m"; sourceTree = "<group>"; };
		2105650B1969839F008D3A83 /* ConversationHeadButtonView.h */ = {isa = PBXFileReference; fileEncoding = 4; lastKnownFileType = sourcecode.c.h; path = ConversationHeadButtonView.h; sourceTree = "<group>"; };
		2105650C1969839F008D3A83 /* ConversationHeadButtonView.m */ = {isa = PBXFileReference; fileEncoding = 4; lastKnownFileType = sourcecode.c.objc; path = ConversationHeadButtonView.m; sourceTree = "<group>"; };
		2105650D1969839F008D3A83 /* ConversationHeadButtonView.xib */ = {isa = PBXFileReference; fileEncoding = 4; lastKnownFileType = file.xib; path = ConversationHeadButtonView.xib; sourceTree = "<group>"; };
		21150C9A196F78A5009DE9DE /* User.h */ = {isa = PBXFileReference; fileEncoding = 4; lastKnownFileType = sourcecode.c.h; path = User.h; sourceTree = "<group>"; };
		21150C9B196F78A5009DE9DE /* User.m */ = {isa = PBXFileReference; fileEncoding = 4; lastKnownFileType = sourcecode.c.objc; path = User.m; sourceTree = "<group>"; };
		21150C9C196F78A5009DE9DE /* UserDB.h */ = {isa = PBXFileReference; fileEncoding = 4; lastKnownFileType = sourcecode.c.h; path = UserDB.h; sourceTree = "<group>"; };
		21150C9D196F78A5009DE9DE /* UserDB.m */ = {isa = PBXFileReference; fileEncoding = 4; lastKnownFileType = sourcecode.c.objc; path = UserDB.m; sourceTree = "<group>"; };
		21150C9E196F78A5009DE9DE /* UserPresent.h */ = {isa = PBXFileReference; fileEncoding = 4; lastKnownFileType = sourcecode.c.h; path = UserPresent.h; sourceTree = "<group>"; };
		21150C9F196F78A5009DE9DE /* UserPresent.m */ = {isa = PBXFileReference; fileEncoding = 4; lastKnownFileType = sourcecode.c.objc; path = UserPresent.m; sourceTree = "<group>"; };
		21150CA3196F78C8009DE9DE /* PhoneNumber.h */ = {isa = PBXFileReference; fileEncoding = 4; lastKnownFileType = sourcecode.c.h; path = PhoneNumber.h; sourceTree = "<group>"; };
		21150CA4196F78C8009DE9DE /* PhoneNumber.m */ = {isa = PBXFileReference; fileEncoding = 4; lastKnownFileType = sourcecode.c.objc; path = PhoneNumber.m; sourceTree = "<group>"; };
		21150CA6196F7910009DE9DE /* Config.h */ = {isa = PBXFileReference; fileEncoding = 4; lastKnownFileType = sourcecode.c.h; name = Config.h; path = Message/Config.h; sourceTree = SOURCE_ROOT; };
		21150CA7196F7910009DE9DE /* Config.m */ = {isa = PBXFileReference; fileEncoding = 4; lastKnownFileType = sourcecode.c.objc; name = Config.m; path = Message/Config.m; sourceTree = SOURCE_ROOT; };
		21150CA8196F7910009DE9DE /* Token.h */ = {isa = PBXFileReference; fileEncoding = 4; lastKnownFileType = sourcecode.c.h; name = Token.h; path = Message/Token.h; sourceTree = SOURCE_ROOT; };
		21150CA9196F7910009DE9DE /* Token.m */ = {isa = PBXFileReference; fileEncoding = 4; lastKnownFileType = sourcecode.c.objc; name = Token.m; path = Message/Token.m; sourceTree = SOURCE_ROOT; };
		21150CAC196F79AA009DE9DE /* TAHttpOperation.h */ = {isa = PBXFileReference; fileEncoding = 4; lastKnownFileType = sourcecode.c.h; path = TAHttpOperation.h; sourceTree = "<group>"; };
		21150CAD196F79AA009DE9DE /* TAHttpOperation.m */ = {isa = PBXFileReference; fileEncoding = 4; lastKnownFileType = sourcecode.c.objc; path = TAHttpOperation.m; sourceTree = "<group>"; };
		2119FE721962AD7700E23B4F /* libsqlite3.0.dylib */ = {isa = PBXFileReference; lastKnownFileType = "compiled.mach-o.dylib"; name = libsqlite3.0.dylib; path = usr/lib/libsqlite3.0.dylib; sourceTree = SDKROOT; };
		212F28F9197BF6420066A166 /* MessageTableSectionHeaderView.h */ = {isa = PBXFileReference; fileEncoding = 4; lastKnownFileType = sourcecode.c.h; path = MessageTableSectionHeaderView.h; sourceTree = "<group>"; };
		212F28FA197BF6420066A166 /* MessageTableSectionHeaderView.m */ = {isa = PBXFileReference; fileEncoding = 4; lastKnownFileType = sourcecode.c.objc; path = MessageTableSectionHeaderView.m; sourceTree = "<group>"; };
		212F28FB197BF6420066A166 /* MessageTableSectionHeaderView.xib */ = {isa = PBXFileReference; fileEncoding = 4; lastKnownFileType = file.xib; path = MessageTableSectionHeaderView.xib; sourceTree = "<group>"; };
		2142CB53196268860002E4A9 /* ABContact.h */ = {isa = PBXFileReference; fileEncoding = 4; lastKnownFileType = sourcecode.c.h; path = ABContact.h; sourceTree = "<group>"; };
		2142CB54196268860002E4A9 /* ABContact.m */ = {isa = PBXFileReference; fileEncoding = 4; lastKnownFileType = sourcecode.c.objc; path = ABContact.m; sourceTree = "<group>"; };
		2142CB60196268860002E4A9 /* pinyin.c */ = {isa = PBXFileReference; fileEncoding = 4; lastKnownFileType = sourcecode.c.c; path = pinyin.c; sourceTree = "<group>"; };
		2142CB61196268860002E4A9 /* pinyin.h */ = {isa = PBXFileReference; fileEncoding = 4; lastKnownFileType = sourcecode.c.h; path = pinyin.h; sourceTree = "<group>"; };
		2157372719850AEE0071C2EF /* ContactHeaderView.h */ = {isa = PBXFileReference; fileEncoding = 4; lastKnownFileType = sourcecode.c.h; path = ContactHeaderView.h; sourceTree = "<group>"; };
		2157372819850AEE0071C2EF /* ContactHeaderView.m */ = {isa = PBXFileReference; fileEncoding = 4; lastKnownFileType = sourcecode.c.objc; path = ContactHeaderView.m; sourceTree = "<group>"; };
		2157372A19850B100071C2EF /* ContactHeaderView.xib */ = {isa = PBXFileReference; fileEncoding = 4; lastKnownFileType = file.xib; path = ContactHeaderView.xib; sourceTree = "<group>"; };
		2157372C19850D550071C2EF /* ContactIMUserTableViewCell.h */ = {isa = PBXFileReference; fileEncoding = 4; lastKnownFileType = sourcecode.c.h; path = ContactIMUserTableViewCell.h; sourceTree = "<group>"; };
		2157372D19850D550071C2EF /* ContactIMUserTableViewCell.m */ = {isa = PBXFileReference; fileEncoding = 4; lastKnownFileType = sourcecode.c.objc; path = ContactIMUserTableViewCell.m; sourceTree = "<group>"; };
		2157372E19850D550071C2EF /* ContactIMUserTableViewCell.xib */ = {isa = PBXFileReference; fileEncoding = 4; lastKnownFileType = file.xib; path = ContactIMUserTableViewCell.xib; sourceTree = "<group>"; };
		21573731198531A40071C2EF /* ContactPhoneTableViewCell.h */ = {isa = PBXFileReference; fileEncoding = 4; lastKnownFileType = sourcecode.c.h; path = ContactPhoneTableViewCell.h; sourceTree = "<group>"; };
		21573732198531A40071C2EF /* ContactPhoneTableViewCell.m */ = {isa = PBXFileReference; fileEncoding = 4; lastKnownFileType = sourcecode.c.objc; path = ContactPhoneTableViewCell.m; sourceTree = "<group>"; };
		21573733198531A40071C2EF /* ContactPhoneTableViewCell.xib */ = {isa = PBXFileReference; fileEncoding = 4; lastKnownFileType = file.xib; path = ContactPhoneTableViewCell.xib; sourceTree = "<group>"; };
		217261971954155000F09E33 /* AddressBook.framework */ = {isa = PBXFileReference; lastKnownFileType = wrapper.framework; name = AddressBook.framework; path = System/Library/Frameworks/AddressBook.framework; sourceTree = SDKROOT; };
		217261991954155500F09E33 /* AddressBookUI.framework */ = {isa = PBXFileReference; lastKnownFileType = wrapper.framework; name = AddressBookUI.framework; path = System/Library/Frameworks/AddressBookUI.framework; sourceTree = SDKROOT; };
		217261AC1954173200F09E33 /* en */ = {isa = PBXFileReference; lastKnownFileType = text.plist.strings; name = en; path = InfoPlist.strings; sourceTree = "<group>"; };
		217262CC1954318200F09E33 /* Constants.h */ = {isa = PBXFileReference; fileEncoding = 4; lastKnownFileType = sourcecode.c.h; name = Constants.h; path = ../Constants.h; sourceTree = "<group>"; };
		2173C09F19668B8800BC3BDF /* libxml2.2.dylib */ = {isa = PBXFileReference; lastKnownFileType = "compiled.mach-o.dylib"; name = libxml2.2.dylib; path = usr/lib/libxml2.2.dylib; sourceTree = SDKROOT; };
		2173C0A019668B8900BC3BDF /* libxml2.dylib */ = {isa = PBXFileReference; lastKnownFileType = "compiled.mach-o.dylib"; name = libxml2.dylib; path = usr/lib/libxml2.dylib; sourceTree = SDKROOT; };
		2173C64419738745004A88A5 /* MKAnnotationView+WebCache.h */ = {isa = PBXFileReference; fileEncoding = 4; lastKnownFileType = sourcecode.c.h; path = "MKAnnotationView+WebCache.h"; sourceTree = "<group>"; };
		2173C64519738745004A88A5 /* MKAnnotationView+WebCache.m */ = {isa = PBXFileReference; fileEncoding = 4; lastKnownFileType = sourcecode.c.objc; path = "MKAnnotationView+WebCache.m"; sourceTree = "<group>"; };
		2173C64619738745004A88A5 /* NSData+GIF.h */ = {isa = PBXFileReference; fileEncoding = 4; lastKnownFileType = sourcecode.c.h; path = "NSData+GIF.h"; sourceTree = "<group>"; };
		2173C64719738745004A88A5 /* NSData+GIF.m */ = {isa = PBXFileReference; fileEncoding = 4; lastKnownFileType = sourcecode.c.objc; path = "NSData+GIF.m"; sourceTree = "<group>"; };
		2173C64819738745004A88A5 /* SDImageCache.h */ = {isa = PBXFileReference; fileEncoding = 4; lastKnownFileType = sourcecode.c.h; path = SDImageCache.h; sourceTree = "<group>"; };
		2173C64919738745004A88A5 /* SDImageCache.m */ = {isa = PBXFileReference; fileEncoding = 4; lastKnownFileType = sourcecode.c.objc; path = SDImageCache.m; sourceTree = "<group>"; };
		2173C64A19738745004A88A5 /* SDWebImageCompat.h */ = {isa = PBXFileReference; fileEncoding = 4; lastKnownFileType = sourcecode.c.h; path = SDWebImageCompat.h; sourceTree = "<group>"; };
		2173C64B19738745004A88A5 /* SDWebImageCompat.m */ = {isa = PBXFileReference; fileEncoding = 4; lastKnownFileType = sourcecode.c.objc; path = SDWebImageCompat.m; sourceTree = "<group>"; };
		2173C64C19738745004A88A5 /* SDWebImageDecoder.h */ = {isa = PBXFileReference; fileEncoding = 4; lastKnownFileType = sourcecode.c.h; path = SDWebImageDecoder.h; sourceTree = "<group>"; };
		2173C64D19738745004A88A5 /* SDWebImageDecoder.m */ = {isa = PBXFileReference; fileEncoding = 4; lastKnownFileType = sourcecode.c.objc; path = SDWebImageDecoder.m; sourceTree = "<group>"; };
		2173C64E19738745004A88A5 /* SDWebImageDownloader.h */ = {isa = PBXFileReference; fileEncoding = 4; lastKnownFileType = sourcecode.c.h; path = SDWebImageDownloader.h; sourceTree = "<group>"; };
		2173C64F19738745004A88A5 /* SDWebImageDownloader.m */ = {isa = PBXFileReference; fileEncoding = 4; lastKnownFileType = sourcecode.c.objc; path = SDWebImageDownloader.m; sourceTree = "<group>"; };
		2173C65019738745004A88A5 /* SDWebImageDownloaderOperation.h */ = {isa = PBXFileReference; fileEncoding = 4; lastKnownFileType = sourcecode.c.h; path = SDWebImageDownloaderOperation.h; sourceTree = "<group>"; };
		2173C65119738745004A88A5 /* SDWebImageDownloaderOperation.m */ = {isa = PBXFileReference; fileEncoding = 4; lastKnownFileType = sourcecode.c.objc; path = SDWebImageDownloaderOperation.m; sourceTree = "<group>"; };
		2173C65219738745004A88A5 /* SDWebImageManager.h */ = {isa = PBXFileReference; fileEncoding = 4; lastKnownFileType = sourcecode.c.h; path = SDWebImageManager.h; sourceTree = "<group>"; };
		2173C65319738745004A88A5 /* SDWebImageManager.m */ = {isa = PBXFileReference; fileEncoding = 4; lastKnownFileType = sourcecode.c.objc; path = SDWebImageManager.m; sourceTree = "<group>"; };
		2173C65419738745004A88A5 /* SDWebImageOperation.h */ = {isa = PBXFileReference; fileEncoding = 4; lastKnownFileType = sourcecode.c.h; path = SDWebImageOperation.h; sourceTree = "<group>"; };
		2173C65519738745004A88A5 /* SDWebImagePrefetcher.h */ = {isa = PBXFileReference; fileEncoding = 4; lastKnownFileType = sourcecode.c.h; path = SDWebImagePrefetcher.h; sourceTree = "<group>"; };
		2173C65619738745004A88A5 /* SDWebImagePrefetcher.m */ = {isa = PBXFileReference; fileEncoding = 4; lastKnownFileType = sourcecode.c.objc; path = SDWebImagePrefetcher.m; sourceTree = "<group>"; };
		2173C65719738745004A88A5 /* UIButton+WebCache.h */ = {isa = PBXFileReference; fileEncoding = 4; lastKnownFileType = sourcecode.c.h; path = "UIButton+WebCache.h"; sourceTree = "<group>"; };
		2173C65819738745004A88A5 /* UIButton+WebCache.m */ = {isa = PBXFileReference; fileEncoding = 4; lastKnownFileType = sourcecode.c.objc; path = "UIButton+WebCache.m"; sourceTree = "<group>"; };
		2173C65919738745004A88A5 /* UIImage+GIF.h */ = {isa = PBXFileReference; fileEncoding = 4; lastKnownFileType = sourcecode.c.h; path = "UIImage+GIF.h"; sourceTree = "<group>"; };
		2173C65A19738745004A88A5 /* UIImage+GIF.m */ = {isa = PBXFileReference; fileEncoding = 4; lastKnownFileType = sourcecode.c.objc; path = "UIImage+GIF.m"; sourceTree = "<group>"; };
		2173C65B19738745004A88A5 /* UIImage+MultiFormat.h */ = {isa = PBXFileReference; fileEncoding = 4; lastKnownFileType = sourcecode.c.h; path = "UIImage+MultiFormat.h"; sourceTree = "<group>"; };
		2173C65C19738745004A88A5 /* UIImage+MultiFormat.m */ = {isa = PBXFileReference; fileEncoding = 4; lastKnownFileType = sourcecode.c.objc; path = "UIImage+MultiFormat.m"; sourceTree = "<group>"; };
		2173C65D19738745004A88A5 /* UIImage+WebP.h */ = {isa = PBXFileReference; fileEncoding = 4; lastKnownFileType = sourcecode.c.h; path = "UIImage+WebP.h"; sourceTree = "<group>"; };
		2173C65E19738745004A88A5 /* UIImage+WebP.m */ = {isa = PBXFileReference; fileEncoding = 4; lastKnownFileType = sourcecode.c.objc; path = "UIImage+WebP.m"; sourceTree = "<group>"; };
		2173C65F19738745004A88A5 /* UIImageView+WebCache.h */ = {isa = PBXFileReference; fileEncoding = 4; lastKnownFileType = sourcecode.c.h; path = "UIImageView+WebCache.h"; sourceTree = "<group>"; };
		2173C66019738745004A88A5 /* UIImageView+WebCache.m */ = {isa = PBXFileReference; fileEncoding = 4; lastKnownFileType = sourcecode.c.objc; path = "UIImageView+WebCache.m"; sourceTree = "<group>"; };
		21798F93194E9C4600B67C1F /* Message.app */ = {isa = PBXFileReference; explicitFileType = wrapper.application; includeInIndex = 0; path = Message.app; sourceTree = BUILT_PRODUCTS_DIR; };
		21798F96194E9C4600B67C1F /* Foundation.framework */ = {isa = PBXFileReference; lastKnownFileType = wrapper.framework; name = Foundation.framework; path = System/Library/Frameworks/Foundation.framework; sourceTree = SDKROOT; };
		21798F98194E9C4600B67C1F /* CoreGraphics.framework */ = {isa = PBXFileReference; lastKnownFileType = wrapper.framework; name = CoreGraphics.framework; path = System/Library/Frameworks/CoreGraphics.framework; sourceTree = SDKROOT; };
		21798F9A194E9C4600B67C1F /* UIKit.framework */ = {isa = PBXFileReference; lastKnownFileType = wrapper.framework; name = UIKit.framework; path = System/Library/Frameworks/UIKit.framework; sourceTree = SDKROOT; };
		21798F9E194E9C4600B67C1F /* Message-Info.plist */ = {isa = PBXFileReference; lastKnownFileType = text.plist.xml; path = "Message-Info.plist"; sourceTree = "<group>"; };
		21798FA0194E9C4600B67C1F /* en */ = {isa = PBXFileReference; lastKnownFileType = text.plist.strings; name = en; path = en.lproj/InfoPlist.strings; sourceTree = "<group>"; };
		21798FA2194E9C4600B67C1F /* main.m */ = {isa = PBXFileReference; lastKnownFileType = sourcecode.c.objc; path = main.m; sourceTree = "<group>"; };
		21798FA4194E9C4600B67C1F /* Message-Prefix.pch */ = {isa = PBXFileReference; lastKnownFileType = sourcecode.c.h; path = "Message-Prefix.pch"; sourceTree = "<group>"; };
		21798FA5194E9C4600B67C1F /* AppDelegate.h */ = {isa = PBXFileReference; lastKnownFileType = sourcecode.c.h; path = AppDelegate.h; sourceTree = "<group>"; };
		21798FA6194E9C4600B67C1F /* AppDelegate.m */ = {isa = PBXFileReference; lastKnownFileType = sourcecode.c.objc; path = AppDelegate.m; sourceTree = "<group>"; };
		21798FA8194E9C4600B67C1F /* Images.xcassets */ = {isa = PBXFileReference; lastKnownFileType = folder.assetcatalog; path = Images.xcassets; sourceTree = "<group>"; };
		21798FAE194E9C4600B67C1F /* MessageTests.xctest */ = {isa = PBXFileReference; explicitFileType = wrapper.cfbundle; includeInIndex = 0; path = MessageTests.xctest; sourceTree = BUILT_PRODUCTS_DIR; };
		21798FAF194E9C4600B67C1F /* XCTest.framework */ = {isa = PBXFileReference; lastKnownFileType = wrapper.framework; name = XCTest.framework; path = Library/Frameworks/XCTest.framework; sourceTree = DEVELOPER_DIR; };
		21798FB7194E9C4600B67C1F /* MessageTests-Info.plist */ = {isa = PBXFileReference; lastKnownFileType = text.plist.xml; path = "MessageTests-Info.plist"; sourceTree = "<group>"; };
		21798FB9194E9C4600B67C1F /* en */ = {isa = PBXFileReference; lastKnownFileType = text.plist.strings; name = en; path = en.lproj/InfoPlist.strings; sourceTree = "<group>"; };
		21798FBB194E9C4600B67C1F /* MessageTests.m */ = {isa = PBXFileReference; lastKnownFileType = sourcecode.c.objc; path = MessageTests.m; sourceTree = "<group>"; };
		217F2C2E196D62680064F478 /* MessageShowThePotraitViewController.h */ = {isa = PBXFileReference; fileEncoding = 4; lastKnownFileType = sourcecode.c.h; path = MessageShowThePotraitViewController.h; sourceTree = "<group>"; };
		217F2C2F196D62680064F478 /* MessageShowThePotraitViewController.m */ = {isa = PBXFileReference; fileEncoding = 4; lastKnownFileType = sourcecode.c.objc; path = MessageShowThePotraitViewController.m; sourceTree = "<group>"; };
		21F419DF1981493000934ACA /* customStatus.plist */ = {isa = PBXFileReference; fileEncoding = 4; lastKnownFileType = text.plist.xml; path = customStatus.plist; sourceTree = "<group>"; };
		21FCF22C1968659C00DFA0E5 /* ContactDB.h */ = {isa = PBXFileReference; fileEncoding = 4; lastKnownFileType = sourcecode.c.h; path = ContactDB.h; sourceTree = "<group>"; };
		21FCF22D1968659C00DFA0E5 /* ContactDB.m */ = {isa = PBXFileReference; fileEncoding = 4; lastKnownFileType = sourcecode.c.objc; path = ContactDB.m; sourceTree = "<group>"; };
		21FCF2351968E6A500DFA0E5 /* MessageConversationCell.h */ = {isa = PBXFileReference; fileEncoding = 4; lastKnownFileType = sourcecode.c.h; path = MessageConversationCell.h; sourceTree = "<group>"; };
		21FCF2361968E6A500DFA0E5 /* MessageConversationCell.m */ = {isa = PBXFileReference; fileEncoding = 4; lastKnownFileType = sourcecode.c.objc; path = MessageConversationCell.m; sourceTree = "<group>"; };
		21FCF2371968E6A500DFA0E5 /* MessageConversationCell.xib */ = {isa = PBXFileReference; fileEncoding = 4; lastKnownFileType = file.xib; path = MessageConversationCell.xib; sourceTree = "<group>"; };
		21FCF23A1968E6E600DFA0E5 /* MessageGroupConversationCell.h */ = {isa = PBXFileReference; fileEncoding = 4; lastKnownFileType = sourcecode.c.h; path = MessageGroupConversationCell.h; sourceTree = "<group>"; };
		21FCF23B1968E6E600DFA0E5 /* MessageGroupConversationCell.m */ = {isa = PBXFileReference; fileEncoding = 4; lastKnownFileType = sourcecode.c.objc; path = MessageGroupConversationCell.m; sourceTree = "<group>"; };
		21FCF23C1968E6E600DFA0E5 /* MessageGroupConversationCell.xib */ = {isa = PBXFileReference; fileEncoding = 4; lastKnownFileType = file.xib; path = MessageGroupConversationCell.xib; sourceTree = "<group>"; };
		486FF44919BB0ED60040AE10 /* zh-Hans */ = {isa = PBXFileReference; lastKnownFileType = text.plist.strings; name = "zh-Hans"; path = "zh-Hans.lproj/InfoPlist.strings"; sourceTree = "<group>"; };
		486FF44A19BB0ED60040AE10 /* zh-Hans */ = {isa = PBXFileReference; lastKnownFileType = text.plist.strings; name = "zh-Hans"; path = "zh-Hans.lproj/InfoPlist.strings"; sourceTree = "<group>"; };
		486FF44B19BB0ED60040AE10 /* zh-Hans */ = {isa = PBXFileReference; lastKnownFileType = text.plist.strings; name = "zh-Hans"; path = "zh-Hans.lproj/InfoPlist.strings"; sourceTree = "<group>"; };
		6D0D76761967B8AC0058DECF /* AsyncTCP.h */ = {isa = PBXFileReference; fileEncoding = 4; lastKnownFileType = sourcecode.c.h; path = AsyncTCP.h; sourceTree = "<group>"; };
		6D0D76771967B8AC0058DECF /* AsyncTCP.m */ = {isa = PBXFileReference; fileEncoding = 4; lastKnownFileType = sourcecode.c.objc; path = AsyncTCP.m; sourceTree = "<group>"; };
		6D0D767A1967B8AC0058DECF /* IMService.h */ = {isa = PBXFileReference; fileEncoding = 4; lastKnownFileType = sourcecode.c.h; path = IMService.h; sourceTree = "<group>"; };
		6D0D767B1967B8AC0058DECF /* IMService.m */ = {isa = PBXFileReference; fileEncoding = 4; lastKnownFileType = sourcecode.c.objc; path = IMService.m; sourceTree = "<group>"; };
		6D0D767C1967B8AC0058DECF /* Message.h */ = {isa = PBXFileReference; fileEncoding = 4; lastKnownFileType = sourcecode.c.h; path = Message.h; sourceTree = "<group>"; };
		6D0D767D1967B8AC0058DECF /* Message.m */ = {isa = PBXFileReference; fileEncoding = 4; lastKnownFileType = sourcecode.c.objc; path = Message.m; sourceTree = "<group>"; };
		6D0D76801967B8AC0058DECF /* util.c */ = {isa = PBXFileReference; fileEncoding = 4; lastKnownFileType = sourcecode.c.c; path = util.c; sourceTree = "<group>"; };
		6D0D76811967B8AC0058DECF /* util.h */ = {isa = PBXFileReference; fileEncoding = 4; lastKnownFileType = sourcecode.c.h; path = util.h; sourceTree = "<group>"; };
		6D0D76891967C1430058DECF /* c.h */ = {isa = PBXFileReference; fileEncoding = 4; lastKnownFileType = sourcecode.c.h; path = c.h; sourceTree = "<group>"; };
		6D0D768A1967C1430058DECF /* cache.h */ = {isa = PBXFileReference; fileEncoding = 4; lastKnownFileType = sourcecode.c.h; path = cache.h; sourceTree = "<group>"; };
		6D0D768B1967C1430058DECF /* comparator.h */ = {isa = PBXFileReference; fileEncoding = 4; lastKnownFileType = sourcecode.c.h; path = comparator.h; sourceTree = "<group>"; };
		6D0D768C1967C1430058DECF /* db.h */ = {isa = PBXFileReference; fileEncoding = 4; lastKnownFileType = sourcecode.c.h; path = db.h; sourceTree = "<group>"; };
		6D0D768D1967C1430058DECF /* env.h */ = {isa = PBXFileReference; fileEncoding = 4; lastKnownFileType = sourcecode.c.h; path = env.h; sourceTree = "<group>"; };
		6D0D768E1967C1430058DECF /* filter_policy.h */ = {isa = PBXFileReference; fileEncoding = 4; lastKnownFileType = sourcecode.c.h; path = filter_policy.h; sourceTree = "<group>"; };
		6D0D768F1967C1430058DECF /* iterator.h */ = {isa = PBXFileReference; fileEncoding = 4; lastKnownFileType = sourcecode.c.h; path = iterator.h; sourceTree = "<group>"; };
		6D0D76911967C1430058DECF /* options.h */ = {isa = PBXFileReference; fileEncoding = 4; lastKnownFileType = sourcecode.c.h; path = options.h; sourceTree = "<group>"; };
		6D0D76921967C1430058DECF /* slice.h */ = {isa = PBXFileReference; fileEncoding = 4; lastKnownFileType = sourcecode.c.h; path = slice.h; sourceTree = "<group>"; };
		6D0D76931967C1430058DECF /* status.h */ = {isa = PBXFileReference; fileEncoding = 4; lastKnownFileType = sourcecode.c.h; path = status.h; sourceTree = "<group>"; };
		6D0D76941967C1430058DECF /* table.h */ = {isa = PBXFileReference; fileEncoding = 4; lastKnownFileType = sourcecode.c.h; path = table.h; sourceTree = "<group>"; };
		6D0D76951967C1430058DECF /* table_builder.h */ = {isa = PBXFileReference; fileEncoding = 4; lastKnownFileType = sourcecode.c.h; path = table_builder.h; sourceTree = "<group>"; };
		6D0D76961967C1430058DECF /* write_batch.h */ = {isa = PBXFileReference; fileEncoding = 4; lastKnownFileType = sourcecode.c.h; path = write_batch.h; sourceTree = "<group>"; };
		6D0D76A7196910130058DECF /* IMContact.h */ = {isa = PBXFileReference; fileEncoding = 4; lastKnownFileType = sourcecode.c.h; path = IMContact.h; sourceTree = "<group>"; };
		6D0D76A8196910130058DECF /* IMContact.m */ = {isa = PBXFileReference; fileEncoding = 4; lastKnownFileType = sourcecode.c.objc; path = IMContact.m; sourceTree = "<group>"; };
		6D11C72E19BB3D3F00E67389 /* APITests.m */ = {isa = PBXFileReference; fileEncoding = 4; lastKnownFileType = sourcecode.c.objc; path = APITests.m; sourceTree = "<group>"; };
		6D32393819BD6482005A00B2 /* MessageInputView.h */ = {isa = PBXFileReference; fileEncoding = 4; lastKnownFileType = sourcecode.c.h; path = MessageInputView.h; sourceTree = "<group>"; };
		6D32393919BD6482005A00B2 /* MessageInputView.m */ = {isa = PBXFileReference; fileEncoding = 4; lastKnownFileType = sourcecode.c.objc; path = MessageInputView.m; sourceTree = "<group>"; };
		6D32393B19BD79C7005A00B2 /* AVFoundation.framework */ = {isa = PBXFileReference; lastKnownFileType = wrapper.framework; name = AVFoundation.framework; path = System/Library/Frameworks/AVFoundation.framework; sourceTree = SDKROOT; };
		6D32393E19BD962C005A00B2 /* FileCache.h */ = {isa = PBXFileReference; fileEncoding = 4; lastKnownFileType = sourcecode.c.h; path = FileCache.h; sourceTree = "<group>"; };
		6D32393F19BD962C005A00B2 /* FileCache.m */ = {isa = PBXFileReference; fileEncoding = 4; lastKnownFileType = sourcecode.c.objc; path = FileCache.m; sourceTree = "<group>"; };
		6D762144197ECA9300B690D7 /* Group.h */ = {isa = PBXFileReference; fileEncoding = 4; lastKnownFileType = sourcecode.c.h; path = Group.h; sourceTree = "<group>"; };
		6D762145197ECA9300B690D7 /* Group.m */ = {isa = PBXFileReference; fileEncoding = 4; lastKnownFileType = sourcecode.c.objc; path = Group.m; sourceTree = "<group>"; };
		6D762146197ECA9300B690D7 /* GroupDB.h */ = {isa = PBXFileReference; fileEncoding = 4; lastKnownFileType = sourcecode.c.h; path = GroupDB.h; sourceTree = "<group>"; };
		6D762147197ECA9300B690D7 /* GroupDB.m */ = {isa = PBXFileReference; fileEncoding = 4; lastKnownFileType = sourcecode.c.objc; path = GroupDB.m; sourceTree = "<group>"; };
		6D762148197ECA9300B690D7 /* GroupMessageDB.h */ = {isa = PBXFileReference; fileEncoding = 4; lastKnownFileType = sourcecode.c.h; path = GroupMessageDB.h; sourceTree = "<group>"; };
		6D762149197ECA9300B690D7 /* GroupMessageDB.m */ = {isa = PBXFileReference; fileEncoding = 4; lastKnownFileType = sourcecode.c.objc; path = GroupMessageDB.m; sourceTree = "<group>"; };
		6D76214A197ECA9300B690D7 /* GroupMessageHandler.h */ = {isa = PBXFileReference; fileEncoding = 4; lastKnownFileType = sourcecode.c.h; path = GroupMessageHandler.h; sourceTree = "<group>"; };
		6D76214B197ECA9300B690D7 /* GroupMessageHandler.m */ = {isa = PBXFileReference; fileEncoding = 4; lastKnownFileType = sourcecode.c.objc; path = GroupMessageHandler.m; sourceTree = "<group>"; };
		6D76214C197ECA9300B690D7 /* IMessage.h */ = {isa = PBXFileReference; fileEncoding = 4; lastKnownFileType = sourcecode.c.h; path = IMessage.h; sourceTree = "<group>"; };
		6D76214D197ECA9300B690D7 /* IMessage.m */ = {isa = PBXFileReference; fileEncoding = 4; lastKnownFileType = sourcecode.c.objc; path = IMessage.m; sourceTree = "<group>"; };
		6D76214E197ECA9300B690D7 /* LevelDB.h */ = {isa = PBXFileReference; fileEncoding = 4; lastKnownFileType = sourcecode.c.h; path = LevelDB.h; sourceTree = "<group>"; };
		6D76214F197ECA9300B690D7 /* LevelDB.mm */ = {isa = PBXFileReference; fileEncoding = 4; lastKnownFileType = sourcecode.cpp.objcpp; path = LevelDB.mm; sourceTree = "<group>"; };
		6D762150197ECA9300B690D7 /* PeerMessageDB.h */ = {isa = PBXFileReference; fileEncoding = 4; lastKnownFileType = sourcecode.c.h; path = PeerMessageDB.h; sourceTree = "<group>"; };
		6D762151197ECA9300B690D7 /* PeerMessageDB.m */ = {isa = PBXFileReference; fileEncoding = 4; lastKnownFileType = sourcecode.c.objc; path = PeerMessageDB.m; sourceTree = "<group>"; };
		6D762152197ECA9300B690D7 /* PeerMessageHandler.h */ = {isa = PBXFileReference; fileEncoding = 4; lastKnownFileType = sourcecode.c.h; path = PeerMessageHandler.h; sourceTree = "<group>"; };
		6D762153197ECA9300B690D7 /* PeerMessageHandler.m */ = {isa = PBXFileReference; fileEncoding = 4; lastKnownFileType = sourcecode.c.objc; path = PeerMessageHandler.m; sourceTree = "<group>"; };
		6D762154197ECA9300B690D7 /* ReverseFile.h */ = {isa = PBXFileReference; fileEncoding = 4; lastKnownFileType = sourcecode.c.h; path = ReverseFile.h; sourceTree = "<group>"; };
		6D762155197ECA9300B690D7 /* ReverseFile.m */ = {isa = PBXFileReference; fileEncoding = 4; lastKnownFileType = sourcecode.c.objc; path = ReverseFile.m; sourceTree = "<group>"; };
		6D76215F197ECAE800B690D7 /* MessageDB.h */ = {isa = PBXFileReference; fileEncoding = 4; lastKnownFileType = sourcecode.c.h; path = MessageDB.h; sourceTree = "<group>"; };
		6D762160197ECAE800B690D7 /* MessageDB.m */ = {isa = PBXFileReference; fileEncoding = 4; lastKnownFileType = sourcecode.c.objc; path = MessageDB.m; sourceTree = "<group>"; };
		6D7621641981626900B690D7 /* libleveldb.a */ = {isa = PBXFileReference; lastKnownFileType = archive.ar; name = libleveldb.a; path = Message/backend/leveldb/libleveldb.a; sourceTree = "<group>"; };
		6D76216619834DA100B690D7 /* MBProgressHUD.h */ = {isa = PBXFileReference; fileEncoding = 4; lastKnownFileType = sourcecode.c.h; path = MBProgressHUD.h; sourceTree = "<group>"; };
		6D76216719834DA100B690D7 /* MBProgressHUD.m */ = {isa = PBXFileReference; fileEncoding = 4; lastKnownFileType = sourcecode.c.objc; path = MBProgressHUD.m; sourceTree = "<group>"; };
		6D76216919835F1000B690D7 /* APIRequest.h */ = {isa = PBXFileReference; fileEncoding = 4; lastKnownFileType = sourcecode.c.h; path = APIRequest.h; sourceTree = "<group>"; };
		6D76216A19835F1000B690D7 /* APIRequest.m */ = {isa = PBXFileReference; fileEncoding = 4; lastKnownFileType = sourcecode.c.objc; path = APIRequest.m; sourceTree = "<group>"; };
		6D76216C198362DE00B690D7 /* LoginViewController.h */ = {isa = PBXFileReference; fileEncoding = 4; lastKnownFileType = sourcecode.c.h; path = LoginViewController.h; sourceTree = "<group>"; };
		6D76216D198362DE00B690D7 /* LoginViewController.m */ = {isa = PBXFileReference; fileEncoding = 4; lastKnownFileType = sourcecode.c.objc; path = LoginViewController.m; sourceTree = "<group>"; };
		6D76216E198362DE00B690D7 /* LoginViewController.xib */ = {isa = PBXFileReference; fileEncoding = 4; lastKnownFileType = file.xib; path = LoginViewController.xib; sourceTree = "<group>"; };
		6D776313197B6D6B0090D511 /* MainTabBarController.h */ = {isa = PBXFileReference; fileEncoding = 4; lastKnownFileType = sourcecode.c.h; path = MainTabBarController.h; sourceTree = "<group>"; };
		6D776314197B6D6B0090D511 /* MainTabBarController.m */ = {isa = PBXFileReference; fileEncoding = 4; lastKnownFileType = sourcecode.c.objc; path = MainTabBarController.m; sourceTree = "<group>"; };
/* End PBXFileReference section */

/* Begin PBXFrameworksBuildPhase section */
		21798F90194E9C4600B67C1F /* Frameworks */ = {
			isa = PBXFrameworksBuildPhase;
			buildActionMask = 2147483647;
			files = (
				6D32393C19BD79C7005A00B2 /* AVFoundation.framework in Frameworks */,
				2173C0A319668C4800BC3BDF /* libxml2.2.dylib in Frameworks */,
				2119FE731962AD7700E23B4F /* libsqlite3.0.dylib in Frameworks */,
				6D7621651981626900B690D7 /* libleveldb.a in Frameworks */,
				2172619A1954155500F09E33 /* AddressBookUI.framework in Frameworks */,
				217261981954155000F09E33 /* AddressBook.framework in Frameworks */,
				21798F99194E9C4600B67C1F /* CoreGraphics.framework in Frameworks */,
				21798F9B194E9C4600B67C1F /* UIKit.framework in Frameworks */,
				21798F97194E9C4600B67C1F /* Foundation.framework in Frameworks */,
			);
			runOnlyForDeploymentPostprocessing = 0;
		};
		21798FAB194E9C4600B67C1F /* Frameworks */ = {
			isa = PBXFrameworksBuildPhase;
			buildActionMask = 2147483647;
			files = (
				21798FB0194E9C4600B67C1F /* XCTest.framework in Frameworks */,
				21798FB2194E9C4600B67C1F /* UIKit.framework in Frameworks */,
				21798FB1194E9C4600B67C1F /* Foundation.framework in Frameworks */,
			);
			runOnlyForDeploymentPostprocessing = 0;
		};
/* End PBXFrameworksBuildPhase section */

/* Begin PBXGroup section */
		2105646619695FC0008D3A83 /* controller */ = {
			isa = PBXGroup;
			children = (
				6D76216C198362DE00B690D7 /* LoginViewController.h */,
				6D76216D198362DE00B690D7 /* LoginViewController.m */,
				6D76216E198362DE00B690D7 /* LoginViewController.xib */,
				2105646719695FC0008D3A83 /* ContactListTableViewController.h */,
				2105646819695FC0008D3A83 /* ContactListTableViewController.m */,
				2105646919695FC0008D3A83 /* ContactViewController.h */,
				2105646A19695FC0008D3A83 /* ContactViewController.m */,
				2105646B19695FC0008D3A83 /* ContactViewController.xib */,
				2105646C19695FC0008D3A83 /* CustomStatusViewController.h */,
				2105646D19695FC0008D3A83 /* CustomStatusViewController.m */,
				2105646E19695FC0008D3A83 /* CustomStatusViewController.xib */,
				2105647319695FC0008D3A83 /* MessageListViewController.h */,
				2105647419695FC0008D3A83 /* MessageListViewController.m */,
				2105647519695FC0008D3A83 /* MessageViewController.h */,
				2105647619695FC0008D3A83 /* MessageViewController.m */,
				2105647719695FC0008D3A83 /* SettingViewController.h */,
				2105647819695FC0008D3A83 /* SettingViewController.m */,
				2105647919695FC0008D3A83 /* SettingViewController.xib */,
				217F2C2E196D62680064F478 /* MessageShowThePotraitViewController.h */,
				217F2C2F196D62680064F478 /* MessageShowThePotraitViewController.m */,
				6D776313197B6D6B0090D511 /* MainTabBarController.h */,
				6D776314197B6D6B0090D511 /* MainTabBarController.m */,
			);
			path = controller;
			sourceTree = "<group>";
		};
		2105647A19695FC0008D3A83 /* third-party */ = {
			isa = PBXGroup;
			children = (
				2173C5D8197385C8004A88A5 /* SDWebImage */,
				2105647B19695FC0008D3A83 /* JSMessge */,
				6D76216619834DA100B690D7 /* MBProgressHUD.h */,
				6D76216719834DA100B690D7 /* MBProgressHUD.m */,
				21150CAC196F79AA009DE9DE /* TAHttpOperation.h */,
				21150CAD196F79AA009DE9DE /* TAHttpOperation.m */,
				210564BD19695FC1008D3A83 /* UIButton+JSMessagesView.h */,
				210564BE19695FC1008D3A83 /* UIButton+JSMessagesView.m */,
				210564BF19695FC1008D3A83 /* UIColor+JSMessagesView.h */,
				210564C019695FC1008D3A83 /* UIColor+JSMessagesView.m */,
				210564C119695FC1008D3A83 /* UIImage+JSMessagesView.h */,
				210564C219695FC1008D3A83 /* UIImage+JSMessagesView.m */,
				210564C319695FC1008D3A83 /* UIView+AnimationOptionsForCurve.h */,
				210564C419695FC1008D3A83 /* UIView+AnimationOptionsForCurve.m */,
			);
			path = "third-party";
			sourceTree = "<group>";
		};
		2105647B19695FC0008D3A83 /* JSMessge */ = {
			isa = PBXGroup;
			children = (
				2105647C19695FC0008D3A83 /* JSBubbleMessageCell.h */,
				2105647D19695FC0008D3A83 /* JSBubbleMessageCell.m */,
				2105647E19695FC0008D3A83 /* JSBubbleView.h */,
				2105647F19695FC0008D3A83 /* JSBubbleView.m */,
				2105648019695FC0008D3A83 /* JSDismissiveTextView.h */,
				2105648119695FC0008D3A83 /* JSDismissiveTextView.m */,
				2105648219695FC0008D3A83 /* JSMessageInputView.h */,
				2105648319695FC0008D3A83 /* JSMessageInputView.m */,
				2105648419695FC0008D3A83 /* JSMessageSoundEffect.h */,
				2105648519695FC0008D3A83 /* JSMessageSoundEffect.m */,
				2105648819695FC0008D3A83 /* JSMessageTextView.h */,
				2105648919695FC0008D3A83 /* JSMessageTextView.m */,
				2105648A19695FC0008D3A83 /* NSString+JSMessagesView.h */,
				2105648B19695FC0008D3A83 /* NSString+JSMessagesView.m */,
				2105648C19695FC0008D3A83 /* Resources */,
			);
			path = JSMessge;
			sourceTree = "<group>";
		};
		2105648C19695FC0008D3A83 /* Resources */ = {
			isa = PBXGroup;
			children = (
				2105648D19695FC0008D3A83 /* Images */,
				210564BA19695FC1008D3A83 /* Sounds */,
			);
			path = Resources;
			sourceTree = "<group>";
		};
		2105648D19695FC0008D3A83 /* Images */ = {
			isa = PBXGroup;
			children = (
				210564AC19695FC1008D3A83 /* bubble-typing.png */,
				210564AD19695FC1008D3A83 /* bubble-typing@2x.png */,
				210564AE19695FC1008D3A83 /* input-bar-flat.png */,
				210564AF19695FC1008D3A83 /* input-bar-flat@2x.png */,
				210564B019695FC1008D3A83 /* input-bar.png */,
				210564B119695FC1008D3A83 /* input-bar@2x.png */,
				210564B219695FC1008D3A83 /* input-field.png */,
				210564B319695FC1008D3A83 /* input-field@2x.png */,
				210564B419695FC1008D3A83 /* PhotoIcon.png */,
				210564B519695FC1008D3A83 /* PhotoIcon@2x.png */,
				210564B619695FC1008D3A83 /* send-highlighted.png */,
				210564B719695FC1008D3A83 /* send-highlighted@2x.png */,
				210564B819695FC1008D3A83 /* send.png */,
				210564B919695FC1008D3A83 /* send@2x.png */,
			);
			path = Images;
			sourceTree = "<group>";
		};
		210564BA19695FC1008D3A83 /* Sounds */ = {
			isa = PBXGroup;
			children = (
				210564BB19695FC1008D3A83 /* messageReceived.aiff */,
				210564BC19695FC1008D3A83 /* messageSent.aiff */,
			);
			path = Sounds;
			sourceTree = "<group>";
		};
		2105650A1969839F008D3A83 /* control */ = {
			isa = PBXGroup;
			children = (
				6D32393819BD6482005A00B2 /* MessageInputView.h */,
				6D32393919BD6482005A00B2 /* MessageInputView.m */,
				212F28F9197BF6420066A166 /* MessageTableSectionHeaderView.h */,
				212F28FA197BF6420066A166 /* MessageTableSectionHeaderView.m */,
				212F28FB197BF6420066A166 /* MessageTableSectionHeaderView.xib */,
				2105650B1969839F008D3A83 /* ConversationHeadButtonView.h */,
				2105650C1969839F008D3A83 /* ConversationHeadButtonView.m */,
				2105650D1969839F008D3A83 /* ConversationHeadButtonView.xib */,
			);
			path = control;
			sourceTree = "<group>";
		};
		2119FE771962AEAA00E23B4F /* model */ = {
			isa = PBXGroup;
			children = (
				6D76215F197ECAE800B690D7 /* MessageDB.h */,
				6D762160197ECAE800B690D7 /* MessageDB.m */,
				6D762144197ECA9300B690D7 /* Group.h */,
				6D762145197ECA9300B690D7 /* Group.m */,
				6D762146197ECA9300B690D7 /* GroupDB.h */,
				6D762147197ECA9300B690D7 /* GroupDB.m */,
				6D762148197ECA9300B690D7 /* GroupMessageDB.h */,
				6D762149197ECA9300B690D7 /* GroupMessageDB.m */,
				6D76214A197ECA9300B690D7 /* GroupMessageHandler.h */,
				6D76214B197ECA9300B690D7 /* GroupMessageHandler.m */,
				6D76214C197ECA9300B690D7 /* IMessage.h */,
				6D76214D197ECA9300B690D7 /* IMessage.m */,
				6D76214E197ECA9300B690D7 /* LevelDB.h */,
				6D76214F197ECA9300B690D7 /* LevelDB.mm */,
				6D762150197ECA9300B690D7 /* PeerMessageDB.h */,
				6D762151197ECA9300B690D7 /* PeerMessageDB.m */,
				6D762152197ECA9300B690D7 /* PeerMessageHandler.h */,
				6D762153197ECA9300B690D7 /* PeerMessageHandler.m */,
				6D762154197ECA9300B690D7 /* ReverseFile.h */,
				6D762155197ECA9300B690D7 /* ReverseFile.m */,
				21150C9A196F78A5009DE9DE /* User.h */,
				21150C9B196F78A5009DE9DE /* User.m */,
				21150C9C196F78A5009DE9DE /* UserDB.h */,
				21150C9D196F78A5009DE9DE /* UserDB.m */,
				21150C9E196F78A5009DE9DE /* UserPresent.h */,
				21150C9F196F78A5009DE9DE /* UserPresent.m */,
				6D32393E19BD962C005A00B2 /* FileCache.h */,
				6D32393F19BD962C005A00B2 /* FileCache.m */,
			);
			path = model;
			sourceTree = "<group>";
		};
		2142CB0C1962683E0002E4A9 /* backend */ = {
			isa = PBXGroup;
			children = (
				6D0D76881967C1430058DECF /* leveldb */,
				6D0D76751967B8AC0058DECF /* im_sdk */,
				2142CB52196268860002E4A9 /* contact */,
			);
			path = backend;
			sourceTree = "<group>";
		};
		2142CB52196268860002E4A9 /* contact */ = {
			isa = PBXGroup;
			children = (
				21150CA3196F78C8009DE9DE /* PhoneNumber.h */,
				21150CA4196F78C8009DE9DE /* PhoneNumber.m */,
				21FCF22C1968659C00DFA0E5 /* ContactDB.h */,
				21FCF22D1968659C00DFA0E5 /* ContactDB.m */,
				2142CB53196268860002E4A9 /* ABContact.h */,
				2142CB54196268860002E4A9 /* ABContact.m */,
				2142CB60196268860002E4A9 /* pinyin.c */,
				2142CB61196268860002E4A9 /* pinyin.h */,
				6D0D76A7196910130058DECF /* IMContact.h */,
				6D0D76A8196910130058DECF /* IMContact.m */,
			);
			path = contact;
			sourceTree = "<group>";
		};
		217261AA1954173200F09E33 /* en.lproj */ = {
			isa = PBXGroup;
			children = (
				217261AB1954173200F09E33 /* InfoPlist.strings */,
			);
			path = en.lproj;
			sourceTree = "<group>";
		};
		2173C5D8197385C8004A88A5 /* SDWebImage */ = {
			isa = PBXGroup;
			children = (
				2173C64419738745004A88A5 /* MKAnnotationView+WebCache.h */,
				2173C64519738745004A88A5 /* MKAnnotationView+WebCache.m */,
				2173C64619738745004A88A5 /* NSData+GIF.h */,
				2173C64719738745004A88A5 /* NSData+GIF.m */,
				2173C64819738745004A88A5 /* SDImageCache.h */,
				2173C64919738745004A88A5 /* SDImageCache.m */,
				2173C64A19738745004A88A5 /* SDWebImageCompat.h */,
				2173C64B19738745004A88A5 /* SDWebImageCompat.m */,
				2173C64C19738745004A88A5 /* SDWebImageDecoder.h */,
				2173C64D19738745004A88A5 /* SDWebImageDecoder.m */,
				2173C64E19738745004A88A5 /* SDWebImageDownloader.h */,
				2173C64F19738745004A88A5 /* SDWebImageDownloader.m */,
				2173C65019738745004A88A5 /* SDWebImageDownloaderOperation.h */,
				2173C65119738745004A88A5 /* SDWebImageDownloaderOperation.m */,
				2173C65219738745004A88A5 /* SDWebImageManager.h */,
				2173C65319738745004A88A5 /* SDWebImageManager.m */,
				2173C65419738745004A88A5 /* SDWebImageOperation.h */,
				2173C65519738745004A88A5 /* SDWebImagePrefetcher.h */,
				2173C65619738745004A88A5 /* SDWebImagePrefetcher.m */,
				2173C65719738745004A88A5 /* UIButton+WebCache.h */,
				2173C65819738745004A88A5 /* UIButton+WebCache.m */,
				2173C65919738745004A88A5 /* UIImage+GIF.h */,
				2173C65A19738745004A88A5 /* UIImage+GIF.m */,
				2173C65B19738745004A88A5 /* UIImage+MultiFormat.h */,
				2173C65C19738745004A88A5 /* UIImage+MultiFormat.m */,
				2173C65D19738745004A88A5 /* UIImage+WebP.h */,
				2173C65E19738745004A88A5 /* UIImage+WebP.m */,
				2173C65F19738745004A88A5 /* UIImageView+WebCache.h */,
				2173C66019738745004A88A5 /* UIImageView+WebCache.m */,
			);
			path = SDWebImage;
			sourceTree = "<group>";
		};
		21798F8A194E9C4600B67C1F = {
			isa = PBXGroup;
			children = (
				21798F9C194E9C4600B67C1F /* Message */,
				21798FB5194E9C4600B67C1F /* MessageTests */,
				21798F95194E9C4600B67C1F /* Frameworks */,
				21798F94194E9C4600B67C1F /* Products */,
			);
			sourceTree = "<group>";
		};
		21798F94194E9C4600B67C1F /* Products */ = {
			isa = PBXGroup;
			children = (
				21798F93194E9C4600B67C1F /* Message.app */,
				21798FAE194E9C4600B67C1F /* MessageTests.xctest */,
			);
			name = Products;
			sourceTree = "<group>";
		};
		21798F95194E9C4600B67C1F /* Frameworks */ = {
			isa = PBXGroup;
			children = (
				6D32393B19BD79C7005A00B2 /* AVFoundation.framework */,
				6D7621641981626900B690D7 /* libleveldb.a */,
				2173C09F19668B8800BC3BDF /* libxml2.2.dylib */,
				2173C0A019668B8900BC3BDF /* libxml2.dylib */,
				2119FE721962AD7700E23B4F /* libsqlite3.0.dylib */,
				217261991954155500F09E33 /* AddressBookUI.framework */,
				217261971954155000F09E33 /* AddressBook.framework */,
				21798F96194E9C4600B67C1F /* Foundation.framework */,
				21798F98194E9C4600B67C1F /* CoreGraphics.framework */,
				21798F9A194E9C4600B67C1F /* UIKit.framework */,
				21798FAF194E9C4600B67C1F /* XCTest.framework */,
			);
			name = Frameworks;
			sourceTree = "<group>";
		};
		21798F9C194E9C4600B67C1F /* Message */ = {
			isa = PBXGroup;
			children = (
				21150CA6196F7910009DE9DE /* Config.h */,
				21150CA7196F7910009DE9DE /* Config.m */,
				21150CA8196F7910009DE9DE /* Token.h */,
				21150CA9196F7910009DE9DE /* Token.m */,
				2105650A1969839F008D3A83 /* control */,
				2105646619695FC0008D3A83 /* controller */,
				2105647A19695FC0008D3A83 /* third-party */,
				21FCF2341968E6A500DFA0E5 /* cell */,
				2119FE771962AEAA00E23B4F /* model */,
				2142CB0C1962683E0002E4A9 /* backend */,
				217262CC1954318200F09E33 /* Constants.h */,
				21798FA5194E9C4600B67C1F /* AppDelegate.h */,
				21798FA6194E9C4600B67C1F /* AppDelegate.m */,
				21798FA8194E9C4600B67C1F /* Images.xcassets */,
				21798F9D194E9C4600B67C1F /* Supporting Files */,
				21050A3619741B1900F26E43 /* PublicFunc.h */,
				21050A3719741B1900F26E43 /* PublicFunc.m */,
				6D76216919835F1000B690D7 /* APIRequest.h */,
				6D76216A19835F1000B690D7 /* APIRequest.m */,
			);
			path = Message;
			sourceTree = "<group>";
		};
		21798F9D194E9C4600B67C1F /* Supporting Files */ = {
			isa = PBXGroup;
			children = (
				217261AA1954173200F09E33 /* en.lproj */,
				21798F9E194E9C4600B67C1F /* Message-Info.plist */,
				21798F9F194E9C4600B67C1F /* InfoPlist.strings */,
				21798FA2194E9C4600B67C1F /* main.m */,
				21798FA4194E9C4600B67C1F /* Message-Prefix.pch */,
				21F419DF1981493000934ACA /* customStatus.plist */,
			);
			name = "Supporting Files";
			sourceTree = "<group>";
		};
		21798FB5194E9C4600B67C1F /* MessageTests */ = {
			isa = PBXGroup;
			children = (
				21798FBB194E9C4600B67C1F /* MessageTests.m */,
				6D11C72E19BB3D3F00E67389 /* APITests.m */,
				21798FB6194E9C4600B67C1F /* Supporting Files */,
			);
			path = MessageTests;
			sourceTree = "<group>";
		};
		21798FB6194E9C4600B67C1F /* Supporting Files */ = {
			isa = PBXGroup;
			children = (
				21798FB7194E9C4600B67C1F /* MessageTests-Info.plist */,
				21798FB8194E9C4600B67C1F /* InfoPlist.strings */,
			);
			name = "Supporting Files";
			sourceTree = "<group>";
		};
		21FCF2341968E6A500DFA0E5 /* cell */ = {
			isa = PBXGroup;
			children = (
				21FCF2351968E6A500DFA0E5 /* MessageConversationCell.h */,
				21FCF2361968E6A500DFA0E5 /* MessageConversationCell.m */,
				21FCF2371968E6A500DFA0E5 /* MessageConversationCell.xib */,
				21FCF23A1968E6E600DFA0E5 /* MessageGroupConversationCell.h */,
				21FCF23B1968E6E600DFA0E5 /* MessageGroupConversationCell.m */,
				21FCF23C1968E6E600DFA0E5 /* MessageGroupConversationCell.xib */,
				2157372719850AEE0071C2EF /* ContactHeaderView.h */,
				2157372819850AEE0071C2EF /* ContactHeaderView.m */,
				2157372A19850B100071C2EF /* ContactHeaderView.xib */,
				2157372C19850D550071C2EF /* ContactIMUserTableViewCell.h */,
				2157372D19850D550071C2EF /* ContactIMUserTableViewCell.m */,
				2157372E19850D550071C2EF /* ContactIMUserTableViewCell.xib */,
				21573731198531A40071C2EF /* ContactPhoneTableViewCell.h */,
				21573732198531A40071C2EF /* ContactPhoneTableViewCell.m */,
				21573733198531A40071C2EF /* ContactPhoneTableViewCell.xib */,
			);
			path = cell;
			sourceTree = "<group>";
		};
		6D0D76751967B8AC0058DECF /* im_sdk */ = {
			isa = PBXGroup;
			children = (
				6D0D76761967B8AC0058DECF /* AsyncTCP.h */,
				6D0D76771967B8AC0058DECF /* AsyncTCP.m */,
				6D0D767A1967B8AC0058DECF /* IMService.h */,
				6D0D767B1967B8AC0058DECF /* IMService.m */,
				6D0D767C1967B8AC0058DECF /* Message.h */,
				6D0D767D1967B8AC0058DECF /* Message.m */,
				6D0D76801967B8AC0058DECF /* util.c */,
				6D0D76811967B8AC0058DECF /* util.h */,
			);
			path = im_sdk;
			sourceTree = "<group>";
		};
		6D0D76881967C1430058DECF /* leveldb */ = {
			isa = PBXGroup;
			children = (
				6D0D76891967C1430058DECF /* c.h */,
				6D0D768A1967C1430058DECF /* cache.h */,
				6D0D768B1967C1430058DECF /* comparator.h */,
				6D0D768C1967C1430058DECF /* db.h */,
				6D0D768D1967C1430058DECF /* env.h */,
				6D0D768E1967C1430058DECF /* filter_policy.h */,
				6D0D768F1967C1430058DECF /* iterator.h */,
				6D0D76911967C1430058DECF /* options.h */,
				6D0D76921967C1430058DECF /* slice.h */,
				6D0D76931967C1430058DECF /* status.h */,
				6D0D76941967C1430058DECF /* table.h */,
				6D0D76951967C1430058DECF /* table_builder.h */,
				6D0D76961967C1430058DECF /* write_batch.h */,
			);
			path = leveldb;
			sourceTree = "<group>";
		};
/* End PBXGroup section */

/* Begin PBXNativeTarget section */
		21798F92194E9C4600B67C1F /* Message */ = {
			isa = PBXNativeTarget;
			buildConfigurationList = 21798FBF194E9C4600B67C1F /* Build configuration list for PBXNativeTarget "Message" */;
			buildPhases = (
				21798F8F194E9C4600B67C1F /* Sources */,
				21798F90194E9C4600B67C1F /* Frameworks */,
				21798F91194E9C4600B67C1F /* Resources */,
			);
			buildRules = (
			);
			dependencies = (
			);
			name = Message;
			productName = Message;
			productReference = 21798F93194E9C4600B67C1F /* Message.app */;
			productType = "com.apple.product-type.application";
		};
		21798FAD194E9C4600B67C1F /* MessageTests */ = {
			isa = PBXNativeTarget;
			buildConfigurationList = 21798FC2194E9C4600B67C1F /* Build configuration list for PBXNativeTarget "MessageTests" */;
			buildPhases = (
				21798FAA194E9C4600B67C1F /* Sources */,
				21798FAB194E9C4600B67C1F /* Frameworks */,
				21798FAC194E9C4600B67C1F /* Resources */,
			);
			buildRules = (
			);
			dependencies = (
				21798FB4194E9C4600B67C1F /* PBXTargetDependency */,
			);
			name = MessageTests;
			productName = MessageTests;
			productReference = 21798FAE194E9C4600B67C1F /* MessageTests.xctest */;
			productType = "com.apple.product-type.bundle.unit-test";
		};
/* End PBXNativeTarget section */

/* Begin PBXProject section */
		21798F8B194E9C4600B67C1F /* Project object */ = {
			isa = PBXProject;
			attributes = {
				LastUpgradeCheck = 0510;
				ORGANIZATIONNAME = daozhu;
				TargetAttributes = {
					21798F92194E9C4600B67C1F = {
						DevelopmentTeam = 7BYWNXT9F3;
					};
					21798FAD194E9C4600B67C1F = {
						TestTargetID = 21798F92194E9C4600B67C1F;
					};
				};
			};
			buildConfigurationList = 21798F8E194E9C4600B67C1F /* Build configuration list for PBXProject "Message" */;
			compatibilityVersion = "Xcode 3.2";
			developmentRegion = English;
			hasScannedForEncodings = 0;
			knownRegions = (
				en,
				"zh-Hans",
			);
			mainGroup = 21798F8A194E9C4600B67C1F;
			productRefGroup = 21798F94194E9C4600B67C1F /* Products */;
			projectDirPath = "";
			projectRoot = "";
			targets = (
				21798F92194E9C4600B67C1F /* Message */,
				21798FAD194E9C4600B67C1F /* MessageTests */,
			);
		};
/* End PBXProject section */

/* Begin PBXResourcesBuildPhase section */
		21798F91194E9C4600B67C1F /* Resources */ = {
			isa = PBXResourcesBuildPhase;
			buildActionMask = 2147483647;
			files = (
				217261AD1954173200F09E33 /* InfoPlist.strings in Resources */,
				21798FA1194E9C4600B67C1F /* InfoPlist.strings in Resources */,
				210564FD19695FC1008D3A83 /* input-field@2x.png in Resources */,
				21F419E01981493000934ACA /* customStatus.plist in Resources */,
				210564F719695FC1008D3A83 /* bubble-typing@2x.png in Resources */,
				210564FB19695FC1008D3A83 /* input-bar@2x.png in Resources */,
				2105650119695FC1008D3A83 /* send-highlighted@2x.png in Resources */,
				2105650F1969839F008D3A83 /* ConversationHeadButtonView.xib in Resources */,
				2105650219695FC1008D3A83 /* send.png in Resources */,
				210564F819695FC1008D3A83 /* input-bar-flat.png in Resources */,
				21573735198531A40071C2EF /* ContactPhoneTableViewCell.xib in Resources */,
				210564F619695FC1008D3A83 /* bubble-typing.png in Resources */,
				210564FC19695FC1008D3A83 /* input-field.png in Resources */,
				6D762170198362DE00B690D7 /* LoginViewController.xib in Resources */,
				2157372B19850B100071C2EF /* ContactHeaderView.xib in Resources */,
				210564FF19695FC1008D3A83 /* PhotoIcon@2x.png in Resources */,
				212F28FD197BF6420066A166 /* MessageTableSectionHeaderView.xib in Resources */,
				210564FE19695FC1008D3A83 /* PhotoIcon.png in Resources */,
				2105650019695FC1008D3A83 /* send-highlighted.png in Resources */,
				2105650519695FC1008D3A83 /* messageSent.aiff in Resources */,
				210564FA19695FC1008D3A83 /* input-bar.png in Resources */,
				210564F919695FC1008D3A83 /* input-bar-flat@2x.png in Resources */,
				210564C719695FC1008D3A83 /* ContactViewController.xib in Resources */,
				21798FA9194E9C4600B67C1F /* Images.xcassets in Resources */,
				2157373019850D550071C2EF /* ContactIMUserTableViewCell.xib in Resources */,
				2105650319695FC1008D3A83 /* send@2x.png in Resources */,
				2105650419695FC1008D3A83 /* messageReceived.aiff in Resources */,
				210564CF19695FC1008D3A83 /* SettingViewController.xib in Resources */,
				210564C919695FC1008D3A83 /* CustomStatusViewController.xib in Resources */,
				21FCF2391968E6A500DFA0E5 /* MessageConversationCell.xib in Resources */,
				21FCF23E1968E6E600DFA0E5 /* MessageGroupConversationCell.xib in Resources */,
			);
			runOnlyForDeploymentPostprocessing = 0;
		};
		21798FAC194E9C4600B67C1F /* Resources */ = {
			isa = PBXResourcesBuildPhase;
			buildActionMask = 2147483647;
			files = (
				21798FBA194E9C4600B67C1F /* InfoPlist.strings in Resources */,
			);
			runOnlyForDeploymentPostprocessing = 0;
		};
/* End PBXResourcesBuildPhase section */

/* Begin PBXSourcesBuildPhase section */
		21798F8F194E9C4600B67C1F /* Sources */ = {
			isa = PBXSourcesBuildPhase;
			buildActionMask = 2147483647;
			files = (
				2157372F19850D550071C2EF /* ContactIMUserTableViewCell.m in Sources */,
				21150CA2196F78A5009DE9DE /* UserPresent.m in Sources */,
				6D776315197B6D6B0090D511 /* MainTabBarController.m in Sources */,
				2173C66919738745004A88A5 /* SDWebImagePrefetcher.m in Sources */,
				21798FA7194E9C4600B67C1F /* AppDelegate.m in Sources */,
				6D76216F198362DE00B690D7 /* LoginViewController.m in Sources */,
				21150CA5196F78C8009DE9DE /* PhoneNumber.m in Sources */,
				210564CD19695FC1008D3A83 /* MessageViewController.m in Sources */,
				6D0D76A9196910130058DECF /* IMContact.m in Sources */,
				21FCF22E1968659C00DFA0E5 /* ContactDB.m in Sources */,
				6D76215D197ECA9300B690D7 /* PeerMessageHandler.m in Sources */,
				6D762161197ECAE800B690D7 /* MessageDB.m in Sources */,
				21150CA0196F78A5009DE9DE /* User.m in Sources */,
				2105650619695FC1008D3A83 /* UIButton+JSMessagesView.m in Sources */,
				2105650819695FC1008D3A83 /* UIImage+JSMessagesView.m in Sources */,
				21573734198531A40071C2EF /* ContactPhoneTableViewCell.m in Sources */,
				2173C66619738745004A88A5 /* SDWebImageDownloader.m in Sources */,
				2173C66819738745004A88A5 /* SDWebImageManager.m in Sources */,
				210564CE19695FC1008D3A83 /* SettingViewController.m in Sources */,
				21050A3819741B1900F26E43 /* PublicFunc.m in Sources */,
				2173C66B19738745004A88A5 /* UIImage+GIF.m in Sources */,
				6D76215B197ECA9300B690D7 /* LevelDB.mm in Sources */,
				21FCF23D1968E6E600DFA0E5 /* MessageGroupConversationCell.m in Sources */,
				6D762158197ECA9300B690D7 /* GroupMessageDB.m in Sources */,
				2142CB62196268860002E4A9 /* ABContact.m in Sources */,
				2173C66A19738745004A88A5 /* UIButton+WebCache.m in Sources */,
				2173C66719738745004A88A5 /* SDWebImageDownloaderOperation.m in Sources */,
				2105650719695FC1008D3A83 /* UIColor+JSMessagesView.m in Sources */,
				6D76216819834DA100B690D7 /* MBProgressHUD.m in Sources */,
				6D76215E197ECA9300B690D7 /* ReverseFile.m in Sources */,
				210564D019695FC1008D3A83 /* JSBubbleMessageCell.m in Sources */,
				6D0D76841967B8AC0058DECF /* IMService.m in Sources */,
				2142CB69196268860002E4A9 /* pinyin.c in Sources */,
				2173C66319738745004A88A5 /* SDImageCache.m in Sources */,
				2173C66119738745004A88A5 /* MKAnnotationView+WebCache.m in Sources */,
				2173C66E19738745004A88A5 /* UIImageView+WebCache.m in Sources */,
				210564CC19695FC1008D3A83 /* MessageListViewController.m in Sources */,
				21150CAB196F7910009DE9DE /* Token.m in Sources */,
				217F2C30196D62680064F478 /* MessageShowThePotraitViewController.m in Sources */,
				6D76215C197ECA9300B690D7 /* PeerMessageDB.m in Sources */,
				6D0D76871967B8AC0058DECF /* util.c in Sources */,
				2173C66219738745004A88A5 /* NSData+GIF.m in Sources */,
				21FCF2381968E6A500DFA0E5 /* MessageConversationCell.m in Sources */,
				2173C66519738745004A88A5 /* SDWebImageDecoder.m in Sources */,
				6D76215A197ECA9300B690D7 /* IMessage.m in Sources */,
				6D32393A19BD6482005A00B2 /* MessageInputView.m in Sources */,
				6D32394019BD962C005A00B2 /* FileCache.m in Sources */,
				210564C619695FC1008D3A83 /* ContactViewController.m in Sources */,
				6D0D76821967B8AC0058DECF /* AsyncTCP.m in Sources */,
				6D0D76851967B8AC0058DECF /* Message.m in Sources */,
				2105650919695FC1008D3A83 /* UIView+AnimationOptionsForCurve.m in Sources */,
				2173C66D19738745004A88A5 /* UIImage+WebP.m in Sources */,
				21150CAE196F79AA009DE9DE /* TAHttpOperation.m in Sources */,
				210564D719695FC1008D3A83 /* NSString+JSMessagesView.m in Sources */,
				6D762156197ECA9300B690D7 /* Group.m in Sources */,
				6D762159197ECA9300B690D7 /* GroupMessageHandler.m in Sources */,
				21798FA3194E9C4600B67C1F /* main.m in Sources */,
				2157372919850AEE0071C2EF /* ContactHeaderView.m in Sources */,
				21150CA1196F78A5009DE9DE /* UserDB.m in Sources */,
				210564D319695FC1008D3A83 /* JSMessageInputView.m in Sources */,
				210564D619695FC1008D3A83 /* JSMessageTextView.m in Sources */,
				6D76216B19835F1000B690D7 /* APIRequest.m in Sources */,
				2173C66C19738745004A88A5 /* UIImage+MultiFormat.m in Sources */,
				210564D419695FC1008D3A83 /* JSMessageSoundEffect.m in Sources */,
				210564D119695FC1008D3A83 /* JSBubbleView.m in Sources */,
				2105650E1969839F008D3A83 /* ConversationHeadButtonView.m in Sources */,
				210564D219695FC1008D3A83 /* JSDismissiveTextView.m in Sources */,
				21150CAA196F7910009DE9DE /* Config.m in Sources */,
				6D762157197ECA9300B690D7 /* GroupDB.m in Sources */,
				210564C819695FC1008D3A83 /* CustomStatusViewController.m in Sources */,
				212F28FC197BF6420066A166 /* MessageTableSectionHeaderView.m in Sources */,
				210564C519695FC1008D3A83 /* ContactListTableViewController.m in Sources */,
				2173C66419738745004A88A5 /* SDWebImageCompat.m in Sources */,
			);
			runOnlyForDeploymentPostprocessing = 0;
		};
		21798FAA194E9C4600B67C1F /* Sources */ = {
			isa = PBXSourcesBuildPhase;
			buildActionMask = 2147483647;
			files = (
				6D11C72F19BB3D3F00E67389 /* APITests.m in Sources */,
				21798FBC194E9C4600B67C1F /* MessageTests.m in Sources */,
			);
			runOnlyForDeploymentPostprocessing = 0;
		};
/* End PBXSourcesBuildPhase section */

/* Begin PBXTargetDependency section */
		21798FB4194E9C4600B67C1F /* PBXTargetDependency */ = {
			isa = PBXTargetDependency;
			target = 21798F92194E9C4600B67C1F /* Message */;
			targetProxy = 21798FB3194E9C4600B67C1F /* PBXContainerItemProxy */;
		};
/* End PBXTargetDependency section */

/* Begin PBXVariantGroup section */
		217261AB1954173200F09E33 /* InfoPlist.strings */ = {
			isa = PBXVariantGroup;
			children = (
				217261AC1954173200F09E33 /* en */,
				486FF44919BB0ED60040AE10 /* zh-Hans */,
			);
			name = InfoPlist.strings;
			sourceTree = "<group>";
		};
		21798F9F194E9C4600B67C1F /* InfoPlist.strings */ = {
			isa = PBXVariantGroup;
			children = (
				21798FA0194E9C4600B67C1F /* en */,
				486FF44A19BB0ED60040AE10 /* zh-Hans */,
			);
			name = InfoPlist.strings;
			sourceTree = "<group>";
		};
		21798FB8194E9C4600B67C1F /* InfoPlist.strings */ = {
			isa = PBXVariantGroup;
			children = (
				21798FB9194E9C4600B67C1F /* en */,
				486FF44B19BB0ED60040AE10 /* zh-Hans */,
			);
			name = InfoPlist.strings;
			sourceTree = "<group>";
		};
/* End PBXVariantGroup section */

/* Begin XCBuildConfiguration section */
		21798FBD194E9C4600B67C1F /* Debug */ = {
			isa = XCBuildConfiguration;
			buildSettings = {
				ALWAYS_SEARCH_USER_PATHS = NO;
				CLANG_CXX_LANGUAGE_STANDARD = "gnu++0x";
				CLANG_CXX_LIBRARY = "libc++";
				CLANG_ENABLE_MODULES = YES;
				CLANG_ENABLE_OBJC_ARC = YES;
				CLANG_WARN_BOOL_CONVERSION = YES;
				CLANG_WARN_CONSTANT_CONVERSION = YES;
				CLANG_WARN_DIRECT_OBJC_ISA_USAGE = YES_ERROR;
				CLANG_WARN_EMPTY_BODY = YES;
				CLANG_WARN_ENUM_CONVERSION = YES;
				CLANG_WARN_INT_CONVERSION = YES;
				CLANG_WARN_OBJC_ROOT_CLASS = YES_ERROR;
				CLANG_WARN__DUPLICATE_METHOD_MATCH = YES;
				CODE_SIGN_IDENTITY = "iPhone Developer: Zhifeng Zhou (PV548P44SL)";
				"CODE_SIGN_IDENTITY[sdk=iphoneos*]" = "iPhone Developer: Zhifeng Zhou (PV548P44SL)";
				COPY_PHASE_STRIP = NO;
				GCC_C_LANGUAGE_STANDARD = gnu99;
				GCC_DYNAMIC_NO_PIC = NO;
				GCC_OPTIMIZATION_LEVEL = 0;
				GCC_PREPROCESSOR_DEFINITIONS = (
					"DEBUG=1",
					"$(inherited)",
				);
				GCC_SYMBOLS_PRIVATE_EXTERN = NO;
				GCC_WARN_64_TO_32_BIT_CONVERSION = YES;
				GCC_WARN_ABOUT_RETURN_TYPE = YES_ERROR;
				GCC_WARN_UNDECLARED_SELECTOR = YES;
				GCC_WARN_UNINITIALIZED_AUTOS = YES_AGGRESSIVE;
				GCC_WARN_UNUSED_FUNCTION = YES;
				GCC_WARN_UNUSED_VARIABLE = YES;
				IPHONEOS_DEPLOYMENT_TARGET = 7.1;
				ONLY_ACTIVE_ARCH = YES;
				PROVISIONING_PROFILE = "3C196E16-2F1A-488C-BC6F-BA3F5A34C009";
				SDKROOT = iphoneos;
				TARGETED_DEVICE_FAMILY = 2;
			};
			name = Debug;
		};
		21798FBE194E9C4600B67C1F /* Release */ = {
			isa = XCBuildConfiguration;
			buildSettings = {
				ALWAYS_SEARCH_USER_PATHS = NO;
				CLANG_CXX_LANGUAGE_STANDARD = "gnu++0x";
				CLANG_CXX_LIBRARY = "libc++";
				CLANG_ENABLE_MODULES = YES;
				CLANG_ENABLE_OBJC_ARC = YES;
				CLANG_WARN_BOOL_CONVERSION = YES;
				CLANG_WARN_CONSTANT_CONVERSION = YES;
				CLANG_WARN_DIRECT_OBJC_ISA_USAGE = YES_ERROR;
				CLANG_WARN_EMPTY_BODY = YES;
				CLANG_WARN_ENUM_CONVERSION = YES;
				CLANG_WARN_INT_CONVERSION = YES;
				CLANG_WARN_OBJC_ROOT_CLASS = YES_ERROR;
				CLANG_WARN__DUPLICATE_METHOD_MATCH = YES;
				CODE_SIGN_IDENTITY = "iPhone Distribution: Zhifeng Zhou (HB5A8TLKYL)";
				"CODE_SIGN_IDENTITY[sdk=iphoneos*]" = "iPhone Distribution: Zhifeng Zhou (HB5A8TLKYL)";
				COPY_PHASE_STRIP = YES;
				ENABLE_NS_ASSERTIONS = NO;
				GCC_C_LANGUAGE_STANDARD = gnu99;
				GCC_WARN_64_TO_32_BIT_CONVERSION = YES;
				GCC_WARN_ABOUT_RETURN_TYPE = YES_ERROR;
				GCC_WARN_UNDECLARED_SELECTOR = YES;
				GCC_WARN_UNINITIALIZED_AUTOS = YES_AGGRESSIVE;
				GCC_WARN_UNUSED_FUNCTION = YES;
				GCC_WARN_UNUSED_VARIABLE = YES;
				IPHONEOS_DEPLOYMENT_TARGET = 7.1;
				PROVISIONING_PROFILE = "B2FFFC65-AF06-4CDA-B6A2-80327E5EFAB5";
				SDKROOT = iphoneos;
				TARGETED_DEVICE_FAMILY = 2;
				VALIDATE_PRODUCT = YES;
			};
			name = Release;
		};
		21798FC0194E9C4600B67C1F /* Debug */ = {
			isa = XCBuildConfiguration;
			buildSettings = {
				ASSETCATALOG_COMPILER_APPICON_NAME = AppIcon;
				ASSETCATALOG_COMPILER_LAUNCHIMAGE_NAME = LaunchImage;
				CODE_SIGN_IDENTITY = "iPhone Developer: Zhifeng Zhou (PV548P44SL)";
				"CODE_SIGN_IDENTITY[sdk=iphoneos*]" = "iPhone Developer: Zhifeng Zhou (PV548P44SL)";
				GCC_PRECOMPILE_PREFIX_HEADER = YES;
				GCC_PREFIX_HEADER = "Message/Message-Prefix.pch";
				INFOPLIST_FILE = "Message/Message-Info.plist";
				IPHONEOS_DEPLOYMENT_TARGET = 6.0;
				LIBRARY_SEARCH_PATHS = (
					"$(inherited)",
					"$(PROJECT_DIR)/Message/backend/leveldb",
				);
				PRODUCT_NAME = "$(TARGET_NAME)";
				PROVISIONING_PROFILE = "3C196E16-2F1A-488C-BC6F-BA3F5A34C009";
				TARGETED_DEVICE_FAMILY = 1;
				USER_HEADER_SEARCH_PATHS = Message/backend/;
				WRAPPER_EXTENSION = app;
			};
			name = Debug;
		};
		21798FC1194E9C4600B67C1F /* Release */ = {
			isa = XCBuildConfiguration;
			buildSettings = {
				ASSETCATALOG_COMPILER_APPICON_NAME = AppIcon;
				ASSETCATALOG_COMPILER_LAUNCHIMAGE_NAME = LaunchImage;
				CODE_SIGN_IDENTITY = "iPhone Developer";
				"CODE_SIGN_IDENTITY[sdk=iphoneos*]" = "iPhone Developer";
				GCC_PRECOMPILE_PREFIX_HEADER = YES;
				GCC_PREFIX_HEADER = "Message/Message-Prefix.pch";
				INFOPLIST_FILE = "Message/Message-Info.plist";
				IPHONEOS_DEPLOYMENT_TARGET = 6.0;
				LIBRARY_SEARCH_PATHS = (
					"$(inherited)",
					"$(PROJECT_DIR)/Message/backend/leveldb",
				);
				PRODUCT_NAME = "$(TARGET_NAME)";
				PROVISIONING_PROFILE = "3C196E16-2F1A-488C-BC6F-BA3F5A34C009";
				TARGETED_DEVICE_FAMILY = 1;
				USER_HEADER_SEARCH_PATHS = Message/backend/;
				WRAPPER_EXTENSION = app;
			};
			name = Release;
		};
		21798FC3194E9C4600B67C1F /* Debug */ = {
			isa = XCBuildConfiguration;
			buildSettings = {
				BUNDLE_LOADER = "$(BUILT_PRODUCTS_DIR)/Message.app/Message";
				FRAMEWORK_SEARCH_PATHS = (
					"$(SDKROOT)/Developer/Library/Frameworks",
					"$(inherited)",
					"$(DEVELOPER_FRAMEWORKS_DIR)",
				);
				GCC_PRECOMPILE_PREFIX_HEADER = YES;
				GCC_PREFIX_HEADER = "Message/Message-Prefix.pch";
				GCC_PREPROCESSOR_DEFINITIONS = (
					"DEBUG=1",
					"$(inherited)",
				);
				INFOPLIST_FILE = "MessageTests/MessageTests-Info.plist";
				PRODUCT_NAME = "$(TARGET_NAME)";
				TEST_HOST = "$(BUNDLE_LOADER)";
				WRAPPER_EXTENSION = xctest;
			};
			name = Debug;
		};
		21798FC4194E9C4600B67C1F /* Release */ = {
			isa = XCBuildConfiguration;
			buildSettings = {
				BUNDLE_LOADER = "$(BUILT_PRODUCTS_DIR)/Message.app/Message";
				FRAMEWORK_SEARCH_PATHS = (
					"$(SDKROOT)/Developer/Library/Frameworks",
					"$(inherited)",
					"$(DEVELOPER_FRAMEWORKS_DIR)",
				);
				GCC_PRECOMPILE_PREFIX_HEADER = YES;
				GCC_PREFIX_HEADER = "Message/Message-Prefix.pch";
				INFOPLIST_FILE = "MessageTests/MessageTests-Info.plist";
				PRODUCT_NAME = "$(TARGET_NAME)";
				TEST_HOST = "$(BUNDLE_LOADER)";
				WRAPPER_EXTENSION = xctest;
			};
			name = Release;
		};
/* End XCBuildConfiguration section */

/* Begin XCConfigurationList section */
		21798F8E194E9C4600B67C1F /* Build configuration list for PBXProject "Message" */ = {
			isa = XCConfigurationList;
			buildConfigurations = (
				21798FBD194E9C4600B67C1F /* Debug */,
				21798FBE194E9C4600B67C1F /* Release */,
			);
			defaultConfigurationIsVisible = 0;
			defaultConfigurationName = Release;
		};
		21798FBF194E9C4600B67C1F /* Build configuration list for PBXNativeTarget "Message" */ = {
			isa = XCConfigurationList;
			buildConfigurations = (
				21798FC0194E9C4600B67C1F /* Debug */,
				21798FC1194E9C4600B67C1F /* Release */,
			);
			defaultConfigurationIsVisible = 0;
			defaultConfigurationName = Release;
		};
		21798FC2194E9C4600B67C1F /* Build configuration list for PBXNativeTarget "MessageTests" */ = {
			isa = XCConfigurationList;
			buildConfigurations = (
				21798FC3194E9C4600B67C1F /* Debug */,
				21798FC4194E9C4600B67C1F /* Release */,
			);
			defaultConfigurationIsVisible = 0;
			defaultConfigurationName = Release;
		};
/* End XCConfigurationList section */
	};
	rootObject = 21798F8B194E9C4600B67C1F /* Project object */;
}
