// !$*UTF8*$!
{
	archiveVersion = 1;
	classes = {
	};
	objectVersion = 46;
	objects = {

/* Begin PBXBuildFile section */
		2105646519694FA5008D3A83 /* arrow.png in Resources */ = {isa = PBXBuildFile; fileRef = 2105646419694FA5008D3A83 /* arrow.png */; };
		2119FE481962949900E23B4F /* UserPresent.m in Sources */ = {isa = PBXBuildFile; fileRef = 2119FE471962949900E23B4F /* UserPresent.m */; };
		2119FE4B1962A2D100E23B4F /* head1.png in Resources */ = {isa = PBXBuildFile; fileRef = 2119FE491962A2D100E23B4F /* head1.png */; };
		2119FE4C1962A2D100E23B4F /* head2.png in Resources */ = {isa = PBXBuildFile; fileRef = 2119FE4A1962A2D100E23B4F /* head2.png */; };
		2119FE731962AD7700E23B4F /* libsqlite3.0.dylib in Frameworks */ = {isa = PBXBuildFile; fileRef = 2119FE721962AD7700E23B4F /* libsqlite3.0.dylib */; };
		2119FE7A1962AEE800E23B4F /* MessageModel.m in Sources */ = {isa = PBXBuildFile; fileRef = 2119FE791962AEE800E23B4F /* MessageModel.m */; };
		2142CB0A196263BB0002E4A9 /* LoginViewController.m in Sources */ = {isa = PBXBuildFile; fileRef = 2142CB08196263BB0002E4A9 /* LoginViewController.m */; };
		2142CB0B196263BB0002E4A9 /* LoginViewController.xib in Resources */ = {isa = PBXBuildFile; fileRef = 2142CB09196263BB0002E4A9 /* LoginViewController.xib */; };
		2142CB3A196268490002E4A9 /* contact.png in Resources */ = {isa = PBXBuildFile; fileRef = 2142CB21196268490002E4A9 /* contact.png */; };
		2142CB3B196268490002E4A9 /* conversation.png in Resources */ = {isa = PBXBuildFile; fileRef = 2142CB22196268490002E4A9 /* conversation.png */; };
		2142CB3C196268490002E4A9 /* login_add_account.png in Resources */ = {isa = PBXBuildFile; fileRef = 2142CB24196268490002E4A9 /* login_add_account.png */; };
		2142CB3D196268490002E4A9 /* login_add_account@2x.png in Resources */ = {isa = PBXBuildFile; fileRef = 2142CB25196268490002E4A9 /* login_add_account@2x.png */; };
		2142CB3E196268490002E4A9 /* login_avatar_mask_normal.png in Resources */ = {isa = PBXBuildFile; fileRef = 2142CB26196268490002E4A9 /* login_avatar_mask_normal.png */; };
		2142CB3F196268490002E4A9 /* login_avatar_mask_normal@2x.png in Resources */ = {isa = PBXBuildFile; fileRef = 2142CB27196268490002E4A9 /* login_avatar_mask_normal@2x.png */; };
		2142CB40196268490002E4A9 /* login_button_normal.png in Resources */ = {isa = PBXBuildFile; fileRef = 2142CB28196268490002E4A9 /* login_button_normal.png */; };
		2142CB41196268490002E4A9 /* login_button_normal@2x.png in Resources */ = {isa = PBXBuildFile; fileRef = 2142CB29196268490002E4A9 /* login_button_normal@2x.png */; };
		2142CB42196268490002E4A9 /* login_checkbox_checked.png in Resources */ = {isa = PBXBuildFile; fileRef = 2142CB2A196268490002E4A9 /* login_checkbox_checked.png */; };
		2142CB43196268490002E4A9 /* login_checkbox_checked@2x.png in Resources */ = {isa = PBXBuildFile; fileRef = 2142CB2B196268490002E4A9 /* login_checkbox_checked@2x.png */; };
		2142CB44196268490002E4A9 /* login_checkbox_normal.png in Resources */ = {isa = PBXBuildFile; fileRef = 2142CB2C196268490002E4A9 /* login_checkbox_normal.png */; };
		2142CB45196268490002E4A9 /* login_checkbox_normal@2x.png in Resources */ = {isa = PBXBuildFile; fileRef = 2142CB2D196268490002E4A9 /* login_checkbox_normal@2x.png */; };
		2142CB46196268490002E4A9 /* login_default_avatar.png in Resources */ = {isa = PBXBuildFile; fileRef = 2142CB2E196268490002E4A9 /* login_default_avatar.png */; };
		2142CB47196268490002E4A9 /* login_default_avatar@2x.png in Resources */ = {isa = PBXBuildFile; fileRef = 2142CB2F196268490002E4A9 /* login_default_avatar@2x.png */; };
		2142CB48196268490002E4A9 /* login_input_bg.png in Resources */ = {isa = PBXBuildFile; fileRef = 2142CB30196268490002E4A9 /* login_input_bg.png */; };
		2142CB49196268490002E4A9 /* login_input_bg@2x.png in Resources */ = {isa = PBXBuildFile; fileRef = 2142CB31196268490002E4A9 /* login_input_bg@2x.png */; };
		2142CB4A196268490002E4A9 /* login_separator.png in Resources */ = {isa = PBXBuildFile; fileRef = 2142CB32196268490002E4A9 /* login_separator.png */; };
		2142CB4B196268490002E4A9 /* login_separator@2x.png in Resources */ = {isa = PBXBuildFile; fileRef = 2142CB33196268490002E4A9 /* login_separator@2x.png */; };
		2142CB4C196268490002E4A9 /* login_stack_bg.png in Resources */ = {isa = PBXBuildFile; fileRef = 2142CB34196268490002E4A9 /* login_stack_bg.png */; };
		2142CB4D196268490002E4A9 /* login_stack_bg@2x.png in Resources */ = {isa = PBXBuildFile; fileRef = 2142CB35196268490002E4A9 /* login_stack_bg@2x.png */; };
		2142CB4E196268490002E4A9 /* logout_btn_bg@2x.png in Resources */ = {isa = PBXBuildFile; fileRef = 2142CB36196268490002E4A9 /* logout_btn_bg@2x.png */; };
		2142CB4F196268490002E4A9 /* logout_btn_bg_highlighted@2x.png in Resources */ = {isa = PBXBuildFile; fileRef = 2142CB37196268490002E4A9 /* logout_btn_bg_highlighted@2x.png */; };
		2142CB50196268490002E4A9 /* message.png in Resources */ = {isa = PBXBuildFile; fileRef = 2142CB38196268490002E4A9 /* message.png */; };
		2142CB51196268490002E4A9 /* setting.png in Resources */ = {isa = PBXBuildFile; fileRef = 2142CB39196268490002E4A9 /* setting.png */; };
		2142CB62196268860002E4A9 /* ABContact.m in Sources */ = {isa = PBXBuildFile; fileRef = 2142CB54196268860002E4A9 /* ABContact.m */; };
		2142CB69196268860002E4A9 /* pinyin.c in Sources */ = {isa = PBXBuildFile; fileRef = 2142CB60196268860002E4A9 /* pinyin.c */; };
		217260EA195413F800F09E33 /* MessageListTableViewController.m in Sources */ = {isa = PBXBuildFile; fileRef = 217260E9195413F800F09E33 /* MessageListTableViewController.m */; };
		2172611C1954142400F09E33 /* SettingViewController.m in Sources */ = {isa = PBXBuildFile; fileRef = 217261191954142400F09E33 /* SettingViewController.m */; };
		2172611D1954142400F09E33 /* SettingViewController.xib in Resources */ = {isa = PBXBuildFile; fileRef = 2172611A1954142400F09E33 /* SettingViewController.xib */; };
		2172611E1954142400F09E33 /* SystemSetViewController.xib in Resources */ = {isa = PBXBuildFile; fileRef = 2172611B1954142400F09E33 /* SystemSetViewController.xib */; };
		217261611954151300F09E33 /* JSBubbleMessageCell.m in Sources */ = {isa = PBXBuildFile; fileRef = 217261211954151300F09E33 /* JSBubbleMessageCell.m */; };
		217261621954151300F09E33 /* JSBubbleView.m in Sources */ = {isa = PBXBuildFile; fileRef = 217261231954151300F09E33 /* JSBubbleView.m */; };
		217261631954151300F09E33 /* JSDismissiveTextView.m in Sources */ = {isa = PBXBuildFile; fileRef = 217261251954151300F09E33 /* JSDismissiveTextView.m */; };
		217261641954151300F09E33 /* JSMessageInputView.m in Sources */ = {isa = PBXBuildFile; fileRef = 217261271954151300F09E33 /* JSMessageInputView.m */; };
		217261651954151300F09E33 /* JSMessageSoundEffect.m in Sources */ = {isa = PBXBuildFile; fileRef = 217261291954151300F09E33 /* JSMessageSoundEffect.m */; };
		217261661954151300F09E33 /* JSMessagesViewController.m in Sources */ = {isa = PBXBuildFile; fileRef = 2172612B1954151300F09E33 /* JSMessagesViewController.m */; };
		217261671954151300F09E33 /* JSMessageTextView.m in Sources */ = {isa = PBXBuildFile; fileRef = 2172612D1954151300F09E33 /* JSMessageTextView.m */; };
		217261681954151300F09E33 /* NSString+JSMessagesView.m in Sources */ = {isa = PBXBuildFile; fileRef = 2172612F1954151300F09E33 /* NSString+JSMessagesView.m */; };
		217261691954151300F09E33 /* bubble-default-incoming-green.png in Resources */ = {isa = PBXBuildFile; fileRef = 217261321954151300F09E33 /* bubble-default-incoming-green.png */; };
		2172616A1954151300F09E33 /* bubble-default-incoming-green@2x.png in Resources */ = {isa = PBXBuildFile; fileRef = 217261331954151300F09E33 /* bubble-default-incoming-green@2x.png */; };
		2172616B1954151300F09E33 /* bubble-default-incoming-selected.png in Resources */ = {isa = PBXBuildFile; fileRef = 217261341954151300F09E33 /* bubble-default-incoming-selected.png */; };
		2172616C1954151300F09E33 /* bubble-default-incoming-selected@2x.png in Resources */ = {isa = PBXBuildFile; fileRef = 217261351954151300F09E33 /* bubble-default-incoming-selected@2x.png */; };
		2172616D1954151300F09E33 /* bubble-default-incoming.png in Resources */ = {isa = PBXBuildFile; fileRef = 217261361954151300F09E33 /* bubble-default-incoming.png */; };
		2172616E1954151300F09E33 /* bubble-default-incoming@2x.png in Resources */ = {isa = PBXBuildFile; fileRef = 217261371954151300F09E33 /* bubble-default-incoming@2x.png */; };
		2172616F1954151300F09E33 /* bubble-default-outgoing-green.png in Resources */ = {isa = PBXBuildFile; fileRef = 217261381954151300F09E33 /* bubble-default-outgoing-green.png */; };
		217261701954151300F09E33 /* bubble-default-outgoing-green@2x.png in Resources */ = {isa = PBXBuildFile; fileRef = 217261391954151300F09E33 /* bubble-default-outgoing-green@2x.png */; };
		217261711954151300F09E33 /* bubble-default-outgoing-selected.png in Resources */ = {isa = PBXBuildFile; fileRef = 2172613A1954151300F09E33 /* bubble-default-outgoing-selected.png */; };
		217261721954151300F09E33 /* bubble-default-outgoing-selected@2x.png in Resources */ = {isa = PBXBuildFile; fileRef = 2172613B1954151300F09E33 /* bubble-default-outgoing-selected@2x.png */; };
		217261731954151300F09E33 /* bubble-default-outgoing.png in Resources */ = {isa = PBXBuildFile; fileRef = 2172613C1954151300F09E33 /* bubble-default-outgoing.png */; };
		217261741954151300F09E33 /* bubble-default-outgoing@2x.png in Resources */ = {isa = PBXBuildFile; fileRef = 2172613D1954151300F09E33 /* bubble-default-outgoing@2x.png */; };
		217261751954151300F09E33 /* bubble-flat-incoming-selected.png in Resources */ = {isa = PBXBuildFile; fileRef = 2172613E1954151300F09E33 /* bubble-flat-incoming-selected.png */; };
		217261761954151300F09E33 /* bubble-flat-incoming-selected@2x.png in Resources */ = {isa = PBXBuildFile; fileRef = 2172613F1954151300F09E33 /* bubble-flat-incoming-selected@2x.png */; };
		217261771954151300F09E33 /* bubble-flat-incoming.png in Resources */ = {isa = PBXBuildFile; fileRef = 217261401954151300F09E33 /* bubble-flat-incoming.png */; };
		217261781954151300F09E33 /* bubble-flat-incoming@2x.png in Resources */ = {isa = PBXBuildFile; fileRef = 217261411954151300F09E33 /* bubble-flat-incoming@2x.png */; };
		217261791954151300F09E33 /* bubble-flat-outgoing-old.png in Resources */ = {isa = PBXBuildFile; fileRef = 217261421954151300F09E33 /* bubble-flat-outgoing-old.png */; };
		2172617A1954151300F09E33 /* bubble-flat-outgoing-old@2x.png in Resources */ = {isa = PBXBuildFile; fileRef = 217261431954151300F09E33 /* bubble-flat-outgoing-old@2x.png */; };
		2172617B1954151300F09E33 /* bubble-flat-outgoing-selected.png in Resources */ = {isa = PBXBuildFile; fileRef = 217261441954151300F09E33 /* bubble-flat-outgoing-selected.png */; };
		2172617C1954151300F09E33 /* bubble-flat-outgoing-selected@2x.png in Resources */ = {isa = PBXBuildFile; fileRef = 217261451954151300F09E33 /* bubble-flat-outgoing-selected@2x.png */; };
		2172617D1954151300F09E33 /* bubble-flat-outgoing.png in Resources */ = {isa = PBXBuildFile; fileRef = 217261461954151300F09E33 /* bubble-flat-outgoing.png */; };
		2172617E1954151300F09E33 /* bubble-flat-outgoing@2x.png in Resources */ = {isa = PBXBuildFile; fileRef = 217261471954151300F09E33 /* bubble-flat-outgoing@2x.png */; };
		2172617F1954151300F09E33 /* bubble-square-incoming-selected.png in Resources */ = {isa = PBXBuildFile; fileRef = 217261481954151300F09E33 /* bubble-square-incoming-selected.png */; };
		217261801954151300F09E33 /* bubble-square-incoming-selected@2x.png in Resources */ = {isa = PBXBuildFile; fileRef = 217261491954151300F09E33 /* bubble-square-incoming-selected@2x.png */; };
		217261811954151300F09E33 /* bubble-square-incoming.png in Resources */ = {isa = PBXBuildFile; fileRef = 2172614A1954151300F09E33 /* bubble-square-incoming.png */; };
		217261821954151300F09E33 /* bubble-square-incoming@2x.png in Resources */ = {isa = PBXBuildFile; fileRef = 2172614B1954151300F09E33 /* bubble-square-incoming@2x.png */; };
		217261831954151300F09E33 /* bubble-square-outgoing-selected.png in Resources */ = {isa = PBXBuildFile; fileRef = 2172614C1954151300F09E33 /* bubble-square-outgoing-selected.png */; };
		217261841954151300F09E33 /* bubble-square-outgoing-selected@2x.png in Resources */ = {isa = PBXBuildFile; fileRef = 2172614D1954151300F09E33 /* bubble-square-outgoing-selected@2x.png */; };
		217261851954151300F09E33 /* bubble-square-outgoing.png in Resources */ = {isa = PBXBuildFile; fileRef = 2172614E1954151300F09E33 /* bubble-square-outgoing.png */; };
		217261861954151300F09E33 /* bubble-square-outgoing@2x.png in Resources */ = {isa = PBXBuildFile; fileRef = 2172614F1954151300F09E33 /* bubble-square-outgoing@2x.png */; };
		217261871954151300F09E33 /* bubble-typing.png in Resources */ = {isa = PBXBuildFile; fileRef = 217261501954151300F09E33 /* bubble-typing.png */; };
		217261881954151300F09E33 /* bubble-typing@2x.png in Resources */ = {isa = PBXBuildFile; fileRef = 217261511954151300F09E33 /* bubble-typing@2x.png */; };
		217261891954151300F09E33 /* input-bar-flat.png in Resources */ = {isa = PBXBuildFile; fileRef = 217261521954151300F09E33 /* input-bar-flat.png */; };
		2172618A1954151300F09E33 /* input-bar-flat@2x.png in Resources */ = {isa = PBXBuildFile; fileRef = 217261531954151300F09E33 /* input-bar-flat@2x.png */; };
		2172618B1954151300F09E33 /* input-bar.png in Resources */ = {isa = PBXBuildFile; fileRef = 217261541954151300F09E33 /* input-bar.png */; };
		2172618C1954151300F09E33 /* input-bar@2x.png in Resources */ = {isa = PBXBuildFile; fileRef = 217261551954151300F09E33 /* input-bar@2x.png */; };
		2172618D1954151300F09E33 /* input-field.png in Resources */ = {isa = PBXBuildFile; fileRef = 217261561954151300F09E33 /* input-field.png */; };
		2172618E1954151300F09E33 /* input-field@2x.png in Resources */ = {isa = PBXBuildFile; fileRef = 217261571954151300F09E33 /* input-field@2x.png */; };
		2172618F1954151300F09E33 /* PhotoIcon.png in Resources */ = {isa = PBXBuildFile; fileRef = 217261581954151300F09E33 /* PhotoIcon.png */; };
		217261901954151300F09E33 /* PhotoIcon@2x.png in Resources */ = {isa = PBXBuildFile; fileRef = 217261591954151300F09E33 /* PhotoIcon@2x.png */; };
		217261911954151300F09E33 /* send-highlighted.png in Resources */ = {isa = PBXBuildFile; fileRef = 2172615A1954151300F09E33 /* send-highlighted.png */; };
		217261921954151300F09E33 /* send-highlighted@2x.png in Resources */ = {isa = PBXBuildFile; fileRef = 2172615B1954151300F09E33 /* send-highlighted@2x.png */; };
		217261931954151300F09E33 /* send.png in Resources */ = {isa = PBXBuildFile; fileRef = 2172615C1954151300F09E33 /* send.png */; };
		217261941954151300F09E33 /* send@2x.png in Resources */ = {isa = PBXBuildFile; fileRef = 2172615D1954151300F09E33 /* send@2x.png */; };
		217261951954151300F09E33 /* messageReceived.aiff in Resources */ = {isa = PBXBuildFile; fileRef = 2172615F1954151300F09E33 /* messageReceived.aiff */; };
		217261961954151300F09E33 /* messageSent.aiff in Resources */ = {isa = PBXBuildFile; fileRef = 217261601954151300F09E33 /* messageSent.aiff */; };
		217261981954155000F09E33 /* AddressBook.framework in Frameworks */ = {isa = PBXBuildFile; fileRef = 217261971954155000F09E33 /* AddressBook.framework */; };
		2172619A1954155500F09E33 /* AddressBookUI.framework in Frameworks */ = {isa = PBXBuildFile; fileRef = 217261991954155500F09E33 /* AddressBookUI.framework */; };
		2172619F1954168400F09E33 /* MsgViewController.m in Sources */ = {isa = PBXBuildFile; fileRef = 2172619D1954168400F09E33 /* MsgViewController.m */; };
		217261A81954170A00F09E33 /* ConversationViewController.m in Sources */ = {isa = PBXBuildFile; fileRef = 217261A41954170A00F09E33 /* ConversationViewController.m */; };
		217261A91954170A00F09E33 /* ConversationViewController.xib in Resources */ = {isa = PBXBuildFile; fileRef = 217261A51954170A00F09E33 /* ConversationViewController.xib */; };
		217261AD1954173200F09E33 /* InfoPlist.strings in Resources */ = {isa = PBXBuildFile; fileRef = 217261AB1954173200F09E33 /* InfoPlist.strings */; };
		2173C0A319668C4800BC3BDF /* libxml2.2.dylib in Frameworks */ = {isa = PBXBuildFile; fileRef = 2173C09F19668B8800BC3BDF /* libxml2.2.dylib */; };
		21798F97194E9C4600B67C1F /* Foundation.framework in Frameworks */ = {isa = PBXBuildFile; fileRef = 21798F96194E9C4600B67C1F /* Foundation.framework */; };
		21798F99194E9C4600B67C1F /* CoreGraphics.framework in Frameworks */ = {isa = PBXBuildFile; fileRef = 21798F98194E9C4600B67C1F /* CoreGraphics.framework */; };
		21798F9B194E9C4600B67C1F /* UIKit.framework in Frameworks */ = {isa = PBXBuildFile; fileRef = 21798F9A194E9C4600B67C1F /* UIKit.framework */; };
		21798FA1194E9C4600B67C1F /* InfoPlist.strings in Resources */ = {isa = PBXBuildFile; fileRef = 21798F9F194E9C4600B67C1F /* InfoPlist.strings */; };
		21798FA3194E9C4600B67C1F /* main.m in Sources */ = {isa = PBXBuildFile; fileRef = 21798FA2194E9C4600B67C1F /* main.m */; };
		21798FA7194E9C4600B67C1F /* AppDelegate.m in Sources */ = {isa = PBXBuildFile; fileRef = 21798FA6194E9C4600B67C1F /* AppDelegate.m */; };
		21798FA9194E9C4600B67C1F /* Images.xcassets in Resources */ = {isa = PBXBuildFile; fileRef = 21798FA8194E9C4600B67C1F /* Images.xcassets */; };
		21798FB0194E9C4600B67C1F /* XCTest.framework in Frameworks */ = {isa = PBXBuildFile; fileRef = 21798FAF194E9C4600B67C1F /* XCTest.framework */; };
		21798FB1194E9C4600B67C1F /* Foundation.framework in Frameworks */ = {isa = PBXBuildFile; fileRef = 21798F96194E9C4600B67C1F /* Foundation.framework */; };
		21798FB2194E9C4600B67C1F /* UIKit.framework in Frameworks */ = {isa = PBXBuildFile; fileRef = 21798F9A194E9C4600B67C1F /* UIKit.framework */; };
		21798FBA194E9C4600B67C1F /* InfoPlist.strings in Resources */ = {isa = PBXBuildFile; fileRef = 21798FB8194E9C4600B67C1F /* InfoPlist.strings */; };
		21798FBC194E9C4600B67C1F /* MessageTests.m in Sources */ = {isa = PBXBuildFile; fileRef = 21798FBB194E9C4600B67C1F /* MessageTests.m */; };
		21A4FDFE1952E24100F117E0 /* UIButton+JSMessagesView.m in Sources */ = {isa = PBXBuildFile; fileRef = 21A4FDC11952E24100F117E0 /* UIButton+JSMessagesView.m */; };
		21A4FDFF1952E24100F117E0 /* UIColor+JSMessagesView.m in Sources */ = {isa = PBXBuildFile; fileRef = 21A4FDC31952E24100F117E0 /* UIColor+JSMessagesView.m */; };
		21A4FE001952E24100F117E0 /* UIImage+JSMessagesView.m in Sources */ = {isa = PBXBuildFile; fileRef = 21A4FDC51952E24100F117E0 /* UIImage+JSMessagesView.m */; };
		21A4FE011952E24100F117E0 /* UIView+AnimationOptionsForCurve.m in Sources */ = {isa = PBXBuildFile; fileRef = 21A4FDC71952E24100F117E0 /* UIView+AnimationOptionsForCurve.m */; };
		21FCF22E1968659C00DFA0E5 /* ContactDB.m in Sources */ = {isa = PBXBuildFile; fileRef = 21FCF22D1968659C00DFA0E5 /* ContactDB.m */; };
		21FCF2381968E6A500DFA0E5 /* MessageConversationCell.m in Sources */ = {isa = PBXBuildFile; fileRef = 21FCF2361968E6A500DFA0E5 /* MessageConversationCell.m */; };
		21FCF2391968E6A500DFA0E5 /* MessageConversationCell.xib in Resources */ = {isa = PBXBuildFile; fileRef = 21FCF2371968E6A500DFA0E5 /* MessageConversationCell.xib */; };
		21FCF23D1968E6E600DFA0E5 /* MessageGroupConversationCell.m in Sources */ = {isa = PBXBuildFile; fileRef = 21FCF23B1968E6E600DFA0E5 /* MessageGroupConversationCell.m */; };
		21FCF23E1968E6E600DFA0E5 /* MessageGroupConversationCell.xib in Resources */ = {isa = PBXBuildFile; fileRef = 21FCF23C1968E6E600DFA0E5 /* MessageGroupConversationCell.xib */; };
		21FCF2421968E84600DFA0E5 /* MessageConversationActionTableViewCell.m in Sources */ = {isa = PBXBuildFile; fileRef = 21FCF2401968E84600DFA0E5 /* MessageConversationActionTableViewCell.m */; };
		21FCF2431968E84600DFA0E5 /* MessageConversationActionTableViewCell.xib in Resources */ = {isa = PBXBuildFile; fileRef = 21FCF2411968E84600DFA0E5 /* MessageConversationActionTableViewCell.xib */; };
		6D0D76821967B8AC0058DECF /* AsyncTCP.m in Sources */ = {isa = PBXBuildFile; fileRef = 6D0D76771967B8AC0058DECF /* AsyncTCP.m */; };
		6D0D76831967B8AC0058DECF /* IMessage.m in Sources */ = {isa = PBXBuildFile; fileRef = 6D0D76791967B8AC0058DECF /* IMessage.m */; };
		6D0D76841967B8AC0058DECF /* IMService.m in Sources */ = {isa = PBXBuildFile; fileRef = 6D0D767B1967B8AC0058DECF /* IMService.m */; };
		6D0D76851967B8AC0058DECF /* Message.m in Sources */ = {isa = PBXBuildFile; fileRef = 6D0D767D1967B8AC0058DECF /* Message.m */; };
		6D0D76861967B8AC0058DECF /* MessageDB.m in Sources */ = {isa = PBXBuildFile; fileRef = 6D0D767F1967B8AC0058DECF /* MessageDB.m */; };
		6D0D76871967B8AC0058DECF /* util.c in Sources */ = {isa = PBXBuildFile; fileRef = 6D0D76801967B8AC0058DECF /* util.c */; };
		6D0D76971967C1430058DECF /* libleveldb.a in Frameworks */ = {isa = PBXBuildFile; fileRef = 6D0D76901967C1430058DECF /* libleveldb.a */; };
		6D0D769C1967C1680058DECF /* Group.m in Sources */ = {isa = PBXBuildFile; fileRef = 6D0D76991967C1680058DECF /* Group.m */; };
		6D0D769D1967C1680058DECF /* GroupDB.m in Sources */ = {isa = PBXBuildFile; fileRef = 6D0D769B1967C1680058DECF /* GroupDB.m */; };
		6D0D76A01967C1850058DECF /* LevelDB.mm in Sources */ = {isa = PBXBuildFile; fileRef = 6D0D769F1967C1850058DECF /* LevelDB.mm */; };
		6D0D76A319685EDB0058DECF /* UserDB.m in Sources */ = {isa = PBXBuildFile; fileRef = 6D0D76A219685EDB0058DECF /* UserDB.m */; };
		6D0D76A619686A330058DECF /* ContactsController.m in Sources */ = {isa = PBXBuildFile; fileRef = 6D0D76A519686A330058DECF /* ContactsController.m */; };
		6D0D76A9196910130058DECF /* IMContact.m in Sources */ = {isa = PBXBuildFile; fileRef = 6D0D76A8196910130058DECF /* IMContact.m */; };
		6D0D76AC1969107D0058DECF /* User.m in Sources */ = {isa = PBXBuildFile; fileRef = 6D0D76AB1969107D0058DECF /* User.m */; };
/* End PBXBuildFile section */

/* Begin PBXContainerItemProxy section */
		21798FB3194E9C4600B67C1F /* PBXContainerItemProxy */ = {
			isa = PBXContainerItemProxy;
			containerPortal = 21798F8B194E9C4600B67C1F /* Project object */;
			proxyType = 1;
			remoteGlobalIDString = 21798F92194E9C4600B67C1F;
			remoteInfo = Message;
		};
/* End PBXContainerItemProxy section */

/* Begin PBXFileReference section */
		2105646419694FA5008D3A83 /* arrow.png */ = {isa = PBXFileReference; lastKnownFileType = image.png; path = arrow.png; sourceTree = "<group>"; };
		2119FE461962949900E23B4F /* UserPresent.h */ = {isa = PBXFileReference; fileEncoding = 4; lastKnownFileType = sourcecode.c.h; name = UserPresent.h; path = ../UserPresent.h; sourceTree = "<group>"; };
		2119FE471962949900E23B4F /* UserPresent.m */ = {isa = PBXFileReference; fileEncoding = 4; lastKnownFileType = sourcecode.c.objc; name = UserPresent.m; path = ../UserPresent.m; sourceTree = "<group>"; };
		2119FE491962A2D100E23B4F /* head1.png */ = {isa = PBXFileReference; lastKnownFileType = image.png; path = head1.png; sourceTree = "<group>"; };
		2119FE4A1962A2D100E23B4F /* head2.png */ = {isa = PBXFileReference; lastKnownFileType = image.png; path = head2.png; sourceTree = "<group>"; };
		2119FE721962AD7700E23B4F /* libsqlite3.0.dylib */ = {isa = PBXFileReference; lastKnownFileType = "compiled.mach-o.dylib"; name = libsqlite3.0.dylib; path = usr/lib/libsqlite3.0.dylib; sourceTree = SDKROOT; };
		2119FE781962AEE800E23B4F /* MessageModel.h */ = {isa = PBXFileReference; fileEncoding = 4; lastKnownFileType = sourcecode.c.h; path = MessageModel.h; sourceTree = "<group>"; };
		2119FE791962AEE800E23B4F /* MessageModel.m */ = {isa = PBXFileReference; fileEncoding = 4; lastKnownFileType = sourcecode.c.objc; path = MessageModel.m; sourceTree = "<group>"; };
		2142CB07196263BB0002E4A9 /* LoginViewController.h */ = {isa = PBXFileReference; fileEncoding = 4; lastKnownFileType = sourcecode.c.h; path = LoginViewController.h; sourceTree = "<group>"; };
		2142CB08196263BB0002E4A9 /* LoginViewController.m */ = {isa = PBXFileReference; fileEncoding = 4; lastKnownFileType = sourcecode.c.objc; path = LoginViewController.m; sourceTree = "<group>"; };
		2142CB09196263BB0002E4A9 /* LoginViewController.xib */ = {isa = PBXFileReference; fileEncoding = 4; lastKnownFileType = file.xib; path = LoginViewController.xib; sourceTree = "<group>"; };
		2142CB21196268490002E4A9 /* contact.png */ = {isa = PBXFileReference; lastKnownFileType = image.png; path = contact.png; sourceTree = "<group>"; };
		2142CB22196268490002E4A9 /* conversation.png */ = {isa = PBXFileReference; lastKnownFileType = image.png; path = conversation.png; sourceTree = "<group>"; };
		2142CB24196268490002E4A9 /* login_add_account.png */ = {isa = PBXFileReference; lastKnownFileType = image.png; path = login_add_account.png; sourceTree = "<group>"; };
		2142CB25196268490002E4A9 /* login_add_account@2x.png */ = {isa = PBXFileReference; lastKnownFileType = image.png; path = "login_add_account@2x.png"; sourceTree = "<group>"; };
		2142CB26196268490002E4A9 /* login_avatar_mask_normal.png */ = {isa = PBXFileReference; lastKnownFileType = image.png; path = login_avatar_mask_normal.png; sourceTree = "<group>"; };
		2142CB27196268490002E4A9 /* login_avatar_mask_normal@2x.png */ = {isa = PBXFileReference; lastKnownFileType = image.png; path = "login_avatar_mask_normal@2x.png"; sourceTree = "<group>"; };
		2142CB28196268490002E4A9 /* login_button_normal.png */ = {isa = PBXFileReference; lastKnownFileType = image.png; path = login_button_normal.png; sourceTree = "<group>"; };
		2142CB29196268490002E4A9 /* login_button_normal@2x.png */ = {isa = PBXFileReference; lastKnownFileType = image.png; path = "login_button_normal@2x.png"; sourceTree = "<group>"; };
		2142CB2A196268490002E4A9 /* login_checkbox_checked.png */ = {isa = PBXFileReference; lastKnownFileType = image.png; path = login_checkbox_checked.png; sourceTree = "<group>"; };
		2142CB2B196268490002E4A9 /* login_checkbox_checked@2x.png */ = {isa = PBXFileReference; lastKnownFileType = image.png; path = "login_checkbox_checked@2x.png"; sourceTree = "<group>"; };
		2142CB2C196268490002E4A9 /* login_checkbox_normal.png */ = {isa = PBXFileReference; lastKnownFileType = image.png; path = login_checkbox_normal.png; sourceTree = "<group>"; };
		2142CB2D196268490002E4A9 /* login_checkbox_normal@2x.png */ = {isa = PBXFileReference; lastKnownFileType = image.png; path = "login_checkbox_normal@2x.png"; sourceTree = "<group>"; };
		2142CB2E196268490002E4A9 /* login_default_avatar.png */ = {isa = PBXFileReference; lastKnownFileType = image.png; path = login_default_avatar.png; sourceTree = "<group>"; };
		2142CB2F196268490002E4A9 /* login_default_avatar@2x.png */ = {isa = PBXFileReference; lastKnownFileType = image.png; path = "login_default_avatar@2x.png"; sourceTree = "<group>"; };
		2142CB30196268490002E4A9 /* login_input_bg.png */ = {isa = PBXFileReference; lastKnownFileType = image.png; path = login_input_bg.png; sourceTree = "<group>"; };
		2142CB31196268490002E4A9 /* login_input_bg@2x.png */ = {isa = PBXFileReference; lastKnownFileType = image.png; path = "login_input_bg@2x.png"; sourceTree = "<group>"; };
		2142CB32196268490002E4A9 /* login_separator.png */ = {isa = PBXFileReference; lastKnownFileType = image.png; path = login_separator.png; sourceTree = "<group>"; };
		2142CB33196268490002E4A9 /* login_separator@2x.png */ = {isa = PBXFileReference; lastKnownFileType = image.png; path = "login_separator@2x.png"; sourceTree = "<group>"; };
		2142CB34196268490002E4A9 /* login_stack_bg.png */ = {isa = PBXFileReference; lastKnownFileType = image.png; path = login_stack_bg.png; sourceTree = "<group>"; };
		2142CB35196268490002E4A9 /* login_stack_bg@2x.png */ = {isa = PBXFileReference; lastKnownFileType = image.png; path = "login_stack_bg@2x.png"; sourceTree = "<group>"; };
		2142CB36196268490002E4A9 /* logout_btn_bg@2x.png */ = {isa = PBXFileReference; lastKnownFileType = image.png; path = "logout_btn_bg@2x.png"; sourceTree = "<group>"; };
		2142CB37196268490002E4A9 /* logout_btn_bg_highlighted@2x.png */ = {isa = PBXFileReference; lastKnownFileType = image.png; path = "logout_btn_bg_highlighted@2x.png"; sourceTree = "<group>"; };
		2142CB38196268490002E4A9 /* message.png */ = {isa = PBXFileReference; lastKnownFileType = image.png; path = message.png; sourceTree = "<group>"; };
		2142CB39196268490002E4A9 /* setting.png */ = {isa = PBXFileReference; lastKnownFileType = image.png; path = setting.png; sourceTree = "<group>"; };
		2142CB53196268860002E4A9 /* ABContact.h */ = {isa = PBXFileReference; fileEncoding = 4; lastKnownFileType = sourcecode.c.h; path = ABContact.h; sourceTree = "<group>"; };
		2142CB54196268860002E4A9 /* ABContact.m */ = {isa = PBXFileReference; fileEncoding = 4; lastKnownFileType = sourcecode.c.objc; path = ABContact.m; sourceTree = "<group>"; };
		2142CB60196268860002E4A9 /* pinyin.c */ = {isa = PBXFileReference; fileEncoding = 4; lastKnownFileType = sourcecode.c.c; path = pinyin.c; sourceTree = "<group>"; };
		2142CB61196268860002E4A9 /* pinyin.h */ = {isa = PBXFileReference; fileEncoding = 4; lastKnownFileType = sourcecode.c.h; path = pinyin.h; sourceTree = "<group>"; };
		217260E8195413F800F09E33 /* MessageListTableViewController.h */ = {isa = PBXFileReference; fileEncoding = 4; lastKnownFileType = sourcecode.c.h; name = MessageListTableViewController.h; path = MessagesTableViewController/MessageListTableViewController.h; sourceTree = "<group>"; };
		217260E9195413F800F09E33 /* MessageListTableViewController.m */ = {isa = PBXFileReference; fileEncoding = 4; lastKnownFileType = sourcecode.c.objc; name = MessageListTableViewController.m; path = MessagesTableViewController/MessageListTableViewController.m; sourceTree = "<group>"; };
		217261181954142400F09E33 /* SettingViewController.h */ = {isa = PBXFileReference; fileEncoding = 4; lastKnownFileType = sourcecode.c.h; path = SettingViewController.h; sourceTree = "<group>"; };
		217261191954142400F09E33 /* SettingViewController.m */ = {isa = PBXFileReference; fileEncoding = 4; lastKnownFileType = sourcecode.c.objc; path = SettingViewController.m; sourceTree = "<group>"; };
		2172611A1954142400F09E33 /* SettingViewController.xib */ = {isa = PBXFileReference; fileEncoding = 4; lastKnownFileType = file.xib; path = SettingViewController.xib; sourceTree = "<group>"; };
		2172611B1954142400F09E33 /* SystemSetViewController.xib */ = {isa = PBXFileReference; fileEncoding = 4; lastKnownFileType = file.xib; path = SystemSetViewController.xib; sourceTree = "<group>"; };
		217261201954151300F09E33 /* JSBubbleMessageCell.h */ = {isa = PBXFileReference; fileEncoding = 4; lastKnownFileType = sourcecode.c.h; path = JSBubbleMessageCell.h; sourceTree = "<group>"; };
		217261211954151300F09E33 /* JSBubbleMessageCell.m */ = {isa = PBXFileReference; fileEncoding = 4; lastKnownFileType = sourcecode.c.objc; path = JSBubbleMessageCell.m; sourceTree = "<group>"; };
		217261221954151300F09E33 /* JSBubbleView.h */ = {isa = PBXFileReference; fileEncoding = 4; lastKnownFileType = sourcecode.c.h; path = JSBubbleView.h; sourceTree = "<group>"; };
		217261231954151300F09E33 /* JSBubbleView.m */ = {isa = PBXFileReference; fileEncoding = 4; lastKnownFileType = sourcecode.c.objc; path = JSBubbleView.m; sourceTree = "<group>"; };
		217261241954151300F09E33 /* JSDismissiveTextView.h */ = {isa = PBXFileReference; fileEncoding = 4; lastKnownFileType = sourcecode.c.h; path = JSDismissiveTextView.h; sourceTree = "<group>"; };
		217261251954151300F09E33 /* JSDismissiveTextView.m */ = {isa = PBXFileReference; fileEncoding = 4; lastKnownFileType = sourcecode.c.objc; path = JSDismissiveTextView.m; sourceTree = "<group>"; };
		217261261954151300F09E33 /* JSMessageInputView.h */ = {isa = PBXFileReference; fileEncoding = 4; lastKnownFileType = sourcecode.c.h; path = JSMessageInputView.h; sourceTree = "<group>"; };
		217261271954151300F09E33 /* JSMessageInputView.m */ = {isa = PBXFileReference; fileEncoding = 4; lastKnownFileType = sourcecode.c.objc; path = JSMessageInputView.m; sourceTree = "<group>"; };
		217261281954151300F09E33 /* JSMessageSoundEffect.h */ = {isa = PBXFileReference; fileEncoding = 4; lastKnownFileType = sourcecode.c.h; path = JSMessageSoundEffect.h; sourceTree = "<group>"; };
		217261291954151300F09E33 /* JSMessageSoundEffect.m */ = {isa = PBXFileReference; fileEncoding = 4; lastKnownFileType = sourcecode.c.objc; path = JSMessageSoundEffect.m; sourceTree = "<group>"; };
		2172612A1954151300F09E33 /* JSMessagesViewController.h */ = {isa = PBXFileReference; fileEncoding = 4; lastKnownFileType = sourcecode.c.h; path = JSMessagesViewController.h; sourceTree = "<group>"; };
		2172612B1954151300F09E33 /* JSMessagesViewController.m */ = {isa = PBXFileReference; fileEncoding = 4; lastKnownFileType = sourcecode.c.objc; path = JSMessagesViewController.m; sourceTree = "<group>"; };
		2172612C1954151300F09E33 /* JSMessageTextView.h */ = {isa = PBXFileReference; fileEncoding = 4; lastKnownFileType = sourcecode.c.h; path = JSMessageTextView.h; sourceTree = "<group>"; };
		2172612D1954151300F09E33 /* JSMessageTextView.m */ = {isa = PBXFileReference; fileEncoding = 4; lastKnownFileType = sourcecode.c.objc; path = JSMessageTextView.m; sourceTree = "<group>"; };
		2172612E1954151300F09E33 /* NSString+JSMessagesView.h */ = {isa = PBXFileReference; fileEncoding = 4; lastKnownFileType = sourcecode.c.h; path = "NSString+JSMessagesView.h"; sourceTree = "<group>"; };
		2172612F1954151300F09E33 /* NSString+JSMessagesView.m */ = {isa = PBXFileReference; fileEncoding = 4; lastKnownFileType = sourcecode.c.objc; path = "NSString+JSMessagesView.m"; sourceTree = "<group>"; };
		217261321954151300F09E33 /* bubble-default-incoming-green.png */ = {isa = PBXFileReference; lastKnownFileType = image.png; path = "bubble-default-incoming-green.png"; sourceTree = "<group>"; };
		217261331954151300F09E33 /* bubble-default-incoming-green@2x.png */ = {isa = PBXFileReference; lastKnownFileType = image.png; path = "bubble-default-incoming-green@2x.png"; sourceTree = "<group>"; };
		217261341954151300F09E33 /* bubble-default-incoming-selected.png */ = {isa = PBXFileReference; lastKnownFileType = image.png; path = "bubble-default-incoming-selected.png"; sourceTree = "<group>"; };
		217261351954151300F09E33 /* bubble-default-incoming-selected@2x.png */ = {isa = PBXFileReference; lastKnownFileType = image.png; path = "bubble-default-incoming-selected@2x.png"; sourceTree = "<group>"; };
		217261361954151300F09E33 /* bubble-default-incoming.png */ = {isa = PBXFileReference; lastKnownFileType = image.png; path = "bubble-default-incoming.png"; sourceTree = "<group>"; };
		217261371954151300F09E33 /* bubble-default-incoming@2x.png */ = {isa = PBXFileReference; lastKnownFileType = image.png; path = "bubble-default-incoming@2x.png"; sourceTree = "<group>"; };
		217261381954151300F09E33 /* bubble-default-outgoing-green.png */ = {isa = PBXFileReference; lastKnownFileType = image.png; path = "bubble-default-outgoing-green.png"; sourceTree = "<group>"; };
		217261391954151300F09E33 /* bubble-default-outgoing-green@2x.png */ = {isa = PBXFileReference; lastKnownFileType = image.png; path = "bubble-default-outgoing-green@2x.png"; sourceTree = "<group>"; };
		2172613A1954151300F09E33 /* bubble-default-outgoing-selected.png */ = {isa = PBXFileReference; lastKnownFileType = image.png; path = "bubble-default-outgoing-selected.png"; sourceTree = "<group>"; };
		2172613B1954151300F09E33 /* bubble-default-outgoing-selected@2x.png */ = {isa = PBXFileReference; lastKnownFileType = image.png; path = "bubble-default-outgoing-selected@2x.png"; sourceTree = "<group>"; };
		2172613C1954151300F09E33 /* bubble-default-outgoing.png */ = {isa = PBXFileReference; lastKnownFileType = image.png; path = "bubble-default-outgoing.png"; sourceTree = "<group>"; };
		2172613D1954151300F09E33 /* bubble-default-outgoing@2x.png */ = {isa = PBXFileReference; lastKnownFileType = image.png; path = "bubble-default-outgoing@2x.png"; sourceTree = "<group>"; };
		2172613E1954151300F09E33 /* bubble-flat-incoming-selected.png */ = {isa = PBXFileReference; lastKnownFileType = image.png; path = "bubble-flat-incoming-selected.png"; sourceTree = "<group>"; };
		2172613F1954151300F09E33 /* bubble-flat-incoming-selected@2x.png */ = {isa = PBXFileReference; lastKnownFileType = image.png; path = "bubble-flat-incoming-selected@2x.png"; sourceTree = "<group>"; };
		217261401954151300F09E33 /* bubble-flat-incoming.png */ = {isa = PBXFileReference; lastKnownFileType = image.png; path = "bubble-flat-incoming.png"; sourceTree = "<group>"; };
		217261411954151300F09E33 /* bubble-flat-incoming@2x.png */ = {isa = PBXFileReference; lastKnownFileType = image.png; path = "bubble-flat-incoming@2x.png"; sourceTree = "<group>"; };
		217261421954151300F09E33 /* bubble-flat-outgoing-old.png */ = {isa = PBXFileReference; lastKnownFileType = image.png; path = "bubble-flat-outgoing-old.png"; sourceTree = "<group>"; };
		217261431954151300F09E33 /* bubble-flat-outgoing-old@2x.png */ = {isa = PBXFileReference; lastKnownFileType = image.png; path = "bubble-flat-outgoing-old@2x.png"; sourceTree = "<group>"; };
		217261441954151300F09E33 /* bubble-flat-outgoing-selected.png */ = {isa = PBXFileReference; lastKnownFileType = image.png; path = "bubble-flat-outgoing-selected.png"; sourceTree = "<group>"; };
		217261451954151300F09E33 /* bubble-flat-outgoing-selected@2x.png */ = {isa = PBXFileReference; lastKnownFileType = image.png; path = "bubble-flat-outgoing-selected@2x.png"; sourceTree = "<group>"; };
		217261461954151300F09E33 /* bubble-flat-outgoing.png */ = {isa = PBXFileReference; lastKnownFileType = image.png; path = "bubble-flat-outgoing.png"; sourceTree = "<group>"; };
		217261471954151300F09E33 /* bubble-flat-outgoing@2x.png */ = {isa = PBXFileReference; lastKnownFileType = image.png; path = "bubble-flat-outgoing@2x.png"; sourceTree = "<group>"; };
		217261481954151300F09E33 /* bubble-square-incoming-selected.png */ = {isa = PBXFileReference; lastKnownFileType = image.png; path = "bubble-square-incoming-selected.png"; sourceTree = "<group>"; };
		217261491954151300F09E33 /* bubble-square-incoming-selected@2x.png */ = {isa = PBXFileReference; lastKnownFileType = image.png; path = "bubble-square-incoming-selected@2x.png"; sourceTree = "<group>"; };
		2172614A1954151300F09E33 /* bubble-square-incoming.png */ = {isa = PBXFileReference; lastKnownFileType = image.png; path = "bubble-square-incoming.png"; sourceTree = "<group>"; };
		2172614B1954151300F09E33 /* bubble-square-incoming@2x.png */ = {isa = PBXFileReference; lastKnownFileType = image.png; path = "bubble-square-incoming@2x.png"; sourceTree = "<group>"; };
		2172614C1954151300F09E33 /* bubble-square-outgoing-selected.png */ = {isa = PBXFileReference; lastKnownFileType = image.png; path = "bubble-square-outgoing-selected.png"; sourceTree = "<group>"; };
		2172614D1954151300F09E33 /* bubble-square-outgoing-selected@2x.png */ = {isa = PBXFileReference; lastKnownFileType = image.png; path = "bubble-square-outgoing-selected@2x.png"; sourceTree = "<group>"; };
		2172614E1954151300F09E33 /* bubble-square-outgoing.png */ = {isa = PBXFileReference; lastKnownFileType = image.png; path = "bubble-square-outgoing.png"; sourceTree = "<group>"; };
		2172614F1954151300F09E33 /* bubble-square-outgoing@2x.png */ = {isa = PBXFileReference; lastKnownFileType = image.png; path = "bubble-square-outgoing@2x.png"; sourceTree = "<group>"; };
		217261501954151300F09E33 /* bubble-typing.png */ = {isa = PBXFileReference; lastKnownFileType = image.png; path = "bubble-typing.png"; sourceTree = "<group>"; };
		217261511954151300F09E33 /* bubble-typing@2x.png */ = {isa = PBXFileReference; lastKnownFileType = image.png; path = "bubble-typing@2x.png"; sourceTree = "<group>"; };
		217261521954151300F09E33 /* input-bar-flat.png */ = {isa = PBXFileReference; lastKnownFileType = image.png; path = "input-bar-flat.png"; sourceTree = "<group>"; };
		217261531954151300F09E33 /* input-bar-flat@2x.png */ = {isa = PBXFileReference; lastKnownFileType = image.png; path = "input-bar-flat@2x.png"; sourceTree = "<group>"; };
		217261541954151300F09E33 /* input-bar.png */ = {isa = PBXFileReference; lastKnownFileType = image.png; path = "input-bar.png"; sourceTree = "<group>"; };
		217261551954151300F09E33 /* input-bar@2x.png */ = {isa = PBXFileReference; lastKnownFileType = image.png; path = "input-bar@2x.png"; sourceTree = "<group>"; };
		217261561954151300F09E33 /* input-field.png */ = {isa = PBXFileReference; lastKnownFileType = image.png; path = "input-field.png"; sourceTree = "<group>"; };
		217261571954151300F09E33 /* input-field@2x.png */ = {isa = PBXFileReference; lastKnownFileType = image.png; path = "input-field@2x.png"; sourceTree = "<group>"; };
		217261581954151300F09E33 /* PhotoIcon.png */ = {isa = PBXFileReference; lastKnownFileType = image.png; path = PhotoIcon.png; sourceTree = "<group>"; };
		217261591954151300F09E33 /* PhotoIcon@2x.png */ = {isa = PBXFileReference; lastKnownFileType = image.png; path = "PhotoIcon@2x.png"; sourceTree = "<group>"; };
		2172615A1954151300F09E33 /* send-highlighted.png */ = {isa = PBXFileReference; lastKnownFileType = image.png; path = "send-highlighted.png"; sourceTree = "<group>"; };
		2172615B1954151300F09E33 /* send-highlighted@2x.png */ = {isa = PBXFileReference; lastKnownFileType = image.png; path = "send-highlighted@2x.png"; sourceTree = "<group>"; };
		2172615C1954151300F09E33 /* send.png */ = {isa = PBXFileReference; lastKnownFileType = image.png; path = send.png; sourceTree = "<group>"; };
		2172615D1954151300F09E33 /* send@2x.png */ = {isa = PBXFileReference; lastKnownFileType = image.png; path = "send@2x.png"; sourceTree = "<group>"; };
		2172615F1954151300F09E33 /* messageReceived.aiff */ = {isa = PBXFileReference; lastKnownFileType = audio.aiff; path = messageReceived.aiff; sourceTree = "<group>"; };
		217261601954151300F09E33 /* messageSent.aiff */ = {isa = PBXFileReference; lastKnownFileType = audio.aiff; path = messageSent.aiff; sourceTree = "<group>"; };
		217261971954155000F09E33 /* AddressBook.framework */ = {isa = PBXFileReference; lastKnownFileType = wrapper.framework; name = AddressBook.framework; path = System/Library/Frameworks/AddressBook.framework; sourceTree = SDKROOT; };
		217261991954155500F09E33 /* AddressBookUI.framework */ = {isa = PBXFileReference; lastKnownFileType = wrapper.framework; name = AddressBookUI.framework; path = System/Library/Frameworks/AddressBookUI.framework; sourceTree = SDKROOT; };
		2172619C1954168400F09E33 /* MsgViewController.h */ = {isa = PBXFileReference; fileEncoding = 4; lastKnownFileType = sourcecode.c.h; path = MsgViewController.h; sourceTree = "<group>"; };
		2172619D1954168400F09E33 /* MsgViewController.m */ = {isa = PBXFileReference; fileEncoding = 4; lastKnownFileType = sourcecode.c.objc; path = MsgViewController.m; sourceTree = "<group>"; };
		217261A31954170A00F09E33 /* ConversationViewController.h */ = {isa = PBXFileReference; fileEncoding = 4; lastKnownFileType = sourcecode.c.h; path = ConversationViewController.h; sourceTree = "<group>"; };
		217261A41954170A00F09E33 /* ConversationViewController.m */ = {isa = PBXFileReference; fileEncoding = 4; lastKnownFileType = sourcecode.c.objc; path = ConversationViewController.m; sourceTree = "<group>"; };
		217261A51954170A00F09E33 /* ConversationViewController.xib */ = {isa = PBXFileReference; fileEncoding = 4; lastKnownFileType = file.xib; path = ConversationViewController.xib; sourceTree = "<group>"; };
		217261AC1954173200F09E33 /* en */ = {isa = PBXFileReference; lastKnownFileType = text.plist.strings; name = en; path = InfoPlist.strings; sourceTree = "<group>"; };
		217262CC1954318200F09E33 /* Constants.h */ = {isa = PBXFileReference; fileEncoding = 4; lastKnownFileType = sourcecode.c.h; name = Constants.h; path = ../Constants.h; sourceTree = "<group>"; };
		2173C09F19668B8800BC3BDF /* libxml2.2.dylib */ = {isa = PBXFileReference; lastKnownFileType = "compiled.mach-o.dylib"; name = libxml2.2.dylib; path = usr/lib/libxml2.2.dylib; sourceTree = SDKROOT; };
		2173C0A019668B8900BC3BDF /* libxml2.dylib */ = {isa = PBXFileReference; lastKnownFileType = "compiled.mach-o.dylib"; name = libxml2.dylib; path = usr/lib/libxml2.dylib; sourceTree = SDKROOT; };
		21798F93194E9C4600B67C1F /* Message.app */ = {isa = PBXFileReference; explicitFileType = wrapper.application; includeInIndex = 0; path = Message.app; sourceTree = BUILT_PRODUCTS_DIR; };
		21798F96194E9C4600B67C1F /* Foundation.framework */ = {isa = PBXFileReference; lastKnownFileType = wrapper.framework; name = Foundation.framework; path = System/Library/Frameworks/Foundation.framework; sourceTree = SDKROOT; };
		21798F98194E9C4600B67C1F /* CoreGraphics.framework */ = {isa = PBXFileReference; lastKnownFileType = wrapper.framework; name = CoreGraphics.framework; path = System/Library/Frameworks/CoreGraphics.framework; sourceTree = SDKROOT; };
		21798F9A194E9C4600B67C1F /* UIKit.framework */ = {isa = PBXFileReference; lastKnownFileType = wrapper.framework; name = UIKit.framework; path = System/Library/Frameworks/UIKit.framework; sourceTree = SDKROOT; };
		21798F9E194E9C4600B67C1F /* Message-Info.plist */ = {isa = PBXFileReference; lastKnownFileType = text.plist.xml; path = "Message-Info.plist"; sourceTree = "<group>"; };
		21798FA0194E9C4600B67C1F /* en */ = {isa = PBXFileReference; lastKnownFileType = text.plist.strings; name = en; path = en.lproj/InfoPlist.strings; sourceTree = "<group>"; };
		21798FA2194E9C4600B67C1F /* main.m */ = {isa = PBXFileReference; lastKnownFileType = sourcecode.c.objc; path = main.m; sourceTree = "<group>"; };
		21798FA4194E9C4600B67C1F /* Message-Prefix.pch */ = {isa = PBXFileReference; lastKnownFileType = sourcecode.c.h; path = "Message-Prefix.pch"; sourceTree = "<group>"; };
		21798FA5194E9C4600B67C1F /* AppDelegate.h */ = {isa = PBXFileReference; lastKnownFileType = sourcecode.c.h; path = AppDelegate.h; sourceTree = "<group>"; };
		21798FA6194E9C4600B67C1F /* AppDelegate.m */ = {isa = PBXFileReference; lastKnownFileType = sourcecode.c.objc; path = AppDelegate.m; sourceTree = "<group>"; };
		21798FA8194E9C4600B67C1F /* Images.xcassets */ = {isa = PBXFileReference; lastKnownFileType = folder.assetcatalog; path = Images.xcassets; sourceTree = "<group>"; };
		21798FAE194E9C4600B67C1F /* MessageTests.xctest */ = {isa = PBXFileReference; explicitFileType = wrapper.cfbundle; includeInIndex = 0; path = MessageTests.xctest; sourceTree = BUILT_PRODUCTS_DIR; };
		21798FAF194E9C4600B67C1F /* XCTest.framework */ = {isa = PBXFileReference; lastKnownFileType = wrapper.framework; name = XCTest.framework; path = Library/Frameworks/XCTest.framework; sourceTree = DEVELOPER_DIR; };
		21798FB7194E9C4600B67C1F /* MessageTests-Info.plist */ = {isa = PBXFileReference; lastKnownFileType = text.plist.xml; path = "MessageTests-Info.plist"; sourceTree = "<group>"; };
		21798FB9194E9C4600B67C1F /* en */ = {isa = PBXFileReference; lastKnownFileType = text.plist.strings; name = en; path = en.lproj/InfoPlist.strings; sourceTree = "<group>"; };
		21798FBB194E9C4600B67C1F /* MessageTests.m */ = {isa = PBXFileReference; lastKnownFileType = sourcecode.c.objc; path = MessageTests.m; sourceTree = "<group>"; };
		21A4FDC01952E24100F117E0 /* UIButton+JSMessagesView.h */ = {isa = PBXFileReference; fileEncoding = 4; lastKnownFileType = sourcecode.c.h; path = "UIButton+JSMessagesView.h"; sourceTree = "<group>"; };
		21A4FDC11952E24100F117E0 /* UIButton+JSMessagesView.m */ = {isa = PBXFileReference; fileEncoding = 4; lastKnownFileType = sourcecode.c.objc; path = "UIButton+JSMessagesView.m"; sourceTree = "<group>"; };
		21A4FDC21952E24100F117E0 /* UIColor+JSMessagesView.h */ = {isa = PBXFileReference; fileEncoding = 4; lastKnownFileType = sourcecode.c.h; path = "UIColor+JSMessagesView.h"; sourceTree = "<group>"; };
		21A4FDC31952E24100F117E0 /* UIColor+JSMessagesView.m */ = {isa = PBXFileReference; fileEncoding = 4; lastKnownFileType = sourcecode.c.objc; path = "UIColor+JSMessagesView.m"; sourceTree = "<group>"; };
		21A4FDC41952E24100F117E0 /* UIImage+JSMessagesView.h */ = {isa = PBXFileReference; fileEncoding = 4; lastKnownFileType = sourcecode.c.h; path = "UIImage+JSMessagesView.h"; sourceTree = "<group>"; };
		21A4FDC51952E24100F117E0 /* UIImage+JSMessagesView.m */ = {isa = PBXFileReference; fileEncoding = 4; lastKnownFileType = sourcecode.c.objc; path = "UIImage+JSMessagesView.m"; sourceTree = "<group>"; };
		21A4FDC61952E24100F117E0 /* UIView+AnimationOptionsForCurve.h */ = {isa = PBXFileReference; fileEncoding = 4; lastKnownFileType = sourcecode.c.h; path = "UIView+AnimationOptionsForCurve.h"; sourceTree = "<group>"; };
		21A4FDC71952E24100F117E0 /* UIView+AnimationOptionsForCurve.m */ = {isa = PBXFileReference; fileEncoding = 4; lastKnownFileType = sourcecode.c.objc; path = "UIView+AnimationOptionsForCurve.m"; sourceTree = "<group>"; };
		21FCF22C1968659C00DFA0E5 /* ContactDB.h */ = {isa = PBXFileReference; fileEncoding = 4; lastKnownFileType = sourcecode.c.h; path = ContactDB.h; sourceTree = "<group>"; };
		21FCF22D1968659C00DFA0E5 /* ContactDB.m */ = {isa = PBXFileReference; fileEncoding = 4; lastKnownFileType = sourcecode.c.objc; path = ContactDB.m; sourceTree = "<group>"; };
		21FCF2351968E6A500DFA0E5 /* MessageConversationCell.h */ = {isa = PBXFileReference; fileEncoding = 4; lastKnownFileType = sourcecode.c.h; path = MessageConversationCell.h; sourceTree = "<group>"; };
		21FCF2361968E6A500DFA0E5 /* MessageConversationCell.m */ = {isa = PBXFileReference; fileEncoding = 4; lastKnownFileType = sourcecode.c.objc; path = MessageConversationCell.m; sourceTree = "<group>"; };
		21FCF2371968E6A500DFA0E5 /* MessageConversationCell.xib */ = {isa = PBXFileReference; fileEncoding = 4; lastKnownFileType = file.xib; path = MessageConversationCell.xib; sourceTree = "<group>"; };
		21FCF23A1968E6E600DFA0E5 /* MessageGroupConversationCell.h */ = {isa = PBXFileReference; fileEncoding = 4; lastKnownFileType = sourcecode.c.h; path = MessageGroupConversationCell.h; sourceTree = "<group>"; };
		21FCF23B1968E6E600DFA0E5 /* MessageGroupConversationCell.m */ = {isa = PBXFileReference; fileEncoding = 4; lastKnownFileType = sourcecode.c.objc; path = MessageGroupConversationCell.m; sourceTree = "<group>"; };
		21FCF23C1968E6E600DFA0E5 /* MessageGroupConversationCell.xib */ = {isa = PBXFileReference; fileEncoding = 4; lastKnownFileType = file.xib; path = MessageGroupConversationCell.xib; sourceTree = "<group>"; };
		21FCF23F1968E84600DFA0E5 /* MessageConversationActionTableViewCell.h */ = {isa = PBXFileReference; fileEncoding = 4; lastKnownFileType = sourcecode.c.h; path = MessageConversationActionTableViewCell.h; sourceTree = "<group>"; };
		21FCF2401968E84600DFA0E5 /* MessageConversationActionTableViewCell.m */ = {isa = PBXFileReference; fileEncoding = 4; lastKnownFileType = sourcecode.c.objc; path = MessageConversationActionTableViewCell.m; sourceTree = "<group>"; };
		21FCF2411968E84600DFA0E5 /* MessageConversationActionTableViewCell.xib */ = {isa = PBXFileReference; fileEncoding = 4; lastKnownFileType = file.xib; path = MessageConversationActionTableViewCell.xib; sourceTree = "<group>"; };
		6D0D76761967B8AC0058DECF /* AsyncTCP.h */ = {isa = PBXFileReference; fileEncoding = 4; lastKnownFileType = sourcecode.c.h; path = AsyncTCP.h; sourceTree = "<group>"; };
		6D0D76771967B8AC0058DECF /* AsyncTCP.m */ = {isa = PBXFileReference; fileEncoding = 4; lastKnownFileType = sourcecode.c.objc; path = AsyncTCP.m; sourceTree = "<group>"; };
		6D0D76781967B8AC0058DECF /* IMessage.h */ = {isa = PBXFileReference; fileEncoding = 4; lastKnownFileType = sourcecode.c.h; path = IMessage.h; sourceTree = "<group>"; };
		6D0D76791967B8AC0058DECF /* IMessage.m */ = {isa = PBXFileReference; fileEncoding = 4; lastKnownFileType = sourcecode.c.objc; path = IMessage.m; sourceTree = "<group>"; };
		6D0D767A1967B8AC0058DECF /* IMService.h */ = {isa = PBXFileReference; fileEncoding = 4; lastKnownFileType = sourcecode.c.h; path = IMService.h; sourceTree = "<group>"; };
		6D0D767B1967B8AC0058DECF /* IMService.m */ = {isa = PBXFileReference; fileEncoding = 4; lastKnownFileType = sourcecode.c.objc; path = IMService.m; sourceTree = "<group>"; };
		6D0D767C1967B8AC0058DECF /* Message.h */ = {isa = PBXFileReference; fileEncoding = 4; lastKnownFileType = sourcecode.c.h; path = Message.h; sourceTree = "<group>"; };
		6D0D767D1967B8AC0058DECF /* Message.m */ = {isa = PBXFileReference; fileEncoding = 4; lastKnownFileType = sourcecode.c.objc; path = Message.m; sourceTree = "<group>"; };
		6D0D767E1967B8AC0058DECF /* MessageDB.h */ = {isa = PBXFileReference; fileEncoding = 4; lastKnownFileType = sourcecode.c.h; path = MessageDB.h; sourceTree = "<group>"; };
		6D0D767F1967B8AC0058DECF /* MessageDB.m */ = {isa = PBXFileReference; fileEncoding = 4; lastKnownFileType = sourcecode.c.objc; path = MessageDB.m; sourceTree = "<group>"; };
		6D0D76801967B8AC0058DECF /* util.c */ = {isa = PBXFileReference; fileEncoding = 4; lastKnownFileType = sourcecode.c.c; path = util.c; sourceTree = "<group>"; };
		6D0D76811967B8AC0058DECF /* util.h */ = {isa = PBXFileReference; fileEncoding = 4; lastKnownFileType = sourcecode.c.h; path = util.h; sourceTree = "<group>"; };
		6D0D76891967C1430058DECF /* c.h */ = {isa = PBXFileReference; fileEncoding = 4; lastKnownFileType = sourcecode.c.h; path = c.h; sourceTree = "<group>"; };
		6D0D768A1967C1430058DECF /* cache.h */ = {isa = PBXFileReference; fileEncoding = 4; lastKnownFileType = sourcecode.c.h; path = cache.h; sourceTree = "<group>"; };
		6D0D768B1967C1430058DECF /* comparator.h */ = {isa = PBXFileReference; fileEncoding = 4; lastKnownFileType = sourcecode.c.h; path = comparator.h; sourceTree = "<group>"; };
		6D0D768C1967C1430058DECF /* db.h */ = {isa = PBXFileReference; fileEncoding = 4; lastKnownFileType = sourcecode.c.h; path = db.h; sourceTree = "<group>"; };
		6D0D768D1967C1430058DECF /* env.h */ = {isa = PBXFileReference; fileEncoding = 4; lastKnownFileType = sourcecode.c.h; path = env.h; sourceTree = "<group>"; };
		6D0D768E1967C1430058DECF /* filter_policy.h */ = {isa = PBXFileReference; fileEncoding = 4; lastKnownFileType = sourcecode.c.h; path = filter_policy.h; sourceTree = "<group>"; };
		6D0D768F1967C1430058DECF /* iterator.h */ = {isa = PBXFileReference; fileEncoding = 4; lastKnownFileType = sourcecode.c.h; path = iterator.h; sourceTree = "<group>"; };
		6D0D76901967C1430058DECF /* libleveldb.a */ = {isa = PBXFileReference; lastKnownFileType = archive.ar; path = libleveldb.a; sourceTree = "<group>"; };
		6D0D76911967C1430058DECF /* options.h */ = {isa = PBXFileReference; fileEncoding = 4; lastKnownFileType = sourcecode.c.h; path = options.h; sourceTree = "<group>"; };
		6D0D76921967C1430058DECF /* slice.h */ = {isa = PBXFileReference; fileEncoding = 4; lastKnownFileType = sourcecode.c.h; path = slice.h; sourceTree = "<group>"; };
		6D0D76931967C1430058DECF /* status.h */ = {isa = PBXFileReference; fileEncoding = 4; lastKnownFileType = sourcecode.c.h; path = status.h; sourceTree = "<group>"; };
		6D0D76941967C1430058DECF /* table.h */ = {isa = PBXFileReference; fileEncoding = 4; lastKnownFileType = sourcecode.c.h; path = table.h; sourceTree = "<group>"; };
		6D0D76951967C1430058DECF /* table_builder.h */ = {isa = PBXFileReference; fileEncoding = 4; lastKnownFileType = sourcecode.c.h; path = table_builder.h; sourceTree = "<group>"; };
		6D0D76961967C1430058DECF /* write_batch.h */ = {isa = PBXFileReference; fileEncoding = 4; lastKnownFileType = sourcecode.c.h; path = write_batch.h; sourceTree = "<group>"; };
		6D0D76981967C1680058DECF /* Group.h */ = {isa = PBXFileReference; fileEncoding = 4; lastKnownFileType = sourcecode.c.h; path = Group.h; sourceTree = "<group>"; };
		6D0D76991967C1680058DECF /* Group.m */ = {isa = PBXFileReference; fileEncoding = 4; lastKnownFileType = sourcecode.c.objc; path = Group.m; sourceTree = "<group>"; };
		6D0D769A1967C1680058DECF /* GroupDB.h */ = {isa = PBXFileReference; fileEncoding = 4; lastKnownFileType = sourcecode.c.h; path = GroupDB.h; sourceTree = "<group>"; };
		6D0D769B1967C1680058DECF /* GroupDB.m */ = {isa = PBXFileReference; fileEncoding = 4; lastKnownFileType = sourcecode.c.objc; path = GroupDB.m; sourceTree = "<group>"; };
		6D0D769E1967C1850058DECF /* LevelDB.h */ = {isa = PBXFileReference; fileEncoding = 4; lastKnownFileType = sourcecode.c.h; path = LevelDB.h; sourceTree = "<group>"; };
		6D0D769F1967C1850058DECF /* LevelDB.mm */ = {isa = PBXFileReference; fileEncoding = 4; lastKnownFileType = sourcecode.cpp.objcpp; path = LevelDB.mm; sourceTree = "<group>"; };
		6D0D76A119685EDB0058DECF /* UserDB.h */ = {isa = PBXFileReference; fileEncoding = 4; lastKnownFileType = sourcecode.c.h; path = UserDB.h; sourceTree = "<group>"; };
		6D0D76A219685EDB0058DECF /* UserDB.m */ = {isa = PBXFileReference; fileEncoding = 4; lastKnownFileType = sourcecode.c.objc; path = UserDB.m; sourceTree = "<group>"; };
		6D0D76A419686A330058DECF /* ContactsController.h */ = {isa = PBXFileReference; fileEncoding = 4; lastKnownFileType = sourcecode.c.h; path = ContactsController.h; sourceTree = "<group>"; };
		6D0D76A519686A330058DECF /* ContactsController.m */ = {isa = PBXFileReference; fileEncoding = 4; lastKnownFileType = sourcecode.c.objc; path = ContactsController.m; sourceTree = "<group>"; };
		6D0D76A7196910130058DECF /* IMContact.h */ = {isa = PBXFileReference; fileEncoding = 4; lastKnownFileType = sourcecode.c.h; path = IMContact.h; sourceTree = "<group>"; };
		6D0D76A8196910130058DECF /* IMContact.m */ = {isa = PBXFileReference; fileEncoding = 4; lastKnownFileType = sourcecode.c.objc; path = IMContact.m; sourceTree = "<group>"; };
		6D0D76AA1969107D0058DECF /* User.h */ = {isa = PBXFileReference; fileEncoding = 4; lastKnownFileType = sourcecode.c.h; path = User.h; sourceTree = "<group>"; };
		6D0D76AB1969107D0058DECF /* User.m */ = {isa = PBXFileReference; fileEncoding = 4; lastKnownFileType = sourcecode.c.objc; path = User.m; sourceTree = "<group>"; };
/* End PBXFileReference section */

/* Begin PBXFrameworksBuildPhase section */
		21798F90194E9C4600B67C1F /* Frameworks */ = {
			isa = PBXFrameworksBuildPhase;
			buildActionMask = 2147483647;
			files = (
				6D0D76971967C1430058DECF /* libleveldb.a in Frameworks */,
				2173C0A319668C4800BC3BDF /* libxml2.2.dylib in Frameworks */,
				2119FE731962AD7700E23B4F /* libsqlite3.0.dylib in Frameworks */,
				2172619A1954155500F09E33 /* AddressBookUI.framework in Frameworks */,
				217261981954155000F09E33 /* AddressBook.framework in Frameworks */,
				21798F99194E9C4600B67C1F /* CoreGraphics.framework in Frameworks */,
				21798F9B194E9C4600B67C1F /* UIKit.framework in Frameworks */,
				21798F97194E9C4600B67C1F /* Foundation.framework in Frameworks */,
			);
			runOnlyForDeploymentPostprocessing = 0;
		};
		21798FAB194E9C4600B67C1F /* Frameworks */ = {
			isa = PBXFrameworksBuildPhase;
			buildActionMask = 2147483647;
			files = (
				21798FB0194E9C4600B67C1F /* XCTest.framework in Frameworks */,
				21798FB2194E9C4600B67C1F /* UIKit.framework in Frameworks */,
				21798FB1194E9C4600B67C1F /* Foundation.framework in Frameworks */,
			);
			runOnlyForDeploymentPostprocessing = 0;
		};
/* End PBXFrameworksBuildPhase section */

/* Begin PBXGroup section */
		2119FE771962AEAA00E23B4F /* model */ = {
			isa = PBXGroup;
			children = (
				2119FE781962AEE800E23B4F /* MessageModel.h */,
				2119FE791962AEE800E23B4F /* MessageModel.m */,
				2119FE461962949900E23B4F /* UserPresent.h */,
				2119FE471962949900E23B4F /* UserPresent.m */,
			);
			path = model;
			sourceTree = "<group>";
		};
		2142CB06196263BB0002E4A9 /* login */ = {
			isa = PBXGroup;
			children = (
				2142CB07196263BB0002E4A9 /* LoginViewController.h */,
				2142CB08196263BB0002E4A9 /* LoginViewController.m */,
				2142CB09196263BB0002E4A9 /* LoginViewController.xib */,
			);
			path = login;
			sourceTree = "<group>";
		};
		2142CB0C1962683E0002E4A9 /* backend */ = {
			isa = PBXGroup;
			children = (
				6D0D76881967C1430058DECF /* leveldb */,
				6D0D76751967B8AC0058DECF /* im_sdk */,
				2142CB52196268860002E4A9 /* contact */,
			);
			path = backend;
			sourceTree = "<group>";
		};
		2142CB20196268490002E4A9 /* res */ = {
			isa = PBXGroup;
			children = (
				2105646419694FA5008D3A83 /* arrow.png */,
				2119FE491962A2D100E23B4F /* head1.png */,
				2119FE4A1962A2D100E23B4F /* head2.png */,
				2142CB23196268490002E4A9 /* login */,
				2142CB21196268490002E4A9 /* contact.png */,
				2142CB22196268490002E4A9 /* conversation.png */,
				2142CB38196268490002E4A9 /* message.png */,
				2142CB39196268490002E4A9 /* setting.png */,
			);
			path = res;
			sourceTree = "<group>";
		};
		2142CB23196268490002E4A9 /* login */ = {
			isa = PBXGroup;
			children = (
				2142CB24196268490002E4A9 /* login_add_account.png */,
				2142CB25196268490002E4A9 /* login_add_account@2x.png */,
				2142CB26196268490002E4A9 /* login_avatar_mask_normal.png */,
				2142CB27196268490002E4A9 /* login_avatar_mask_normal@2x.png */,
				2142CB28196268490002E4A9 /* login_button_normal.png */,
				2142CB29196268490002E4A9 /* login_button_normal@2x.png */,
				2142CB2A196268490002E4A9 /* login_checkbox_checked.png */,
				2142CB2B196268490002E4A9 /* login_checkbox_checked@2x.png */,
				2142CB2C196268490002E4A9 /* login_checkbox_normal.png */,
				2142CB2D196268490002E4A9 /* login_checkbox_normal@2x.png */,
				2142CB2E196268490002E4A9 /* login_default_avatar.png */,
				2142CB2F196268490002E4A9 /* login_default_avatar@2x.png */,
				2142CB30196268490002E4A9 /* login_input_bg.png */,
				2142CB31196268490002E4A9 /* login_input_bg@2x.png */,
				2142CB32196268490002E4A9 /* login_separator.png */,
				2142CB33196268490002E4A9 /* login_separator@2x.png */,
				2142CB34196268490002E4A9 /* login_stack_bg.png */,
				2142CB35196268490002E4A9 /* login_stack_bg@2x.png */,
				2142CB36196268490002E4A9 /* logout_btn_bg@2x.png */,
				2142CB37196268490002E4A9 /* logout_btn_bg_highlighted@2x.png */,
			);
			path = login;
			sourceTree = "<group>";
		};
		2142CB52196268860002E4A9 /* contact */ = {
			isa = PBXGroup;
			children = (
				21FCF22C1968659C00DFA0E5 /* ContactDB.h */,
				21FCF22D1968659C00DFA0E5 /* ContactDB.m */,
				2142CB53196268860002E4A9 /* ABContact.h */,
				2142CB54196268860002E4A9 /* ABContact.m */,
				2142CB60196268860002E4A9 /* pinyin.c */,
				2142CB61196268860002E4A9 /* pinyin.h */,
				6D0D76A7196910130058DECF /* IMContact.h */,
				6D0D76A8196910130058DECF /* IMContact.m */,
			);
			path = contact;
			sourceTree = "<group>";
		};
		2172611F1954151300F09E33 /* JSMessge */ = {
			isa = PBXGroup;
			children = (
				217261201954151300F09E33 /* JSBubbleMessageCell.h */,
				217261211954151300F09E33 /* JSBubbleMessageCell.m */,
				217261221954151300F09E33 /* JSBubbleView.h */,
				217261231954151300F09E33 /* JSBubbleView.m */,
				217261241954151300F09E33 /* JSDismissiveTextView.h */,
				217261251954151300F09E33 /* JSDismissiveTextView.m */,
				217261261954151300F09E33 /* JSMessageInputView.h */,
				217261271954151300F09E33 /* JSMessageInputView.m */,
				217261281954151300F09E33 /* JSMessageSoundEffect.h */,
				217261291954151300F09E33 /* JSMessageSoundEffect.m */,
				2172612A1954151300F09E33 /* JSMessagesViewController.h */,
				2172612B1954151300F09E33 /* JSMessagesViewController.m */,
				2172612C1954151300F09E33 /* JSMessageTextView.h */,
				2172612D1954151300F09E33 /* JSMessageTextView.m */,
				2172612E1954151300F09E33 /* NSString+JSMessagesView.h */,
				2172612F1954151300F09E33 /* NSString+JSMessagesView.m */,
				217261301954151300F09E33 /* Resources */,
			);
			path = JSMessge;
			sourceTree = "<group>";
		};
		217261301954151300F09E33 /* Resources */ = {
			isa = PBXGroup;
			children = (
				217261311954151300F09E33 /* Images */,
				2172615E1954151300F09E33 /* Sounds */,
			);
			path = Resources;
			sourceTree = "<group>";
		};
		217261311954151300F09E33 /* Images */ = {
			isa = PBXGroup;
			children = (
				217261321954151300F09E33 /* bubble-default-incoming-green.png */,
				217261331954151300F09E33 /* bubble-default-incoming-green@2x.png */,
				217261341954151300F09E33 /* bubble-default-incoming-selected.png */,
				217261351954151300F09E33 /* bubble-default-incoming-selected@2x.png */,
				217261361954151300F09E33 /* bubble-default-incoming.png */,
				217261371954151300F09E33 /* bubble-default-incoming@2x.png */,
				217261381954151300F09E33 /* bubble-default-outgoing-green.png */,
				217261391954151300F09E33 /* bubble-default-outgoing-green@2x.png */,
				2172613A1954151300F09E33 /* bubble-default-outgoing-selected.png */,
				2172613B1954151300F09E33 /* bubble-default-outgoing-selected@2x.png */,
				2172613C1954151300F09E33 /* bubble-default-outgoing.png */,
				2172613D1954151300F09E33 /* bubble-default-outgoing@2x.png */,
				2172613E1954151300F09E33 /* bubble-flat-incoming-selected.png */,
				2172613F1954151300F09E33 /* bubble-flat-incoming-selected@2x.png */,
				217261401954151300F09E33 /* bubble-flat-incoming.png */,
				217261411954151300F09E33 /* bubble-flat-incoming@2x.png */,
				217261421954151300F09E33 /* bubble-flat-outgoing-old.png */,
				217261431954151300F09E33 /* bubble-flat-outgoing-old@2x.png */,
				217261441954151300F09E33 /* bubble-flat-outgoing-selected.png */,
				217261451954151300F09E33 /* bubble-flat-outgoing-selected@2x.png */,
				217261461954151300F09E33 /* bubble-flat-outgoing.png */,
				217261471954151300F09E33 /* bubble-flat-outgoing@2x.png */,
				217261481954151300F09E33 /* bubble-square-incoming-selected.png */,
				217261491954151300F09E33 /* bubble-square-incoming-selected@2x.png */,
				2172614A1954151300F09E33 /* bubble-square-incoming.png */,
				2172614B1954151300F09E33 /* bubble-square-incoming@2x.png */,
				2172614C1954151300F09E33 /* bubble-square-outgoing-selected.png */,
				2172614D1954151300F09E33 /* bubble-square-outgoing-selected@2x.png */,
				2172614E1954151300F09E33 /* bubble-square-outgoing.png */,
				2172614F1954151300F09E33 /* bubble-square-outgoing@2x.png */,
				217261501954151300F09E33 /* bubble-typing.png */,
				217261511954151300F09E33 /* bubble-typing@2x.png */,
				217261521954151300F09E33 /* input-bar-flat.png */,
				217261531954151300F09E33 /* input-bar-flat@2x.png */,
				217261541954151300F09E33 /* input-bar.png */,
				217261551954151300F09E33 /* input-bar@2x.png */,
				217261561954151300F09E33 /* input-field.png */,
				217261571954151300F09E33 /* input-field@2x.png */,
				217261581954151300F09E33 /* PhotoIcon.png */,
				217261591954151300F09E33 /* PhotoIcon@2x.png */,
				2172615A1954151300F09E33 /* send-highlighted.png */,
				2172615B1954151300F09E33 /* send-highlighted@2x.png */,
				2172615C1954151300F09E33 /* send.png */,
				2172615D1954151300F09E33 /* send@2x.png */,
			);
			path = Images;
			sourceTree = "<group>";
		};
		2172615E1954151300F09E33 /* Sounds */ = {
			isa = PBXGroup;
			children = (
				2172615F1954151300F09E33 /* messageReceived.aiff */,
				217261601954151300F09E33 /* messageSent.aiff */,
			);
			path = Sounds;
			sourceTree = "<group>";
		};
		217261AA1954173200F09E33 /* en.lproj */ = {
			isa = PBXGroup;
			children = (
				217261AB1954173200F09E33 /* InfoPlist.strings */,
			);
			path = en.lproj;
			sourceTree = "<group>";
		};
		21798F8A194E9C4600B67C1F = {
			isa = PBXGroup;
			children = (
				21798F9C194E9C4600B67C1F /* Message */,
				21798FB5194E9C4600B67C1F /* MessageTests */,
				21798F95194E9C4600B67C1F /* Frameworks */,
				21798F94194E9C4600B67C1F /* Products */,
			);
			sourceTree = "<group>";
		};
		21798F94194E9C4600B67C1F /* Products */ = {
			isa = PBXGroup;
			children = (
				21798F93194E9C4600B67C1F /* Message.app */,
				21798FAE194E9C4600B67C1F /* MessageTests.xctest */,
			);
			name = Products;
			sourceTree = "<group>";
		};
		21798F95194E9C4600B67C1F /* Frameworks */ = {
			isa = PBXGroup;
			children = (
				2173C09F19668B8800BC3BDF /* libxml2.2.dylib */,
				2173C0A019668B8900BC3BDF /* libxml2.dylib */,
				2119FE721962AD7700E23B4F /* libsqlite3.0.dylib */,
				217261991954155500F09E33 /* AddressBookUI.framework */,
				217261971954155000F09E33 /* AddressBook.framework */,
				21798F96194E9C4600B67C1F /* Foundation.framework */,
				21798F98194E9C4600B67C1F /* CoreGraphics.framework */,
				21798F9A194E9C4600B67C1F /* UIKit.framework */,
				21798FAF194E9C4600B67C1F /* XCTest.framework */,
			);
			name = Frameworks;
			sourceTree = "<group>";
		};
		21798F9C194E9C4600B67C1F /* Message */ = {
			isa = PBXGroup;
			children = (
				21FCF2341968E6A500DFA0E5 /* cell */,
				2119FE771962AEAA00E23B4F /* model */,
				2142CB20196268490002E4A9 /* res */,
				2142CB0C1962683E0002E4A9 /* backend */,
				2142CB06196263BB0002E4A9 /* login */,
				21A4FD7E1952E24100F117E0 /* Messages */,
				217262CC1954318200F09E33 /* Constants.h */,
				6D0D76A419686A330058DECF /* ContactsController.h */,
				6D0D76A519686A330058DECF /* ContactsController.m */,
				217260E8195413F800F09E33 /* MessageListTableViewController.h */,
				217260E9195413F800F09E33 /* MessageListTableViewController.m */,
				217261A31954170A00F09E33 /* ConversationViewController.h */,
				217261A41954170A00F09E33 /* ConversationViewController.m */,
				217261A51954170A00F09E33 /* ConversationViewController.xib */,
				217261181954142400F09E33 /* SettingViewController.h */,
				217261191954142400F09E33 /* SettingViewController.m */,
				2172611A1954142400F09E33 /* SettingViewController.xib */,
				2172611B1954142400F09E33 /* SystemSetViewController.xib */,
				21798FA5194E9C4600B67C1F /* AppDelegate.h */,
				21798FA6194E9C4600B67C1F /* AppDelegate.m */,
				21798FA8194E9C4600B67C1F /* Images.xcassets */,
				21798F9D194E9C4600B67C1F /* Supporting Files */,
			);
			path = Message;
			sourceTree = "<group>";
		};
		21798F9D194E9C4600B67C1F /* Supporting Files */ = {
			isa = PBXGroup;
			children = (
				217261AA1954173200F09E33 /* en.lproj */,
				21798F9E194E9C4600B67C1F /* Message-Info.plist */,
				21798F9F194E9C4600B67C1F /* InfoPlist.strings */,
				21798FA2194E9C4600B67C1F /* main.m */,
				21798FA4194E9C4600B67C1F /* Message-Prefix.pch */,
			);
			name = "Supporting Files";
			sourceTree = "<group>";
		};
		21798FB5194E9C4600B67C1F /* MessageTests */ = {
			isa = PBXGroup;
			children = (
				21798FBB194E9C4600B67C1F /* MessageTests.m */,
				21798FB6194E9C4600B67C1F /* Supporting Files */,
			);
			path = MessageTests;
			sourceTree = "<group>";
		};
		21798FB6194E9C4600B67C1F /* Supporting Files */ = {
			isa = PBXGroup;
			children = (
				21798FB7194E9C4600B67C1F /* MessageTests-Info.plist */,
				21798FB8194E9C4600B67C1F /* InfoPlist.strings */,
			);
			name = "Supporting Files";
			sourceTree = "<group>";
		};
		21A4FD7E1952E24100F117E0 /* Messages */ = {
			isa = PBXGroup;
			children = (
				2172619C1954168400F09E33 /* MsgViewController.h */,
				2172619D1954168400F09E33 /* MsgViewController.m */,
				2172611F1954151300F09E33 /* JSMessge */,
				21A4FDC01952E24100F117E0 /* UIButton+JSMessagesView.h */,
				21A4FDC11952E24100F117E0 /* UIButton+JSMessagesView.m */,
				21A4FDC21952E24100F117E0 /* UIColor+JSMessagesView.h */,
				21A4FDC31952E24100F117E0 /* UIColor+JSMessagesView.m */,
				21A4FDC41952E24100F117E0 /* UIImage+JSMessagesView.h */,
				21A4FDC51952E24100F117E0 /* UIImage+JSMessagesView.m */,
				21A4FDC61952E24100F117E0 /* UIView+AnimationOptionsForCurve.h */,
				21A4FDC71952E24100F117E0 /* UIView+AnimationOptionsForCurve.m */,
			);
			name = Messages;
			path = MessagesTableViewController;
			sourceTree = "<group>";
		};
		21FCF2341968E6A500DFA0E5 /* cell */ = {
			isa = PBXGroup;
			children = (
				21FCF2351968E6A500DFA0E5 /* MessageConversationCell.h */,
				21FCF2361968E6A500DFA0E5 /* MessageConversationCell.m */,
				21FCF2371968E6A500DFA0E5 /* MessageConversationCell.xib */,
				21FCF23A1968E6E600DFA0E5 /* MessageGroupConversationCell.h */,
				21FCF23B1968E6E600DFA0E5 /* MessageGroupConversationCell.m */,
				21FCF23C1968E6E600DFA0E5 /* MessageGroupConversationCell.xib */,
				21FCF23F1968E84600DFA0E5 /* MessageConversationActionTableViewCell.h */,
				21FCF2401968E84600DFA0E5 /* MessageConversationActionTableViewCell.m */,
				21FCF2411968E84600DFA0E5 /* MessageConversationActionTableViewCell.xib */,
			);
			path = cell;
			sourceTree = "<group>";
		};
		6D0D76751967B8AC0058DECF /* im_sdk */ = {
			isa = PBXGroup;
			children = (
				6D0D769E1967C1850058DECF /* LevelDB.h */,
				6D0D769F1967C1850058DECF /* LevelDB.mm */,
				6D0D76981967C1680058DECF /* Group.h */,
				6D0D76991967C1680058DECF /* Group.m */,
				6D0D769A1967C1680058DECF /* GroupDB.h */,
				6D0D769B1967C1680058DECF /* GroupDB.m */,
				6D0D76761967B8AC0058DECF /* AsyncTCP.h */,
				6D0D76771967B8AC0058DECF /* AsyncTCP.m */,
				6D0D76781967B8AC0058DECF /* IMessage.h */,
				6D0D76791967B8AC0058DECF /* IMessage.m */,
				6D0D767A1967B8AC0058DECF /* IMService.h */,
				6D0D767B1967B8AC0058DECF /* IMService.m */,
				6D0D767C1967B8AC0058DECF /* Message.h */,
				6D0D767D1967B8AC0058DECF /* Message.m */,
				6D0D767E1967B8AC0058DECF /* MessageDB.h */,
				6D0D767F1967B8AC0058DECF /* MessageDB.m */,
				6D0D76801967B8AC0058DECF /* util.c */,
				6D0D76811967B8AC0058DECF /* util.h */,
				6D0D76A119685EDB0058DECF /* UserDB.h */,
				6D0D76A219685EDB0058DECF /* UserDB.m */,
				6D0D76AA1969107D0058DECF /* User.h */,
				6D0D76AB1969107D0058DECF /* User.m */,
			);
			path = im_sdk;
			sourceTree = "<group>";
		};
		6D0D76881967C1430058DECF /* leveldb */ = {
			isa = PBXGroup;
			children = (
				6D0D76891967C1430058DECF /* c.h */,
				6D0D768A1967C1430058DECF /* cache.h */,
				6D0D768B1967C1430058DECF /* comparator.h */,
				6D0D768C1967C1430058DECF /* db.h */,
				6D0D768D1967C1430058DECF /* env.h */,
				6D0D768E1967C1430058DECF /* filter_policy.h */,
				6D0D768F1967C1430058DECF /* iterator.h */,
				6D0D76901967C1430058DECF /* libleveldb.a */,
				6D0D76911967C1430058DECF /* options.h */,
				6D0D76921967C1430058DECF /* slice.h */,
				6D0D76931967C1430058DECF /* status.h */,
				6D0D76941967C1430058DECF /* table.h */,
				6D0D76951967C1430058DECF /* table_builder.h */,
				6D0D76961967C1430058DECF /* write_batch.h */,
			);
			path = leveldb;
			sourceTree = "<group>";
		};
/* End PBXGroup section */

/* Begin PBXNativeTarget section */
		21798F92194E9C4600B67C1F /* Message */ = {
			isa = PBXNativeTarget;
			buildConfigurationList = 21798FBF194E9C4600B67C1F /* Build configuration list for PBXNativeTarget "Message" */;
			buildPhases = (
				21798F8F194E9C4600B67C1F /* Sources */,
				21798F90194E9C4600B67C1F /* Frameworks */,
				21798F91194E9C4600B67C1F /* Resources */,
			);
			buildRules = (
			);
			dependencies = (
			);
			name = Message;
			productName = Message;
			productReference = 21798F93194E9C4600B67C1F /* Message.app */;
			productType = "com.apple.product-type.application";
		};
		21798FAD194E9C4600B67C1F /* MessageTests */ = {
			isa = PBXNativeTarget;
			buildConfigurationList = 21798FC2194E9C4600B67C1F /* Build configuration list for PBXNativeTarget "MessageTests" */;
			buildPhases = (
				21798FAA194E9C4600B67C1F /* Sources */,
				21798FAB194E9C4600B67C1F /* Frameworks */,
				21798FAC194E9C4600B67C1F /* Resources */,
			);
			buildRules = (
			);
			dependencies = (
				21798FB4194E9C4600B67C1F /* PBXTargetDependency */,
			);
			name = MessageTests;
			productName = MessageTests;
			productReference = 21798FAE194E9C4600B67C1F /* MessageTests.xctest */;
			productType = "com.apple.product-type.bundle.unit-test";
		};
/* End PBXNativeTarget section */

/* Begin PBXProject section */
		21798F8B194E9C4600B67C1F /* Project object */ = {
			isa = PBXProject;
			attributes = {
				LastUpgradeCheck = 0510;
				ORGANIZATIONNAME = daozhu;
				TargetAttributes = {
					21798FAD194E9C4600B67C1F = {
						TestTargetID = 21798F92194E9C4600B67C1F;
					};
				};
			};
			buildConfigurationList = 21798F8E194E9C4600B67C1F /* Build configuration list for PBXProject "Message" */;
			compatibilityVersion = "Xcode 3.2";
			developmentRegion = English;
			hasScannedForEncodings = 0;
			knownRegions = (
				en,
			);
			mainGroup = 21798F8A194E9C4600B67C1F;
			productRefGroup = 21798F94194E9C4600B67C1F /* Products */;
			projectDirPath = "";
			projectRoot = "";
			targets = (
				21798F92194E9C4600B67C1F /* Message */,
				21798FAD194E9C4600B67C1F /* MessageTests */,
			);
		};
/* End PBXProject section */

/* Begin PBXResourcesBuildPhase section */
		21798F91194E9C4600B67C1F /* Resources */ = {
			isa = PBXResourcesBuildPhase;
			buildActionMask = 2147483647;
			files = (
				2142CB46196268490002E4A9 /* login_default_avatar.png in Resources */,
				217261931954151300F09E33 /* send.png in Resources */,
				217261AD1954173200F09E33 /* InfoPlist.strings in Resources */,
				21798FA1194E9C4600B67C1F /* InfoPlist.strings in Resources */,
				2172618B1954151300F09E33 /* input-bar.png in Resources */,
				2172616B1954151300F09E33 /* bubble-default-incoming-selected.png in Resources */,
				2172616E1954151300F09E33 /* bubble-default-incoming@2x.png in Resources */,
				2142CB0B196263BB0002E4A9 /* LoginViewController.xib in Resources */,
				217261891954151300F09E33 /* input-bar-flat.png in Resources */,
				2142CB44196268490002E4A9 /* login_checkbox_normal.png in Resources */,
				2142CB3C196268490002E4A9 /* login_add_account.png in Resources */,
				2142CB3E196268490002E4A9 /* login_avatar_mask_normal.png in Resources */,
				2142CB4D196268490002E4A9 /* login_stack_bg@2x.png in Resources */,
				2142CB4E196268490002E4A9 /* logout_btn_bg@2x.png in Resources */,
				217261951954151300F09E33 /* messageReceived.aiff in Resources */,
				2142CB3A196268490002E4A9 /* contact.png in Resources */,
				2142CB4B196268490002E4A9 /* login_separator@2x.png in Resources */,
				2105646519694FA5008D3A83 /* arrow.png in Resources */,
				217261701954151300F09E33 /* bubble-default-outgoing-green@2x.png in Resources */,
				2172617C1954151300F09E33 /* bubble-flat-outgoing-selected@2x.png in Resources */,
				2142CB3B196268490002E4A9 /* conversation.png in Resources */,
				217261911954151300F09E33 /* send-highlighted.png in Resources */,
				2142CB50196268490002E4A9 /* message.png in Resources */,
				217261921954151300F09E33 /* send-highlighted@2x.png in Resources */,
				2142CB4C196268490002E4A9 /* login_stack_bg.png in Resources */,
				2142CB48196268490002E4A9 /* login_input_bg.png in Resources */,
				217261821954151300F09E33 /* bubble-square-incoming@2x.png in Resources */,
				2119FE4B1962A2D100E23B4F /* head1.png in Resources */,
				2172618A1954151300F09E33 /* input-bar-flat@2x.png in Resources */,
				2142CB3D196268490002E4A9 /* login_add_account@2x.png in Resources */,
				217261711954151300F09E33 /* bubble-default-outgoing-selected.png in Resources */,
				217261851954151300F09E33 /* bubble-square-outgoing.png in Resources */,
				2172618F1954151300F09E33 /* PhotoIcon.png in Resources */,
				2142CB43196268490002E4A9 /* login_checkbox_checked@2x.png in Resources */,
				217261A91954170A00F09E33 /* ConversationViewController.xib in Resources */,
				217261731954151300F09E33 /* bubble-default-outgoing.png in Resources */,
				217261771954151300F09E33 /* bubble-flat-incoming.png in Resources */,
				2142CB3F196268490002E4A9 /* login_avatar_mask_normal@2x.png in Resources */,
				217261761954151300F09E33 /* bubble-flat-incoming-selected@2x.png in Resources */,
				2119FE4C1962A2D100E23B4F /* head2.png in Resources */,
				2142CB42196268490002E4A9 /* login_checkbox_checked.png in Resources */,
				2172617B1954151300F09E33 /* bubble-flat-outgoing-selected.png in Resources */,
				2172611D1954142400F09E33 /* SettingViewController.xib in Resources */,
				217261961954151300F09E33 /* messageSent.aiff in Resources */,
				2172611E1954142400F09E33 /* SystemSetViewController.xib in Resources */,
				2172616A1954151300F09E33 /* bubble-default-incoming-green@2x.png in Resources */,
				217261721954151300F09E33 /* bubble-default-outgoing-selected@2x.png in Resources */,
				217261751954151300F09E33 /* bubble-flat-incoming-selected.png in Resources */,
				2142CB41196268490002E4A9 /* login_button_normal@2x.png in Resources */,
				2142CB49196268490002E4A9 /* login_input_bg@2x.png in Resources */,
				2172617F1954151300F09E33 /* bubble-square-incoming-selected.png in Resources */,
				217261881954151300F09E33 /* bubble-typing@2x.png in Resources */,
				217261841954151300F09E33 /* bubble-square-outgoing-selected@2x.png in Resources */,
				217261861954151300F09E33 /* bubble-square-outgoing@2x.png in Resources */,
				217261791954151300F09E33 /* bubble-flat-outgoing-old.png in Resources */,
				217261831954151300F09E33 /* bubble-square-outgoing-selected.png in Resources */,
				217261901954151300F09E33 /* PhotoIcon@2x.png in Resources */,
				2172616F1954151300F09E33 /* bubble-default-outgoing-green.png in Resources */,
				2172617D1954151300F09E33 /* bubble-flat-outgoing.png in Resources */,
				2142CB4A196268490002E4A9 /* login_separator.png in Resources */,
				2142CB47196268490002E4A9 /* login_default_avatar@2x.png in Resources */,
				217261691954151300F09E33 /* bubble-default-incoming-green.png in Resources */,
				2172617A1954151300F09E33 /* bubble-flat-outgoing-old@2x.png in Resources */,
				2142CB45196268490002E4A9 /* login_checkbox_normal@2x.png in Resources */,
				2142CB4F196268490002E4A9 /* logout_btn_bg_highlighted@2x.png in Resources */,
				21798FA9194E9C4600B67C1F /* Images.xcassets in Resources */,
				2172617E1954151300F09E33 /* bubble-flat-outgoing@2x.png in Resources */,
				217261781954151300F09E33 /* bubble-flat-incoming@2x.png in Resources */,
				217261801954151300F09E33 /* bubble-square-incoming-selected@2x.png in Resources */,
				2172616C1954151300F09E33 /* bubble-default-incoming-selected@2x.png in Resources */,
				2142CB40196268490002E4A9 /* login_button_normal.png in Resources */,
				217261941954151300F09E33 /* send@2x.png in Resources */,
				217261811954151300F09E33 /* bubble-square-incoming.png in Resources */,
				2142CB51196268490002E4A9 /* setting.png in Resources */,
				2172618E1954151300F09E33 /* input-field@2x.png in Resources */,
				21FCF2431968E84600DFA0E5 /* MessageConversationActionTableViewCell.xib in Resources */,
				217261871954151300F09E33 /* bubble-typing.png in Resources */,
				217261741954151300F09E33 /* bubble-default-outgoing@2x.png in Resources */,
				21FCF2391968E6A500DFA0E5 /* MessageConversationCell.xib in Resources */,
				2172616D1954151300F09E33 /* bubble-default-incoming.png in Resources */,
				2172618C1954151300F09E33 /* input-bar@2x.png in Resources */,
				21FCF23E1968E6E600DFA0E5 /* MessageGroupConversationCell.xib in Resources */,
				2172618D1954151300F09E33 /* input-field.png in Resources */,
			);
			runOnlyForDeploymentPostprocessing = 0;
		};
		21798FAC194E9C4600B67C1F /* Resources */ = {
			isa = PBXResourcesBuildPhase;
			buildActionMask = 2147483647;
			files = (
				21798FBA194E9C4600B67C1F /* InfoPlist.strings in Resources */,
			);
			runOnlyForDeploymentPostprocessing = 0;
		};
/* End PBXResourcesBuildPhase section */

/* Begin PBXSourcesBuildPhase section */
		21798F8F194E9C4600B67C1F /* Sources */ = {
			isa = PBXSourcesBuildPhase;
			buildActionMask = 2147483647;
			files = (
				6D0D76AC1969107D0058DECF /* User.m in Sources */,
				2142CB0A196263BB0002E4A9 /* LoginViewController.m in Sources */,
				6D0D76A01967C1850058DECF /* LevelDB.mm in Sources */,
				6D0D76A619686A330058DECF /* ContactsController.m in Sources */,
				21798FA7194E9C4600B67C1F /* AppDelegate.m in Sources */,
				2119FE481962949900E23B4F /* UserPresent.m in Sources */,
				21A4FE011952E24100F117E0 /* UIView+AnimationOptionsForCurve.m in Sources */,
				6D0D76831967B8AC0058DECF /* IMessage.m in Sources */,
				217261671954151300F09E33 /* JSMessageTextView.m in Sources */,
				6D0D76A9196910130058DECF /* IMContact.m in Sources */,
				217260EA195413F800F09E33 /* MessageListTableViewController.m in Sources */,
				2172619F1954168400F09E33 /* MsgViewController.m in Sources */,
				21FCF22E1968659C00DFA0E5 /* ContactDB.m in Sources */,
				21FCF2421968E84600DFA0E5 /* MessageConversationActionTableViewCell.m in Sources */,
				217261631954151300F09E33 /* JSDismissiveTextView.m in Sources */,
				217261641954151300F09E33 /* JSMessageInputView.m in Sources */,
				217261651954151300F09E33 /* JSMessageSoundEffect.m in Sources */,
				217261611954151300F09E33 /* JSBubbleMessageCell.m in Sources */,
				21FCF23D1968E6E600DFA0E5 /* MessageGroupConversationCell.m in Sources */,
				2142CB62196268860002E4A9 /* ABContact.m in Sources */,
				2172611C1954142400F09E33 /* SettingViewController.m in Sources */,
				6D0D76861967B8AC0058DECF /* MessageDB.m in Sources */,
				217261661954151300F09E33 /* JSMessagesViewController.m in Sources */,
				6D0D76841967B8AC0058DECF /* IMService.m in Sources */,
				217261621954151300F09E33 /* JSBubbleView.m in Sources */,
				2142CB69196268860002E4A9 /* pinyin.c in Sources */,
				6D0D769D1967C1680058DECF /* GroupDB.m in Sources */,
				217261A81954170A00F09E33 /* ConversationViewController.m in Sources */,
				6D0D76871967B8AC0058DECF /* util.c in Sources */,
				21FCF2381968E6A500DFA0E5 /* MessageConversationCell.m in Sources */,
				21A4FDFE1952E24100F117E0 /* UIButton+JSMessagesView.m in Sources */,
				6D0D76821967B8AC0058DECF /* AsyncTCP.m in Sources */,
				21A4FDFF1952E24100F117E0 /* UIColor+JSMessagesView.m in Sources */,
				6D0D76A319685EDB0058DECF /* UserDB.m in Sources */,
				6D0D76851967B8AC0058DECF /* Message.m in Sources */,
				21798FA3194E9C4600B67C1F /* main.m in Sources */,
				6D0D769C1967C1680058DECF /* Group.m in Sources */,
				21A4FE001952E24100F117E0 /* UIImage+JSMessagesView.m in Sources */,
				2119FE7A1962AEE800E23B4F /* MessageModel.m in Sources */,
				217261681954151300F09E33 /* NSString+JSMessagesView.m in Sources */,
			);
			runOnlyForDeploymentPostprocessing = 0;
		};
		21798FAA194E9C4600B67C1F /* Sources */ = {
			isa = PBXSourcesBuildPhase;
			buildActionMask = 2147483647;
			files = (
				21798FBC194E9C4600B67C1F /* MessageTests.m in Sources */,
			);
			runOnlyForDeploymentPostprocessing = 0;
		};
/* End PBXSourcesBuildPhase section */

/* Begin PBXTargetDependency section */
		21798FB4194E9C4600B67C1F /* PBXTargetDependency */ = {
			isa = PBXTargetDependency;
			target = 21798F92194E9C4600B67C1F /* Message */;
			targetProxy = 21798FB3194E9C4600B67C1F /* PBXContainerItemProxy */;
		};
/* End PBXTargetDependency section */

/* Begin PBXVariantGroup section */
		217261AB1954173200F09E33 /* InfoPlist.strings */ = {
			isa = PBXVariantGroup;
			children = (
				217261AC1954173200F09E33 /* en */,
			);
			name = InfoPlist.strings;
			sourceTree = "<group>";
		};
		21798F9F194E9C4600B67C1F /* InfoPlist.strings */ = {
			isa = PBXVariantGroup;
			children = (
				21798FA0194E9C4600B67C1F /* en */,
			);
			name = InfoPlist.strings;
			sourceTree = "<group>";
		};
		21798FB8194E9C4600B67C1F /* InfoPlist.strings */ = {
			isa = PBXVariantGroup;
			children = (
				21798FB9194E9C4600B67C1F /* en */,
			);
			name = InfoPlist.strings;
			sourceTree = "<group>";
		};
/* End PBXVariantGroup section */

/* Begin XCBuildConfiguration section */
		21798FBD194E9C4600B67C1F /* Debug */ = {
			isa = XCBuildConfiguration;
			buildSettings = {
				ALWAYS_SEARCH_USER_PATHS = NO;
				CLANG_CXX_LANGUAGE_STANDARD = "gnu++0x";
				CLANG_CXX_LIBRARY = "libc++";
				CLANG_ENABLE_MODULES = YES;
				CLANG_ENABLE_OBJC_ARC = YES;
				CLANG_WARN_BOOL_CONVERSION = YES;
				CLANG_WARN_CONSTANT_CONVERSION = YES;
				CLANG_WARN_DIRECT_OBJC_ISA_USAGE = YES_ERROR;
				CLANG_WARN_EMPTY_BODY = YES;
				CLANG_WARN_ENUM_CONVERSION = YES;
				CLANG_WARN_INT_CONVERSION = YES;
				CLANG_WARN_OBJC_ROOT_CLASS = YES_ERROR;
				CLANG_WARN__DUPLICATE_METHOD_MATCH = YES;
				"CODE_SIGN_IDENTITY[sdk=iphoneos*]" = "iPhone Developer";
				COPY_PHASE_STRIP = NO;
				GCC_C_LANGUAGE_STANDARD = gnu99;
				GCC_DYNAMIC_NO_PIC = NO;
				GCC_OPTIMIZATION_LEVEL = 0;
				GCC_PREPROCESSOR_DEFINITIONS = (
					"DEBUG=1",
					"$(inherited)",
				);
				GCC_SYMBOLS_PRIVATE_EXTERN = NO;
				GCC_WARN_64_TO_32_BIT_CONVERSION = YES;
				GCC_WARN_ABOUT_RETURN_TYPE = YES_ERROR;
				GCC_WARN_UNDECLARED_SELECTOR = YES;
				GCC_WARN_UNINITIALIZED_AUTOS = YES_AGGRESSIVE;
				GCC_WARN_UNUSED_FUNCTION = YES;
				GCC_WARN_UNUSED_VARIABLE = YES;
				IPHONEOS_DEPLOYMENT_TARGET = 7.1;
				ONLY_ACTIVE_ARCH = YES;
				SDKROOT = iphoneos;
				TARGETED_DEVICE_FAMILY = 2;
			};
			name = Debug;
		};
		21798FBE194E9C4600B67C1F /* Release */ = {
			isa = XCBuildConfiguration;
			buildSettings = {
				ALWAYS_SEARCH_USER_PATHS = NO;
				CLANG_CXX_LANGUAGE_STANDARD = "gnu++0x";
				CLANG_CXX_LIBRARY = "libc++";
				CLANG_ENABLE_MODULES = YES;
				CLANG_ENABLE_OBJC_ARC = YES;
				CLANG_WARN_BOOL_CONVERSION = YES;
				CLANG_WARN_CONSTANT_CONVERSION = YES;
				CLANG_WARN_DIRECT_OBJC_ISA_USAGE = YES_ERROR;
				CLANG_WARN_EMPTY_BODY = YES;
				CLANG_WARN_ENUM_CONVERSION = YES;
				CLANG_WARN_INT_CONVERSION = YES;
				CLANG_WARN_OBJC_ROOT_CLASS = YES_ERROR;
				CLANG_WARN__DUPLICATE_METHOD_MATCH = YES;
				"CODE_SIGN_IDENTITY[sdk=iphoneos*]" = "iPhone Developer";
				COPY_PHASE_STRIP = YES;
				ENABLE_NS_ASSERTIONS = NO;
				GCC_C_LANGUAGE_STANDARD = gnu99;
				GCC_WARN_64_TO_32_BIT_CONVERSION = YES;
				GCC_WARN_ABOUT_RETURN_TYPE = YES_ERROR;
				GCC_WARN_UNDECLARED_SELECTOR = YES;
				GCC_WARN_UNINITIALIZED_AUTOS = YES_AGGRESSIVE;
				GCC_WARN_UNUSED_FUNCTION = YES;
				GCC_WARN_UNUSED_VARIABLE = YES;
				IPHONEOS_DEPLOYMENT_TARGET = 7.1;
				SDKROOT = iphoneos;
				TARGETED_DEVICE_FAMILY = 2;
				VALIDATE_PRODUCT = YES;
			};
			name = Release;
		};
		21798FC0194E9C4600B67C1F /* Debug */ = {
			isa = XCBuildConfiguration;
			buildSettings = {
				ASSETCATALOG_COMPILER_APPICON_NAME = AppIcon;
				ASSETCATALOG_COMPILER_LAUNCHIMAGE_NAME = LaunchImage;
				CODE_SIGN_IDENTITY = "";
				GCC_PRECOMPILE_PREFIX_HEADER = YES;
				GCC_PREFIX_HEADER = "Message/Message-Prefix.pch";
				INFOPLIST_FILE = "Message/Message-Info.plist";
				IPHONEOS_DEPLOYMENT_TARGET = 7.1;
				LIBRARY_SEARCH_PATHS = (
					"$(inherited)",
					"$(PROJECT_DIR)/Message/backend/leveldb",
				);
				PRODUCT_NAME = "$(TARGET_NAME)";
				TARGETED_DEVICE_FAMILY = 1;
				USER_HEADER_SEARCH_PATHS = Message/backend/;
				WRAPPER_EXTENSION = app;
			};
			name = Debug;
		};
		21798FC1194E9C4600B67C1F /* Release */ = {
			isa = XCBuildConfiguration;
			buildSettings = {
				ASSETCATALOG_COMPILER_APPICON_NAME = AppIcon;
				ASSETCATALOG_COMPILER_LAUNCHIMAGE_NAME = LaunchImage;
				GCC_PRECOMPILE_PREFIX_HEADER = YES;
				GCC_PREFIX_HEADER = "Message/Message-Prefix.pch";
				INFOPLIST_FILE = "Message/Message-Info.plist";
				IPHONEOS_DEPLOYMENT_TARGET = 7.1;
				LIBRARY_SEARCH_PATHS = (
					"$(inherited)",
					"$(PROJECT_DIR)/Message/backend/leveldb",
				);
				PRODUCT_NAME = "$(TARGET_NAME)";
				TARGETED_DEVICE_FAMILY = 1;
				USER_HEADER_SEARCH_PATHS = Message/backend/;
				WRAPPER_EXTENSION = app;
			};
			name = Release;
		};
		21798FC3194E9C4600B67C1F /* Debug */ = {
			isa = XCBuildConfiguration;
			buildSettings = {
				BUNDLE_LOADER = "$(BUILT_PRODUCTS_DIR)/Message.app/Message";
				FRAMEWORK_SEARCH_PATHS = (
					"$(SDKROOT)/Developer/Library/Frameworks",
					"$(inherited)",
					"$(DEVELOPER_FRAMEWORKS_DIR)",
				);
				GCC_PRECOMPILE_PREFIX_HEADER = YES;
				GCC_PREFIX_HEADER = "Message/Message-Prefix.pch";
				GCC_PREPROCESSOR_DEFINITIONS = (
					"DEBUG=1",
					"$(inherited)",
				);
				INFOPLIST_FILE = "MessageTests/MessageTests-Info.plist";
				PRODUCT_NAME = "$(TARGET_NAME)";
				TEST_HOST = "$(BUNDLE_LOADER)";
				WRAPPER_EXTENSION = xctest;
			};
			name = Debug;
		};
		21798FC4194E9C4600B67C1F /* Release */ = {
			isa = XCBuildConfiguration;
			buildSettings = {
				BUNDLE_LOADER = "$(BUILT_PRODUCTS_DIR)/Message.app/Message";
				FRAMEWORK_SEARCH_PATHS = (
					"$(SDKROOT)/Developer/Library/Frameworks",
					"$(inherited)",
					"$(DEVELOPER_FRAMEWORKS_DIR)",
				);
				GCC_PRECOMPILE_PREFIX_HEADER = YES;
				GCC_PREFIX_HEADER = "Message/Message-Prefix.pch";
				INFOPLIST_FILE = "MessageTests/MessageTests-Info.plist";
				PRODUCT_NAME = "$(TARGET_NAME)";
				TEST_HOST = "$(BUNDLE_LOADER)";
				WRAPPER_EXTENSION = xctest;
			};
			name = Release;
		};
/* End XCBuildConfiguration section */

/* Begin XCConfigurationList section */
		21798F8E194E9C4600B67C1F /* Build configuration list for PBXProject "Message" */ = {
			isa = XCConfigurationList;
			buildConfigurations = (
				21798FBD194E9C4600B67C1F /* Debug */,
				21798FBE194E9C4600B67C1F /* Release */,
			);
			defaultConfigurationIsVisible = 0;
			defaultConfigurationName = Release;
		};
		21798FBF194E9C4600B67C1F /* Build configuration list for PBXNativeTarget "Message" */ = {
			isa = XCConfigurationList;
			buildConfigurations = (
				21798FC0194E9C4600B67C1F /* Debug */,
				21798FC1194E9C4600B67C1F /* Release */,
			);
			defaultConfigurationIsVisible = 0;
			defaultConfigurationName = Release;
		};
		21798FC2194E9C4600B67C1F /* Build configuration list for PBXNativeTarget "MessageTests" */ = {
			isa = XCConfigurationList;
			buildConfigurations = (
				21798FC3194E9C4600B67C1F /* Debug */,
				21798FC4194E9C4600B67C1F /* Release */,
			);
			defaultConfigurationIsVisible = 0;
			defaultConfigurationName = Release;
		};
/* End XCConfigurationList section */
	};
	rootObject = 21798F8B194E9C4600B67C1F /* Project object */;
}
